// !$*UTF8*$!
{
	archiveVersion = 1;
	classes = {
	};
	objectVersion = 46;
	objects = {

/* Begin PBXBuildFile section */
		37FD967F1890818E00A6FBD2 /* VIPlayerDataSource.m in Sources */ = {isa = PBXBuildFile; fileRef = 37FD96701890818E00A6FBD2 /* VIPlayerDataSource.m */; };
		37FD96801890818E00A6FBD2 /* VIPlayer.m in Sources */ = {isa = PBXBuildFile; fileRef = 37FD96731890818E00A6FBD2 /* VIPlayer.m */; };
		37FD96811890818E00A6FBD2 /* VIPagingDataModel.xcdatamodeld in Sources */ = {isa = PBXBuildFile; fileRef = 37FD96741890818E00A6FBD2 /* VIPagingDataModel.xcdatamodeld */; };
		37FD96821890818E00A6FBD2 /* InfoPlist.strings in Resources */ = {isa = PBXBuildFile; fileRef = 37FD96761890818E00A6FBD2 /* InfoPlist.strings */; };
		37FD96831890818E00A6FBD2 /* main.m in Sources */ = {isa = PBXBuildFile; fileRef = 37FD96781890818E00A6FBD2 /* main.m */; };
		37FD96851890818E00A6FBD2 /* VIAppDelegate.m in Sources */ = {isa = PBXBuildFile; fileRef = 37FD967C1890818E00A6FBD2 /* VIAppDelegate.m */; };
		37FD96861890818E00A6FBD2 /* VIPagingViewController.m in Sources */ = {isa = PBXBuildFile; fileRef = 37FD967E1890818E00A6FBD2 /* VIPagingViewController.m */; };
		3D6B1F2218E1DA9100CF2259 /* Images.xcassets in Resources */ = {isa = PBXBuildFile; fileRef = 3D6B1F2118E1DA9100CF2259 /* Images.xcassets */; };
		4674937B19D2F99A007F8031 /* NSManagedObject+VOKManagedObjectAdditions.m in Sources */ = {isa = PBXBuildFile; fileRef = 4674936519D2F99A007F8031 /* NSManagedObject+VOKManagedObjectAdditions.m */; };
		4674937C19D2F99A007F8031 /* VOKCarouselDataSource.m in Sources */ = {isa = PBXBuildFile; fileRef = 4674936819D2F99A007F8031 /* VOKCarouselDataSource.m */; };
		4674937D19D2F99A007F8031 /* VOKCollectionDataSource.m in Sources */ = {isa = PBXBuildFile; fileRef = 4674936A19D2F99A007F8031 /* VOKCollectionDataSource.m */; };
		4674937E19D2F99A007F8031 /* VOKDefaultPagingAccessory.m in Sources */ = {isa = PBXBuildFile; fileRef = 4674936C19D2F99A007F8031 /* VOKDefaultPagingAccessory.m */; };
		4674937F19D2F99A007F8031 /* VOKFetchedResultsDataSource.m in Sources */ = {isa = PBXBuildFile; fileRef = 4674936E19D2F99A007F8031 /* VOKFetchedResultsDataSource.m */; };
		4674938019D2F99A007F8031 /* VOKPagingFetchedResultsDataSource.m in Sources */ = {isa = PBXBuildFile; fileRef = 4674937019D2F99A007F8031 /* VOKPagingFetchedResultsDataSource.m */; };
		4674938219D2F99A007F8031 /* VOKCoreDataManager.m in Sources */ = {isa = PBXBuildFile; fileRef = 4674937319D2F99A007F8031 /* VOKCoreDataManager.m */; };
		4674938419D2F99A007F8031 /* VOKManagedObjectMap.m in Sources */ = {isa = PBXBuildFile; fileRef = 4674937619D2F99A007F8031 /* VOKManagedObjectMap.m */; };
		4674938519D2F99A007F8031 /* VOKManagedObjectMapper.m in Sources */ = {isa = PBXBuildFile; fileRef = 4674937819D2F99A007F8031 /* VOKManagedObjectMapper.m */; };
		4674938B19D2FC49007F8031 /* QuartzCore.framework in Frameworks */ = {isa = PBXBuildFile; fileRef = 4674938A19D2FC49007F8031 /* QuartzCore.framework */; };
		EA5F19A515C196500089AA44 /* UIKit.framework in Frameworks */ = {isa = PBXBuildFile; fileRef = EA5F19A415C196500089AA44 /* UIKit.framework */; };
		EA5F19A715C196500089AA44 /* Foundation.framework in Frameworks */ = {isa = PBXBuildFile; fileRef = EA5F19A615C196500089AA44 /* Foundation.framework */; };
		EA5F19A915C196500089AA44 /* CoreGraphics.framework in Frameworks */ = {isa = PBXBuildFile; fileRef = EA5F19A815C196500089AA44 /* CoreGraphics.framework */; };
		EA5F19CE15C197990089AA44 /* CoreData.framework in Frameworks */ = {isa = PBXBuildFile; fileRef = EA5F19CD15C197990089AA44 /* CoreData.framework */; };
/* End PBXBuildFile section */

/* Begin PBXFileReference section */
		37FD966F1890818E00A6FBD2 /* VIPlayerDataSource.h */ = {isa = PBXFileReference; fileEncoding = 4; lastKnownFileType = sourcecode.c.h; path = VIPlayerDataSource.h; sourceTree = "<group>"; };
		37FD96701890818E00A6FBD2 /* VIPlayerDataSource.m */ = {isa = PBXFileReference; fileEncoding = 4; lastKnownFileType = sourcecode.c.objc; path = VIPlayerDataSource.m; sourceTree = "<group>"; };
		37FD96721890818E00A6FBD2 /* VIPlayer.h */ = {isa = PBXFileReference; fileEncoding = 4; lastKnownFileType = sourcecode.c.h; path = VIPlayer.h; sourceTree = "<group>"; };
		37FD96731890818E00A6FBD2 /* VIPlayer.m */ = {isa = PBXFileReference; fileEncoding = 4; lastKnownFileType = sourcecode.c.objc; path = VIPlayer.m; sourceTree = "<group>"; };
		37FD96751890818E00A6FBD2 /* VIPagingDataModel.xcdatamodel */ = {isa = PBXFileReference; lastKnownFileType = wrapper.xcdatamodel; path = VIPagingDataModel.xcdatamodel; sourceTree = "<group>"; };
		37FD96771890818E00A6FBD2 /* en */ = {isa = PBXFileReference; lastKnownFileType = text.plist.strings; name = en; path = en.lproj/InfoPlist.strings; sourceTree = "<group>"; };
		37FD96781890818E00A6FBD2 /* main.m */ = {isa = PBXFileReference; fileEncoding = 4; lastKnownFileType = sourcecode.c.objc; path = main.m; sourceTree = "<group>"; };
		37FD96791890818E00A6FBD2 /* Paging Data Source Example-Info.plist */ = {isa = PBXFileReference; fileEncoding = 4; lastKnownFileType = text.plist.xml; path = "Paging Data Source Example-Info.plist"; sourceTree = "<group>"; };
		37FD967A1890818E00A6FBD2 /* Paging Data Source Example-Prefix.pch */ = {isa = PBXFileReference; fileEncoding = 4; lastKnownFileType = sourcecode.c.h; path = "Paging Data Source Example-Prefix.pch"; sourceTree = "<group>"; };
		37FD967B1890818E00A6FBD2 /* VIAppDelegate.h */ = {isa = PBXFileReference; fileEncoding = 4; lastKnownFileType = sourcecode.c.h; path = VIAppDelegate.h; sourceTree = "<group>"; };
		37FD967C1890818E00A6FBD2 /* VIAppDelegate.m */ = {isa = PBXFileReference; fileEncoding = 4; lastKnownFileType = sourcecode.c.objc; path = VIAppDelegate.m; sourceTree = "<group>"; };
		37FD967D1890818E00A6FBD2 /* VIPagingViewController.h */ = {isa = PBXFileReference; fileEncoding = 4; lastKnownFileType = sourcecode.c.h; path = VIPagingViewController.h; sourceTree = "<group>"; };
		37FD967E1890818E00A6FBD2 /* VIPagingViewController.m */ = {isa = PBXFileReference; fileEncoding = 4; lastKnownFileType = sourcecode.c.objc; path = VIPagingViewController.m; sourceTree = "<group>"; };
		3D6B1F2118E1DA9100CF2259 /* Images.xcassets */ = {isa = PBXFileReference; lastKnownFileType = folder.assetcatalog; name = Images.xcassets; path = "../Paging Data Source Example/Images.xcassets"; sourceTree = "<group>"; };
		4674936219D2F99A007F8031 /* VOKCoreDataManagerInternalMacros.h */ = {isa = PBXFileReference; fileEncoding = 4; lastKnownFileType = sourcecode.c.h; path = VOKCoreDataManagerInternalMacros.h; sourceTree = "<group>"; };
		4674936419D2F99A007F8031 /* NSManagedObject+VOKManagedObjectAdditions.h */ = {isa = PBXFileReference; fileEncoding = 4; lastKnownFileType = sourcecode.c.h; path = "NSManagedObject+VOKManagedObjectAdditions.h"; sourceTree = "<group>"; };
		4674936519D2F99A007F8031 /* NSManagedObject+VOKManagedObjectAdditions.m */ = {isa = PBXFileReference; fileEncoding = 4; lastKnownFileType = sourcecode.c.objc; path = "NSManagedObject+VOKManagedObjectAdditions.m"; sourceTree = "<group>"; };
		4674936719D2F99A007F8031 /* VOKCarouselDataSource.h */ = {isa = PBXFileReference; fileEncoding = 4; lastKnownFileType = sourcecode.c.h; path = VOKCarouselDataSource.h; sourceTree = "<group>"; };
		4674936819D2F99A007F8031 /* VOKCarouselDataSource.m */ = {isa = PBXFileReference; fileEncoding = 4; lastKnownFileType = sourcecode.c.objc; path = VOKCarouselDataSource.m; sourceTree = "<group>"; };
		4674936919D2F99A007F8031 /* VOKCollectionDataSource.h */ = {isa = PBXFileReference; fileEncoding = 4; lastKnownFileType = sourcecode.c.h; path = VOKCollectionDataSource.h; sourceTree = "<group>"; };
		4674936A19D2F99A007F8031 /* VOKCollectionDataSource.m */ = {isa = PBXFileReference; fileEncoding = 4; lastKnownFileType = sourcecode.c.objc; path = VOKCollectionDataSource.m; sourceTree = "<group>"; };
		4674936B19D2F99A007F8031 /* VOKDefaultPagingAccessory.h */ = {isa = PBXFileReference; fileEncoding = 4; lastKnownFileType = sourcecode.c.h; path = VOKDefaultPagingAccessory.h; sourceTree = "<group>"; };
		4674936C19D2F99A007F8031 /* VOKDefaultPagingAccessory.m */ = {isa = PBXFileReference; fileEncoding = 4; lastKnownFileType = sourcecode.c.objc; path = VOKDefaultPagingAccessory.m; sourceTree = "<group>"; };
		4674936D19D2F99A007F8031 /* VOKFetchedResultsDataSource.h */ = {isa = PBXFileReference; fileEncoding = 4; lastKnownFileType = sourcecode.c.h; path = VOKFetchedResultsDataSource.h; sourceTree = "<group>"; };
		4674936E19D2F99A007F8031 /* VOKFetchedResultsDataSource.m */ = {isa = PBXFileReference; fileEncoding = 4; lastKnownFileType = sourcecode.c.objc; path = VOKFetchedResultsDataSource.m; sourceTree = "<group>"; };
		4674936F19D2F99A007F8031 /* VOKPagingFetchedResultsDataSource.h */ = {isa = PBXFileReference; fileEncoding = 4; lastKnownFileType = sourcecode.c.h; path = VOKPagingFetchedResultsDataSource.h; sourceTree = "<group>"; };
		4674937019D2F99A007F8031 /* VOKPagingFetchedResultsDataSource.m */ = {isa = PBXFileReference; fileEncoding = 4; lastKnownFileType = sourcecode.c.objc; path = VOKPagingFetchedResultsDataSource.m; sourceTree = "<group>"; };
		4674937219D2F99A007F8031 /* VOKCoreDataManager.h */ = {isa = PBXFileReference; fileEncoding = 4; lastKnownFileType = sourcecode.c.h; path = VOKCoreDataManager.h; sourceTree = "<group>"; };
		4674937319D2F99A007F8031 /* VOKCoreDataManager.m */ = {isa = PBXFileReference; fileEncoding = 4; lastKnownFileType = sourcecode.c.objc; path = VOKCoreDataManager.m; sourceTree = "<group>"; };
		4674937519D2F99A007F8031 /* VOKManagedObjectMap.h */ = {isa = PBXFileReference; fileEncoding = 4; lastKnownFileType = sourcecode.c.h; path = VOKManagedObjectMap.h; sourceTree = "<group>"; };
		4674937619D2F99A007F8031 /* VOKManagedObjectMap.m */ = {isa = PBXFileReference; fileEncoding = 4; lastKnownFileType = sourcecode.c.objc; path = VOKManagedObjectMap.m; sourceTree = "<group>"; };
		4674937719D2F99A007F8031 /* VOKManagedObjectMapper.h */ = {isa = PBXFileReference; fileEncoding = 4; lastKnownFileType = sourcecode.c.h; path = VOKManagedObjectMapper.h; sourceTree = "<group>"; };
		4674937819D2F99A007F8031 /* VOKManagedObjectMapper.m */ = {isa = PBXFileReference; fileEncoding = 4; lastKnownFileType = sourcecode.c.objc; path = VOKManagedObjectMapper.m; sourceTree = "<group>"; };
		4674938A19D2FC49007F8031 /* QuartzCore.framework */ = {isa = PBXFileReference; lastKnownFileType = wrapper.framework; name = QuartzCore.framework; path = System/Library/Frameworks/QuartzCore.framework; sourceTree = SDKROOT; };
		EA5F19A015C196500089AA44 /* Paging Data Source Example.app */ = {isa = PBXFileReference; explicitFileType = wrapper.application; includeInIndex = 0; path = "Paging Data Source Example.app"; sourceTree = BUILT_PRODUCTS_DIR; };
		EA5F19A415C196500089AA44 /* UIKit.framework */ = {isa = PBXFileReference; lastKnownFileType = wrapper.framework; name = UIKit.framework; path = System/Library/Frameworks/UIKit.framework; sourceTree = SDKROOT; };
		EA5F19A615C196500089AA44 /* Foundation.framework */ = {isa = PBXFileReference; lastKnownFileType = wrapper.framework; name = Foundation.framework; path = System/Library/Frameworks/Foundation.framework; sourceTree = SDKROOT; };
		EA5F19A815C196500089AA44 /* CoreGraphics.framework */ = {isa = PBXFileReference; lastKnownFileType = wrapper.framework; name = CoreGraphics.framework; path = System/Library/Frameworks/CoreGraphics.framework; sourceTree = SDKROOT; };
		EA5F19CD15C197990089AA44 /* CoreData.framework */ = {isa = PBXFileReference; lastKnownFileType = wrapper.framework; name = CoreData.framework; path = System/Library/Frameworks/CoreData.framework; sourceTree = SDKROOT; };
/* End PBXFileReference section */

/* Begin PBXFrameworksBuildPhase section */
		EA5F199D15C196500089AA44 /* Frameworks */ = {
			isa = PBXFrameworksBuildPhase;
			buildActionMask = 2147483647;
			files = (
				4674938B19D2FC49007F8031 /* QuartzCore.framework in Frameworks */,
				EA5F19CE15C197990089AA44 /* CoreData.framework in Frameworks */,
				EA5F19A515C196500089AA44 /* UIKit.framework in Frameworks */,
				EA5F19A715C196500089AA44 /* Foundation.framework in Frameworks */,
				EA5F19A915C196500089AA44 /* CoreGraphics.framework in Frameworks */,
			);
			runOnlyForDeploymentPostprocessing = 0;
		};
/* End PBXFrameworksBuildPhase section */

/* Begin PBXGroup section */
		37FD966C1890818E00A6FBD2 /* Paging Example */ = {
			isa = PBXGroup;
			children = (
				37FD967B1890818E00A6FBD2 /* VIAppDelegate.h */,
				37FD967C1890818E00A6FBD2 /* VIAppDelegate.m */,
				37FD967D1890818E00A6FBD2 /* VIPagingViewController.h */,
				37FD967E1890818E00A6FBD2 /* VIPagingViewController.m */,
				37FD966D1890818E00A6FBD2 /* Core Data */,
				37FD96A21890825100A6FBD2 /* Supporting Files */,
			);
			path = "Paging Example";
			sourceTree = "<group>";
		};
		37FD966D1890818E00A6FBD2 /* Core Data */ = {
			isa = PBXGroup;
			children = (
				37FD966E1890818E00A6FBD2 /* Data Sources */,
				37FD96711890818E00A6FBD2 /* Models */,
				37FD96741890818E00A6FBD2 /* VIPagingDataModel.xcdatamodeld */,
			);
			path = "Core Data";
			sourceTree = "<group>";
		};
		37FD966E1890818E00A6FBD2 /* Data Sources */ = {
			isa = PBXGroup;
			children = (
				37FD966F1890818E00A6FBD2 /* VIPlayerDataSource.h */,
				37FD96701890818E00A6FBD2 /* VIPlayerDataSource.m */,
			);
			path = "Data Sources";
			sourceTree = "<group>";
		};
		37FD96711890818E00A6FBD2 /* Models */ = {
			isa = PBXGroup;
			children = (
				37FD96721890818E00A6FBD2 /* VIPlayer.h */,
				37FD96731890818E00A6FBD2 /* VIPlayer.m */,
			);
			path = Models;
			sourceTree = "<group>";
		};
		37FD96A21890825100A6FBD2 /* Supporting Files */ = {
			isa = PBXGroup;
			children = (
				3D6B1F2118E1DA9100CF2259 /* Images.xcassets */,
				37FD96761890818E00A6FBD2 /* InfoPlist.strings */,
				37FD96781890818E00A6FBD2 /* main.m */,
				37FD96791890818E00A6FBD2 /* Paging Data Source Example-Info.plist */,
				37FD967A1890818E00A6FBD2 /* Paging Data Source Example-Prefix.pch */,
			);
			name = "Supporting Files";
			sourceTree = "<group>";
		};
		4674935F19D2F99A007F8031 /* VOKCoreDataManager */ = {
			isa = PBXGroup;
			children = (
				4674936119D2F99A007F8031 /* Internal */,
				4674936619D2F99A007F8031 /* Optional Data Sources */,
				4674936419D2F99A007F8031 /* NSManagedObject+VOKManagedObjectAdditions.h */,
				4674936519D2F99A007F8031 /* NSManagedObject+VOKManagedObjectAdditions.m */,
				4674937219D2F99A007F8031 /* VOKCoreDataManager.h */,
				4674937319D2F99A007F8031 /* VOKCoreDataManager.m */,
				4674937519D2F99A007F8031 /* VOKManagedObjectMap.h */,
				4674937619D2F99A007F8031 /* VOKManagedObjectMap.m */,
				4674937719D2F99A007F8031 /* VOKManagedObjectMapper.h */,
				4674937819D2F99A007F8031 /* VOKManagedObjectMapper.m */,
			);
			path = VOKCoreDataManager;
			sourceTree = "<group>";
		};
		4674936119D2F99A007F8031 /* Internal */ = {
			isa = PBXGroup;
			children = (
				4674936219D2F99A007F8031 /* VOKCoreDataManagerInternalMacros.h */,
			);
			path = Internal;
			sourceTree = "<group>";
		};
		4674936619D2F99A007F8031 /* Optional Data Sources */ = {
			isa = PBXGroup;
			children = (
				4674936719D2F99A007F8031 /* VOKCarouselDataSource.h */,
				4674936819D2F99A007F8031 /* VOKCarouselDataSource.m */,
				4674936919D2F99A007F8031 /* VOKCollectionDataSource.h */,
				4674936A19D2F99A007F8031 /* VOKCollectionDataSource.m */,
				4674936B19D2F99A007F8031 /* VOKDefaultPagingAccessory.h */,
				4674936C19D2F99A007F8031 /* VOKDefaultPagingAccessory.m */,
				4674936D19D2F99A007F8031 /* VOKFetchedResultsDataSource.h */,
				4674936E19D2F99A007F8031 /* VOKFetchedResultsDataSource.m */,
				4674936F19D2F99A007F8031 /* VOKPagingFetchedResultsDataSource.h */,
				4674937019D2F99A007F8031 /* VOKPagingFetchedResultsDataSource.m */,
			);
			path = "Optional Data Sources";
			sourceTree = "<group>";
		};
		EA5F199515C196500089AA44 = {
			isa = PBXGroup;
			children = (
				4674935F19D2F99A007F8031 /* VOKCoreDataManager */,
				37FD966C1890818E00A6FBD2 /* Paging Example */,
				EA5F19A315C196500089AA44 /* Frameworks */,
				EA5F19A115C196500089AA44 /* Products */,
			);
			sourceTree = "<group>";
		};
		EA5F19A115C196500089AA44 /* Products */ = {
			isa = PBXGroup;
			children = (
				EA5F19A015C196500089AA44 /* Paging Data Source Example.app */,
			);
			name = Products;
			sourceTree = "<group>";
		};
		EA5F19A315C196500089AA44 /* Frameworks */ = {
			isa = PBXGroup;
			children = (
				4674938A19D2FC49007F8031 /* QuartzCore.framework */,
				EA5F19CD15C197990089AA44 /* CoreData.framework */,
				EA5F19A815C196500089AA44 /* CoreGraphics.framework */,
				EA5F19A615C196500089AA44 /* Foundation.framework */,
				EA5F19A415C196500089AA44 /* UIKit.framework */,
			);
			name = Frameworks;
			sourceTree = "<group>";
		};
/* End PBXGroup section */

/* Begin PBXNativeTarget section */
		EA5F199F15C196500089AA44 /* Paging Data Source Example */ = {
			isa = PBXNativeTarget;
			buildConfigurationList = EA5F19BE15C196500089AA44 /* Build configuration list for PBXNativeTarget "Paging Data Source Example" */;
			buildPhases = (
				EA5F199C15C196500089AA44 /* Sources */,
				EA5F199D15C196500089AA44 /* Frameworks */,
				EA5F199E15C196500089AA44 /* Resources */,
			);
			buildRules = (
			);
			dependencies = (
			);
			name = "Paging Data Source Example";
			productName = CoreData;
			productReference = EA5F19A015C196500089AA44 /* Paging Data Source Example.app */;
			productType = "com.apple.product-type.application";
		};
/* End PBXNativeTarget section */

/* Begin PBXProject section */
		EA5F199715C196500089AA44 /* Project object */ = {
			isa = PBXProject;
			attributes = {
				CLASSPREFIX = VI;
				LastUpgradeCheck = 0510;
			};
			buildConfigurationList = EA5F199A15C196500089AA44 /* Build configuration list for PBXProject "Paging Data Source Example" */;
			compatibilityVersion = "Xcode 3.2";
			developmentRegion = English;
			hasScannedForEncodings = 0;
			knownRegions = (
				en,
			);
			mainGroup = EA5F199515C196500089AA44;
			productRefGroup = EA5F19A115C196500089AA44 /* Products */;
			projectDirPath = "";
			projectRoot = "";
			targets = (
				EA5F199F15C196500089AA44 /* Paging Data Source Example */,
			);
		};
/* End PBXProject section */

/* Begin PBXResourcesBuildPhase section */
		EA5F199E15C196500089AA44 /* Resources */ = {
			isa = PBXResourcesBuildPhase;
			buildActionMask = 2147483647;
			files = (
				37FD96821890818E00A6FBD2 /* InfoPlist.strings in Resources */,
				3D6B1F2218E1DA9100CF2259 /* Images.xcassets in Resources */,
			);
			runOnlyForDeploymentPostprocessing = 0;
		};
/* End PBXResourcesBuildPhase section */

/* Begin PBXSourcesBuildPhase section */
		EA5F199C15C196500089AA44 /* Sources */ = {
			isa = PBXSourcesBuildPhase;
			buildActionMask = 2147483647;
			files = (
				4674937B19D2F99A007F8031 /* NSManagedObject+VOKManagedObjectAdditions.m in Sources */,
				4674937D19D2F99A007F8031 /* VOKCollectionDataSource.m in Sources */,
				37FD96811890818E00A6FBD2 /* VIPagingDataModel.xcdatamodeld in Sources */,
				4674937E19D2F99A007F8031 /* VOKDefaultPagingAccessory.m in Sources */,
				4674938219D2F99A007F8031 /* VOKCoreDataManager.m in Sources */,
				37FD96851890818E00A6FBD2 /* VIAppDelegate.m in Sources */,
				4674937F19D2F99A007F8031 /* VOKFetchedResultsDataSource.m in Sources */,
				4674937C19D2F99A007F8031 /* VOKCarouselDataSource.m in Sources */,
				37FD967F1890818E00A6FBD2 /* VIPlayerDataSource.m in Sources */,
				4674938019D2F99A007F8031 /* VOKPagingFetchedResultsDataSource.m in Sources */,
				37FD96861890818E00A6FBD2 /* VIPagingViewController.m in Sources */,
				4674938519D2F99A007F8031 /* VOKManagedObjectMapper.m in Sources */,
				37FD96831890818E00A6FBD2 /* main.m in Sources */,
				37FD96801890818E00A6FBD2 /* VIPlayer.m in Sources */,
				4674938419D2F99A007F8031 /* VOKManagedObjectMap.m in Sources */,
			);
			runOnlyForDeploymentPostprocessing = 0;
		};
/* End PBXSourcesBuildPhase section */

/* Begin PBXVariantGroup section */
		37FD96761890818E00A6FBD2 /* InfoPlist.strings */ = {
			isa = PBXVariantGroup;
			children = (
				37FD96771890818E00A6FBD2 /* en */,
			);
			name = InfoPlist.strings;
			sourceTree = "<group>";
		};
/* End PBXVariantGroup section */

/* Begin XCBuildConfiguration section */
		EA5F19BC15C196500089AA44 /* Debug */ = {
			isa = XCBuildConfiguration;
			buildSettings = {
				ALWAYS_SEARCH_USER_PATHS = NO;
				CLANG_ENABLE_OBJC_ARC = YES;
				CLANG_WARN_BOOL_CONVERSION = YES;
				CLANG_WARN_CONSTANT_CONVERSION = YES;
				CLANG_WARN_DOCUMENTATION_COMMENTS = YES;
				CLANG_WARN_EMPTY_BODY = YES;
				CLANG_WARN_ENUM_CONVERSION = YES;
				CLANG_WARN_INT_CONVERSION = YES;
				CLANG_WARN__DUPLICATE_METHOD_MATCH = YES;
				"CODE_SIGN_IDENTITY[sdk=iphoneos*]" = "iPhone Developer";
				COPY_PHASE_STRIP = NO;
				GCC_C_LANGUAGE_STANDARD = "compiler-default";
				GCC_DYNAMIC_NO_PIC = NO;
				GCC_OPTIMIZATION_LEVEL = 0;
				GCC_PREPROCESSOR_DEFINITIONS = (
					"DEBUG=1",
					"$(inherited)",
				);
				GCC_SYMBOLS_PRIVATE_EXTERN = NO;
				GCC_VERSION = com.apple.compilers.llvm.clang.1_0;
				GCC_WARN_64_TO_32_BIT_CONVERSION = YES;
				GCC_WARN_ABOUT_RETURN_TYPE = YES;
				GCC_WARN_UNDECLARED_SELECTOR = YES;
				GCC_WARN_UNINITIALIZED_AUTOS = YES;
				GCC_WARN_UNUSED_FUNCTION = YES;
				GCC_WARN_UNUSED_VARIABLE = YES;
				IPHONEOS_DEPLOYMENT_TARGET = 7.0;
				ONLY_ACTIVE_ARCH = YES;
				SDKROOT = iphoneos;
			};
			name = Debug;
		};
		EA5F19BD15C196500089AA44 /* Release */ = {
			isa = XCBuildConfiguration;
			buildSettings = {
				ALWAYS_SEARCH_USER_PATHS = NO;
				CLANG_ENABLE_OBJC_ARC = YES;
				CLANG_WARN_BOOL_CONVERSION = YES;
				CLANG_WARN_CONSTANT_CONVERSION = YES;
				CLANG_WARN_DOCUMENTATION_COMMENTS = YES;
				CLANG_WARN_EMPTY_BODY = YES;
				CLANG_WARN_ENUM_CONVERSION = YES;
				CLANG_WARN_INT_CONVERSION = YES;
				CLANG_WARN__DUPLICATE_METHOD_MATCH = YES;
				"CODE_SIGN_IDENTITY[sdk=iphoneos*]" = "iPhone Developer";
				COPY_PHASE_STRIP = YES;
				GCC_C_LANGUAGE_STANDARD = "compiler-default";
				GCC_VERSION = com.apple.compilers.llvm.clang.1_0;
				GCC_WARN_64_TO_32_BIT_CONVERSION = YES;
				GCC_WARN_ABOUT_RETURN_TYPE = YES;
				GCC_WARN_UNDECLARED_SELECTOR = YES;
				GCC_WARN_UNINITIALIZED_AUTOS = YES;
				GCC_WARN_UNUSED_FUNCTION = YES;
				GCC_WARN_UNUSED_VARIABLE = YES;
				IPHONEOS_DEPLOYMENT_TARGET = 7.0;
				OTHER_CFLAGS = "-DNS_BLOCK_ASSERTIONS=1";
				SDKROOT = iphoneos;
				VALIDATE_PRODUCT = YES;
			};
			name = Release;
		};
		EA5F19BF15C196500089AA44 /* Debug */ = {
			isa = XCBuildConfiguration;
			buildSettings = {
				ASSETCATALOG_COMPILER_APPICON_NAME = AppIcon;
				ASSETCATALOG_COMPILER_LAUNCHIMAGE_NAME = LaunchImage;
				FRAMEWORK_SEARCH_PATHS = "$(inherited)";
				GCC_PRECOMPILE_PREFIX_HEADER = YES;
				GCC_PREFIX_HEADER = "Paging Example/Paging Data Source Example-Prefix.pch";
				INFOPLIST_FILE = "$(SRCROOT)/Paging Example/Paging Data Source Example-Info.plist";
				IPHONEOS_DEPLOYMENT_TARGET = 7.0;
				PRODUCT_NAME = "Paging Data Source Example";
				WRAPPER_EXTENSION = app;
			};
			name = Debug;
		};
		EA5F19C015C196500089AA44 /* Release */ = {
			isa = XCBuildConfiguration;
			buildSettings = {
				ASSETCATALOG_COMPILER_APPICON_NAME = AppIcon;
				ASSETCATALOG_COMPILER_LAUNCHIMAGE_NAME = LaunchImage;
				FRAMEWORK_SEARCH_PATHS = "$(inherited)";
				GCC_PRECOMPILE_PREFIX_HEADER = YES;
				GCC_PREFIX_HEADER = "Paging Example/Paging Data Source Example-Prefix.pch";
				GCC_SYMBOLS_PRIVATE_EXTERN = NO;
				INFOPLIST_FILE = "$(SRCROOT)/Paging Example/Paging Data Source Example-Info.plist";
				IPHONEOS_DEPLOYMENT_TARGET = 7.0;
				PRODUCT_NAME = "Paging Data Source Example";
				WRAPPER_EXTENSION = app;
			};
			name = Release;
		};
/* End XCBuildConfiguration section */

/* Begin XCConfigurationList section */
		EA5F199A15C196500089AA44 /* Build configuration list for PBXProject "Paging Data Source Example" */ = {
			isa = XCConfigurationList;
			buildConfigurations = (
				EA5F19BC15C196500089AA44 /* Debug */,
				EA5F19BD15C196500089AA44 /* Release */,
			);
			defaultConfigurationIsVisible = 0;
			defaultConfigurationName = Release;
		};
		EA5F19BE15C196500089AA44 /* Build configuration list for PBXNativeTarget "Paging Data Source Example" */ = {
			isa = XCConfigurationList;
			buildConfigurations = (
				EA5F19BF15C196500089AA44 /* Debug */,
				EA5F19C015C196500089AA44 /* Release */,
			);
			defaultConfigurationIsVisible = 0;
			defaultConfigurationName = Release;
		};
/* End XCConfigurationList section */

/* Begin XCVersionGroup section */
		37FD96741890818E00A6FBD2 /* VIPagingDataModel.xcdatamodeld */ = {
			isa = XCVersionGroup;
			children = (
				37FD96751890818E00A6FBD2 /* VIPagingDataModel.xcdatamodel */,
			);
			currentVersion = 37FD96751890818E00A6FBD2 /* VIPagingDataModel.xcdatamodel */;
			path = VIPagingDataModel.xcdatamodeld;
			sourceTree = "<group>";
			versionGroupType = wrapper.xcdatamodel;
		};
/* End XCVersionGroup section */
	};
	rootObject = EA5F199715C196500089AA44 /* Project object */;
}
