PODS:
  - ILGDynamicObjC/ILGClasses (0.1.1)
  - Vokoder/Core (2.1.0):
    - ILGDynamicObjC/ILGClasses (~> 0.1.1)
  - Vokoder/Swift (2.1.0):
    - Vokoder/Core

DEPENDENCIES:
  - Vokoder/Swift (from `../`)

EXTERNAL SOURCES:
  Vokoder:
    :path: ../

SPEC CHECKSUMS:
  ILGDynamicObjC: 63443567f8ce851067ea3070d3b8c7f93d37207c
  Vokoder: cd53f86fa3804742b9c1f7584f3ec95268e0db9e

COCOAPODS: 0.39.0
