PODS:
  - ILGDynamicObjC/ILGClasses (0.1.1)
  - Vokoder/Core (4.0.0):
    - ILGDynamicObjC/ILGClasses (~> 0.1.1)
    - VOKUtilities/VOKKeyPathHelper (~> 0.9.0)
  - Vokoder/DataSources (4.0.0):
    - Vokoder/Core
    - Vokoder/DataSources/Collection (= 4.0.0)
    - Vokoder/DataSources/FetchedResults (= 4.0.0)
    - Vokoder/DataSources/PagingFetchedResults (= 4.0.0)
  - Vokoder/DataSources/Collection (4.0.0):
    - Vokoder/Core
    - Vokoder/DataSources/FetchedResults
  - Vokoder/DataSources/FetchedResults (4.0.0):
    - Vokoder/Core
  - Vokoder/DataSources/PagingFetchedResults (4.0.0):
    - Vokoder/Core
    - Vokoder/DataSources/FetchedResults
  - Vokoder/Swift (4.0.0):
    - Vokoder/DataSources
  - VOKUtilities/VOKKeyPathHelper (0.9.0)
  - xUnique (4.1.2)

DEPENDENCIES:
  - Vokoder/Swift (from `../`)
  - xUnique (from `https://github.com/vokal/xUnique.git`, commit `43d39de`)

EXTERNAL SOURCES:
  Vokoder:
    :path: "../"
  xUnique:
    :commit: 43d39de
    :git: https://github.com/vokal/xUnique.git

CHECKOUT OPTIONS:
  xUnique:
    :commit: 43d39de
    :git: https://github.com/vokal/xUnique.git

SPEC CHECKSUMS:
  ILGDynamicObjC: 63443567f8ce851067ea3070d3b8c7f93d37207c
  Vokoder: fa3a94b78106a82a961799ab68a31e484777a74a
  VOKUtilities: 460869a30db1beed7ec9954895dff24705db6e06
  xUnique: d1303d8023f7bcc68dbb3086ffa760d1ea800812

PODFILE CHECKSUM: b6bee784309dd53ae034cfcc955321e41638bacc

COCOAPODS: 1.1.1
