PODS:
  - ILGDynamicObjC/ILGClasses (0.1.1)
  - Vokoder/Core (3.1.0):
    - ILGDynamicObjC/ILGClasses (~> 0.1.1)
    - VOKUtilities/VOKKeyPathHelper (~> 0.9.0)
  - Vokoder/DataSources (3.1.0):
    - Vokoder/Core
    - Vokoder/DataSources/Collection (= 3.1.0)
    - Vokoder/DataSources/FetchedResults (= 3.1.0)
    - Vokoder/DataSources/PagingFetchedResults (= 3.1.0)
  - Vokoder/DataSources/Collection (3.1.0):
    - Vokoder/Core
    - Vokoder/DataSources/FetchedResults
  - Vokoder/DataSources/FetchedResults (3.1.0):
    - Vokoder/Core
  - Vokoder/DataSources/PagingFetchedResults (3.1.0):
    - Vokoder/Core
    - Vokoder/DataSources/FetchedResults
  - Vokoder/Swift (3.1.0):
    - Vokoder/DataSources
  - VOKUtilities/VOKKeyPathHelper (0.9.0)
  - xUnique (4.1.2)

DEPENDENCIES:
  - Vokoder/Swift (from `../`)
  - xUnique (from `https://github.com/vokal/xUnique.git`, commit `26adc7d50b`)

EXTERNAL SOURCES:
  Vokoder:
    :path: ../
  xUnique:
    :commit: 26adc7d50b
    :git: https://github.com/vokal/xUnique.git

CHECKOUT OPTIONS:
  xUnique:
    :commit: 26adc7d50b
    :git: https://github.com/vokal/xUnique.git

SPEC CHECKSUMS:
  ILGDynamicObjC: 63443567f8ce851067ea3070d3b8c7f93d37207c
  Vokoder: b6e3c73ea0d618aa2d517d7e47c17fd0b4a283b0
  VOKUtilities: 460869a30db1beed7ec9954895dff24705db6e06
  xUnique: 7f74d3f52c7769f648aa7be8fe614fc27dba2405

COCOAPODS: 0.39.0
