PODS:
  - Vokoder (1.1.1):
    - Vokoder/Core
    - Vokoder/DataSources
  - Vokoder/Core (1.1.1)
  - Vokoder/DataSources (1.1.1):
    - Vokoder/Core
    - Vokoder/DataSources/Collection
    - Vokoder/DataSources/FetchedResults
    - Vokoder/DataSources/PagingFetchedResults
  - Vokoder/DataSources/Collection (1.1.1):
    - Vokoder/Core
    - Vokoder/DataSources/FetchedResults
  - Vokoder/DataSources/FetchedResults (1.1.1):
    - Vokoder/Core
  - Vokoder/DataSources/PagingFetchedResults (1.1.1):
    - Vokoder/Core
    - Vokoder/DataSources/FetchedResults

DEPENDENCIES:
  - Vokoder (from `../`)

EXTERNAL SOURCES:
  Vokoder:
    :path: ../

SPEC CHECKSUMS:
  Vokoder: b87491a4afb805cefd5208669bae71f5462b64f3

COCOAPODS: 0.34.4
