// !$*UTF8*$!
{
	archiveVersion = 1;
	classes = {
	};
	objectVersion = 46;
	objects = {

/* Begin PBXBuildFile section */
		0592A962B2406AA43A09FF8B /* libPods-VOKCoreDataManager.a in Frameworks */ = {isa = PBXBuildFile; fileRef = 92D82C6CD9409B2DDCC878AA /* libPods-VOKCoreDataManager.a */; };
		3393A9ED1BD6B85200F43B45 /* BundleTests.m in Sources */ = {isa = PBXBuildFile; fileRef = 3393A9EC1BD6B85200F43B45 /* BundleTests.m */; };
		3D40DE3D180729A10048D5EE /* XCTest.framework in Frameworks */ = {isa = PBXBuildFile; fileRef = 3D40DE34180728BF0048D5EE /* XCTest.framework */; };
		3D40DE3E180729A10048D5EE /* Foundation.framework in Frameworks */ = {isa = PBXBuildFile; fileRef = EA5F19A615C196500089AA44 /* Foundation.framework */; };
		3D40DE3F180729A10048D5EE /* UIKit.framework in Frameworks */ = {isa = PBXBuildFile; fileRef = EA5F19A415C196500089AA44 /* UIKit.framework */; };
		487ADC79AEB21F0C4A5B6963 /* libPods-VOKCoreDataManager Tests.a in Frameworks */ = {isa = PBXBuildFile; fileRef = A15387FCC51E8AC46390CE29 /* libPods-VOKCoreDataManager Tests.a */; };
		71041E531C5A9328003B4809 /* VOKEntityB.m in Sources */ = {isa = PBXBuildFile; fileRef = 71041E491C5A9328003B4809 /* VOKEntityB.m */; };
		71041E551C5A9328003B4809 /* VOKEntityC.m in Sources */ = {isa = PBXBuildFile; fileRef = 71041E4D1C5A9328003B4809 /* VOKEntityC.m */; };
		71041E571C5A9328003B4809 /* VOKEntityA.m in Sources */ = {isa = PBXBuildFile; fileRef = 71041E511C5A9328003B4809 /* VOKEntityA.m */; };
		718462C21B9505D000015274 /* VIMappablePerson.m in Sources */ = {isa = PBXBuildFile; fileRef = 718462C11B9505D000015274 /* VIMappablePerson.m */; };
		71E1AAE21A53408D004311E5 /* VIPersonDataSource.m in Sources */ = {isa = PBXBuildFile; fileRef = 71E1AAE11A53408D004311E5 /* VIPersonDataSource.m */; };
		71E1AAEA1A5340A1004311E5 /* VICoreDataModel.xcdatamodeld in Sources */ = {isa = PBXBuildFile; fileRef = 71E1AAE41A5340A1004311E5 /* VICoreDataModel.xcdatamodeld */; };
		71E1AAEB1A5340A1004311E5 /* VIPerson.m in Sources */ = {isa = PBXBuildFile; fileRef = 71E1AAE71A5340A1004311E5 /* VIPerson.m */; };
		71E1AAEC1A5340A1004311E5 /* VIThing.m in Sources */ = {isa = PBXBuildFile; fileRef = 71E1AAE91A5340A1004311E5 /* VIThing.m */; };
		71E1AAF21A5340CE004311E5 /* Default-568h@2x.png in Resources */ = {isa = PBXBuildFile; fileRef = 71E1AAEE1A5340CE004311E5 /* Default-568h@2x.png */; };
		71E1AAF31A5340CE004311E5 /* main.m in Sources */ = {isa = PBXBuildFile; fileRef = 71E1AAEF1A5340CE004311E5 /* main.m */; };
		71E1AB031A534221004311E5 /* VIAppDelegate.m in Sources */ = {isa = PBXBuildFile; fileRef = 71E1AB001A534221004311E5 /* VIAppDelegate.m */; };
		71E1AB041A534221004311E5 /* VIViewController.m in Sources */ = {isa = PBXBuildFile; fileRef = 71E1AB021A534221004311E5 /* VIViewController.m */; };
		71E1AB051A534239004311E5 /* CoreDataManagerDeleteTests.m in Sources */ = {isa = PBXBuildFile; fileRef = 71E1AAF51A5340ED004311E5 /* CoreDataManagerDeleteTests.m */; };
		71E1AB061A53423D004311E5 /* ManagedObjectImportExportTests.m in Sources */ = {isa = PBXBuildFile; fileRef = 71E1AAF71A5340F3004311E5 /* ManagedObjectImportExportTests.m */; };
		71E1AB091A534274004311E5 /* InfoPlist.strings in Resources */ = {isa = PBXBuildFile; fileRef = 71E1AB071A534274004311E5 /* InfoPlist.strings */; };
		71E1AB0D1A5342E9004311E5 /* InfoPlist.strings in Resources */ = {isa = PBXBuildFile; fileRef = 71E1AB0A1A5342E5004311E5 /* InfoPlist.strings */; };
		8434D7401A93F44E005A9B2F /* VOKManagedObjectAdditions.m in Sources */ = {isa = PBXBuildFile; fileRef = 8434D73F1A93F44E005A9B2F /* VOKManagedObjectAdditions.m */; };
		EA5F19A515C196500089AA44 /* UIKit.framework in Frameworks */ = {isa = PBXBuildFile; fileRef = EA5F19A415C196500089AA44 /* UIKit.framework */; };
		EA5F19A715C196500089AA44 /* Foundation.framework in Frameworks */ = {isa = PBXBuildFile; fileRef = EA5F19A615C196500089AA44 /* Foundation.framework */; };
		EA5F19A915C196500089AA44 /* CoreGraphics.framework in Frameworks */ = {isa = PBXBuildFile; fileRef = EA5F19A815C196500089AA44 /* CoreGraphics.framework */; };
		EA5F19CE15C197990089AA44 /* CoreData.framework in Frameworks */ = {isa = PBXBuildFile; fileRef = EA5F19CD15C197990089AA44 /* CoreData.framework */; };
/* End PBXBuildFile section */

/* Begin PBXContainerItemProxy section */
		3D40DE49180729A10048D5EE /* PBXContainerItemProxy */ = {
			isa = PBXContainerItemProxy;
			containerPortal = EA5F199715C196500089AA44 /* Project object */;
			proxyType = 1;
			remoteGlobalIDString = EA5F199F15C196500089AA44;
			remoteInfo = CoreData;
		};
/* End PBXContainerItemProxy section */

/* Begin PBXFileReference section */
		2D50205FA97F8F44658BA488 /* Pods-VOKCoreDataManager Tests.release.xcconfig */ = {isa = PBXFileReference; includeInIndex = 1; lastKnownFileType = text.xcconfig; name = "Pods-VOKCoreDataManager Tests.release.xcconfig"; path = "Pods/Target Support Files/Pods-VOKCoreDataManager Tests/Pods-VOKCoreDataManager Tests.release.xcconfig"; sourceTree = "<group>"; };
		3393A9EC1BD6B85200F43B45 /* BundleTests.m */ = {isa = PBXFileReference; fileEncoding = 4; lastKnownFileType = sourcecode.c.objc; path = BundleTests.m; sourceTree = "<group>"; };
		3525B1DF80B2F57050AE6E85 /* Pods-VOKCoreDataManager.release.xcconfig */ = {isa = PBXFileReference; includeInIndex = 1; lastKnownFileType = text.xcconfig; name = "Pods-VOKCoreDataManager.release.xcconfig"; path = "Pods/Target Support Files/Pods-VOKCoreDataManager/Pods-VOKCoreDataManager.release.xcconfig"; sourceTree = "<group>"; };
		3D40DE34180728BF0048D5EE /* XCTest.framework */ = {isa = PBXFileReference; lastKnownFileType = wrapper.framework; name = XCTest.framework; path = Library/Frameworks/XCTest.framework; sourceTree = DEVELOPER_DIR; };
		3D40DE3C180729A10048D5EE /* VOKCoreDataManager Tests.xctest */ = {isa = PBXFileReference; explicitFileType = wrapper.cfbundle; includeInIndex = 0; path = "VOKCoreDataManager Tests.xctest"; sourceTree = BUILT_PRODUCTS_DIR; };
		4F92780151AFBE02160324DF /* Pods-VOKCoreDataManager Tests.debug.xcconfig */ = {isa = PBXFileReference; includeInIndex = 1; lastKnownFileType = text.xcconfig; name = "Pods-VOKCoreDataManager Tests.debug.xcconfig"; path = "Pods/Target Support Files/Pods-VOKCoreDataManager Tests/Pods-VOKCoreDataManager Tests.debug.xcconfig"; sourceTree = "<group>"; };
		71041E481C5A9328003B4809 /* VOKEntityB.h */ = {isa = PBXFileReference; fileEncoding = 4; lastKnownFileType = sourcecode.c.h; path = VOKEntityB.h; sourceTree = "<group>"; };
		71041E491C5A9328003B4809 /* VOKEntityB.m */ = {isa = PBXFileReference; fileEncoding = 4; lastKnownFileType = sourcecode.c.objc; path = VOKEntityB.m; sourceTree = "<group>"; };
		71041E4C1C5A9328003B4809 /* VOKEntityC.h */ = {isa = PBXFileReference; fileEncoding = 4; lastKnownFileType = sourcecode.c.h; path = VOKEntityC.h; sourceTree = "<group>"; };
		71041E4D1C5A9328003B4809 /* VOKEntityC.m */ = {isa = PBXFileReference; fileEncoding = 4; lastKnownFileType = sourcecode.c.objc; path = VOKEntityC.m; sourceTree = "<group>"; };
		71041E501C5A9328003B4809 /* VOKEntityA.h */ = {isa = PBXFileReference; fileEncoding = 4; lastKnownFileType = sourcecode.c.h; path = VOKEntityA.h; sourceTree = "<group>"; };
		71041E511C5A9328003B4809 /* VOKEntityA.m */ = {isa = PBXFileReference; fileEncoding = 4; lastKnownFileType = sourcecode.c.objc; path = VOKEntityA.m; sourceTree = "<group>"; };
		7172B5031B8E82D400589204 /* LICENSE */ = {isa = PBXFileReference; lastKnownFileType = text; name = LICENSE; path = ../LICENSE; sourceTree = "<group>"; };
		7172B5041B8E82D400589204 /* README.md */ = {isa = PBXFileReference; lastKnownFileType = net.daringfireball.markdown; name = README.md; path = ../README.md; sourceTree = "<group>"; };
		7172B5051B8E82D400589204 /* Vokoder.podspec */ = {isa = PBXFileReference; lastKnownFileType = text; name = Vokoder.podspec; path = ../Vokoder.podspec; sourceTree = "<group>"; };
		718462C01B9505D000015274 /* VIMappablePerson.h */ = {isa = PBXFileReference; fileEncoding = 4; lastKnownFileType = sourcecode.c.h; path = VIMappablePerson.h; sourceTree = "<group>"; };
		718462C11B9505D000015274 /* VIMappablePerson.m */ = {isa = PBXFileReference; fileEncoding = 4; lastKnownFileType = sourcecode.c.objc; path = VIMappablePerson.m; sourceTree = "<group>"; };
		71E1AAE01A53408D004311E5 /* VIPersonDataSource.h */ = {isa = PBXFileReference; fileEncoding = 4; lastKnownFileType = sourcecode.c.h; path = VIPersonDataSource.h; sourceTree = "<group>"; };
		71E1AAE11A53408D004311E5 /* VIPersonDataSource.m */ = {isa = PBXFileReference; fileEncoding = 4; lastKnownFileType = sourcecode.c.objc; path = VIPersonDataSource.m; sourceTree = "<group>"; };
		71E1AAE51A5340A1004311E5 /* VICoreDataModel.xcdatamodel */ = {isa = PBXFileReference; lastKnownFileType = wrapper.xcdatamodel; path = VICoreDataModel.xcdatamodel; sourceTree = "<group>"; };
		71E1AAE61A5340A1004311E5 /* VIPerson.h */ = {isa = PBXFileReference; fileEncoding = 4; lastKnownFileType = sourcecode.c.h; path = VIPerson.h; sourceTree = "<group>"; };
		71E1AAE71A5340A1004311E5 /* VIPerson.m */ = {isa = PBXFileReference; fileEncoding = 4; lastKnownFileType = sourcecode.c.objc; path = VIPerson.m; sourceTree = "<group>"; };
		71E1AAE81A5340A1004311E5 /* VIThing.h */ = {isa = PBXFileReference; fileEncoding = 4; lastKnownFileType = sourcecode.c.h; path = VIThing.h; sourceTree = "<group>"; };
		71E1AAE91A5340A1004311E5 /* VIThing.m */ = {isa = PBXFileReference; fileEncoding = 4; lastKnownFileType = sourcecode.c.objc; path = VIThing.m; sourceTree = "<group>"; };
		71E1AAEE1A5340CE004311E5 /* Default-568h@2x.png */ = {isa = PBXFileReference; lastKnownFileType = image.png; path = "Default-568h@2x.png"; sourceTree = "<group>"; };
		71E1AAEF1A5340CE004311E5 /* main.m */ = {isa = PBXFileReference; fileEncoding = 4; lastKnownFileType = sourcecode.c.objc; path = main.m; sourceTree = "<group>"; };
		71E1AAF01A5340CE004311E5 /* VOKCoreDataManager-Info.plist */ = {isa = PBXFileReference; fileEncoding = 4; lastKnownFileType = text.plist.xml; path = "VOKCoreDataManager-Info.plist"; sourceTree = "<group>"; };
		71E1AAF11A5340CE004311E5 /* VOKCoreDataManager-Prefix.pch */ = {isa = PBXFileReference; fileEncoding = 4; lastKnownFileType = sourcecode.c.h; path = "VOKCoreDataManager-Prefix.pch"; sourceTree = "<group>"; };
		71E1AAF51A5340ED004311E5 /* CoreDataManagerDeleteTests.m */ = {isa = PBXFileReference; fileEncoding = 4; lastKnownFileType = sourcecode.c.objc; path = CoreDataManagerDeleteTests.m; sourceTree = "<group>"; };
		71E1AAF71A5340F3004311E5 /* ManagedObjectImportExportTests.m */ = {isa = PBXFileReference; fileEncoding = 4; lastKnownFileType = sourcecode.c.objc; path = ManagedObjectImportExportTests.m; sourceTree = "<group>"; };
		71E1AAF91A5340F8004311E5 /* VOKCoreDataManager Tests-Info.plist */ = {isa = PBXFileReference; fileEncoding = 4; lastKnownFileType = text.plist.xml; path = "VOKCoreDataManager Tests-Info.plist"; sourceTree = "<group>"; };
		71E1AAFB1A5340FD004311E5 /* VOKCoreDataManager Tests-Prefix.pch */ = {isa = PBXFileReference; lastKnownFileType = sourcecode.c.h; path = "VOKCoreDataManager Tests-Prefix.pch"; sourceTree = "<group>"; };
		71E1AAFF1A534221004311E5 /* VIAppDelegate.h */ = {isa = PBXFileReference; fileEncoding = 4; lastKnownFileType = sourcecode.c.h; path = VIAppDelegate.h; sourceTree = SOURCE_ROOT; };
		71E1AB001A534221004311E5 /* VIAppDelegate.m */ = {isa = PBXFileReference; fileEncoding = 4; lastKnownFileType = sourcecode.c.objc; path = VIAppDelegate.m; sourceTree = SOURCE_ROOT; };
		71E1AB011A534221004311E5 /* VIViewController.h */ = {isa = PBXFileReference; fileEncoding = 4; lastKnownFileType = sourcecode.c.h; path = VIViewController.h; sourceTree = SOURCE_ROOT; };
		71E1AB021A534221004311E5 /* VIViewController.m */ = {isa = PBXFileReference; fileEncoding = 4; lastKnownFileType = sourcecode.c.objc; path = VIViewController.m; sourceTree = SOURCE_ROOT; };
		71E1AB081A534274004311E5 /* en */ = {isa = PBXFileReference; lastKnownFileType = text.plist.strings; name = en; path = en.lproj/InfoPlist.strings; sourceTree = SOURCE_ROOT; };
		71E1AB0B1A5342E5004311E5 /* en */ = {isa = PBXFileReference; lastKnownFileType = text.plist.strings; name = en; path = VOKCoreDataManagerTests/en.lproj/InfoPlist.strings; sourceTree = SOURCE_ROOT; };
		8434D73F1A93F44E005A9B2F /* VOKManagedObjectAdditions.m */ = {isa = PBXFileReference; fileEncoding = 4; lastKnownFileType = sourcecode.c.objc; path = VOKManagedObjectAdditions.m; sourceTree = "<group>"; };
		92D82C6CD9409B2DDCC878AA /* libPods-VOKCoreDataManager.a */ = {isa = PBXFileReference; explicitFileType = archive.ar; includeInIndex = 0; path = "libPods-VOKCoreDataManager.a"; sourceTree = BUILT_PRODUCTS_DIR; };
		A15387FCC51E8AC46390CE29 /* libPods-VOKCoreDataManager Tests.a */ = {isa = PBXFileReference; explicitFileType = archive.ar; includeInIndex = 0; path = "libPods-VOKCoreDataManager Tests.a"; sourceTree = BUILT_PRODUCTS_DIR; };
		AF7DDF948D3F98E50A58C90E /* Pods-VOKCoreDataManager.debug.xcconfig */ = {isa = PBXFileReference; includeInIndex = 1; lastKnownFileType = text.xcconfig; name = "Pods-VOKCoreDataManager.debug.xcconfig"; path = "Pods/Target Support Files/Pods-VOKCoreDataManager/Pods-VOKCoreDataManager.debug.xcconfig"; sourceTree = "<group>"; };
		DEE58FC51BD97C0400E09FA1 /* VOKCoreDataManager Tests-Bridging-Header.h */ = {isa = PBXFileReference; lastKnownFileType = sourcecode.c.h; path = "VOKCoreDataManager Tests-Bridging-Header.h"; sourceTree = "<group>"; };
		EA5F19A015C196500089AA44 /* VOKCoreDataManager.app */ = {isa = PBXFileReference; explicitFileType = wrapper.application; includeInIndex = 0; path = VOKCoreDataManager.app; sourceTree = BUILT_PRODUCTS_DIR; };
		EA5F19A415C196500089AA44 /* UIKit.framework */ = {isa = PBXFileReference; lastKnownFileType = wrapper.framework; name = UIKit.framework; path = System/Library/Frameworks/UIKit.framework; sourceTree = SDKROOT; };
		EA5F19A615C196500089AA44 /* Foundation.framework */ = {isa = PBXFileReference; lastKnownFileType = wrapper.framework; name = Foundation.framework; path = System/Library/Frameworks/Foundation.framework; sourceTree = SDKROOT; };
		EA5F19A815C196500089AA44 /* CoreGraphics.framework */ = {isa = PBXFileReference; lastKnownFileType = wrapper.framework; name = CoreGraphics.framework; path = System/Library/Frameworks/CoreGraphics.framework; sourceTree = SDKROOT; };
		EA5F19CD15C197990089AA44 /* CoreData.framework */ = {isa = PBXFileReference; lastKnownFileType = wrapper.framework; name = CoreData.framework; path = System/Library/Frameworks/CoreData.framework; sourceTree = SDKROOT; };
/* End PBXFileReference section */

/* Begin PBXFrameworksBuildPhase section */
		3D40DE39180729A10048D5EE /* Frameworks */ = {
			isa = PBXFrameworksBuildPhase;
			buildActionMask = 2147483647;
			files = (
				3D40DE3D180729A10048D5EE /* XCTest.framework in Frameworks */,
				3D40DE3F180729A10048D5EE /* UIKit.framework in Frameworks */,
				3D40DE3E180729A10048D5EE /* Foundation.framework in Frameworks */,
				487ADC79AEB21F0C4A5B6963 /* libPods-VOKCoreDataManager Tests.a in Frameworks */,
			);
			runOnlyForDeploymentPostprocessing = 0;
		};
		EA5F199D15C196500089AA44 /* Frameworks */ = {
			isa = PBXFrameworksBuildPhase;
			buildActionMask = 2147483647;
			files = (
				EA5F19CE15C197990089AA44 /* CoreData.framework in Frameworks */,
				EA5F19A515C196500089AA44 /* UIKit.framework in Frameworks */,
				EA5F19A715C196500089AA44 /* Foundation.framework in Frameworks */,
				EA5F19A915C196500089AA44 /* CoreGraphics.framework in Frameworks */,
				0592A962B2406AA43A09FF8B /* libPods-VOKCoreDataManager.a in Frameworks */,
			);
			runOnlyForDeploymentPostprocessing = 0;
		};
/* End PBXFrameworksBuildPhase section */

/* Begin PBXGroup section */
		3D40DE40180729A10048D5EE /* VOKCoreDataManagerTests */ = {
			isa = PBXGroup;
			children = (
				3393A9EC1BD6B85200F43B45 /* BundleTests.m */,
				71E1AAF51A5340ED004311E5 /* CoreDataManagerDeleteTests.m */,
				71E1AAF71A5340F3004311E5 /* ManagedObjectImportExportTests.m */,
				8434D73F1A93F44E005A9B2F /* VOKManagedObjectAdditions.m */,
				3D40DE41180729A10048D5EE /* Supporting Files */,
			);
			path = VOKCoreDataManagerTests;
			sourceTree = "<group>";
		};
		3D40DE41180729A10048D5EE /* Supporting Files */ = {
			isa = PBXGroup;
			children = (
				71E1AB0A1A5342E5004311E5 /* InfoPlist.strings */,
				DEE58FC51BD97C0400E09FA1 /* VOKCoreDataManager Tests-Bridging-Header.h */,
				71E1AAF91A5340F8004311E5 /* VOKCoreDataManager Tests-Info.plist */,
				71E1AAFB1A5340FD004311E5 /* VOKCoreDataManager Tests-Prefix.pch */,
			);
			name = "Supporting Files";
			sourceTree = "<group>";
		};
		7172B5021B8E82C000589204 /* Vokoder Pod Metadata */ = {
			isa = PBXGroup;
			children = (
				7172B5031B8E82D400589204 /* LICENSE */,
				7172B5041B8E82D400589204 /* README.md */,
				7172B5051B8E82D400589204 /* Vokoder.podspec */,
			);
			name = "Vokoder Pod Metadata";
			sourceTree = "<group>";
		};
		71E1AADF1A53408D004311E5 /* DataSource */ = {
			isa = PBXGroup;
			children = (
				71E1AAE01A53408D004311E5 /* VIPersonDataSource.h */,
				71E1AAE11A53408D004311E5 /* VIPersonDataSource.m */,
			);
			path = DataSource;
			sourceTree = SOURCE_ROOT;
		};
		71E1AAE31A5340A1004311E5 /* Models */ = {
			isa = PBXGroup;
			children = (
				71E1AAE41A5340A1004311E5 /* VICoreDataModel.xcdatamodeld */,
				718462C01B9505D000015274 /* VIMappablePerson.h */,
				718462C11B9505D000015274 /* VIMappablePerson.m */,
				71E1AAE61A5340A1004311E5 /* VIPerson.h */,
				71E1AAE71A5340A1004311E5 /* VIPerson.m */,
				71E1AAE81A5340A1004311E5 /* VIThing.h */,
				71E1AAE91A5340A1004311E5 /* VIThing.m */,
				71041E501C5A9328003B4809 /* VOKEntityA.h */,
				71041E511C5A9328003B4809 /* VOKEntityA.m */,
				71041E481C5A9328003B4809 /* VOKEntityB.h */,
				71041E491C5A9328003B4809 /* VOKEntityB.m */,
				71041E4C1C5A9328003B4809 /* VOKEntityC.h */,
				71041E4D1C5A9328003B4809 /* VOKEntityC.m */,
			);
			path = Models;
			sourceTree = SOURCE_ROOT;
		};
		71E1AAED1A5340CE004311E5 /* Supporting Files */ = {
			isa = PBXGroup;
			children = (
				71E1AAEE1A5340CE004311E5 /* Default-568h@2x.png */,
				71E1AAEF1A5340CE004311E5 /* main.m */,
				71E1AB071A534274004311E5 /* InfoPlist.strings */,
				71E1AAF01A5340CE004311E5 /* VOKCoreDataManager-Info.plist */,
				71E1AAF11A5340CE004311E5 /* VOKCoreDataManager-Prefix.pch */,
			);
			path = "Supporting Files";
			sourceTree = SOURCE_ROOT;
		};
		B1D065766B1C77D456C3A84F /* Pods */ = {
			isa = PBXGroup;
			children = (
				AF7DDF948D3F98E50A58C90E /* Pods-VOKCoreDataManager.debug.xcconfig */,
				3525B1DF80B2F57050AE6E85 /* Pods-VOKCoreDataManager.release.xcconfig */,
				4F92780151AFBE02160324DF /* Pods-VOKCoreDataManager Tests.debug.xcconfig */,
				2D50205FA97F8F44658BA488 /* Pods-VOKCoreDataManager Tests.release.xcconfig */,
			);
			name = Pods;
			sourceTree = "<group>";
		};
		EA5F199515C196500089AA44 = {
			isa = PBXGroup;
			children = (
				7172B5021B8E82C000589204 /* Vokoder Pod Metadata */,
				EA5F19AA15C196500089AA44 /* Sample Project */,
				3D40DE40180729A10048D5EE /* VOKCoreDataManagerTests */,
				EA5F19A315C196500089AA44 /* Frameworks */,
				EA5F19A115C196500089AA44 /* Products */,
				B1D065766B1C77D456C3A84F /* Pods */,
			);
			sourceTree = "<group>";
		};
		EA5F19A115C196500089AA44 /* Products */ = {
			isa = PBXGroup;
			children = (
				EA5F19A015C196500089AA44 /* VOKCoreDataManager.app */,
				3D40DE3C180729A10048D5EE /* VOKCoreDataManager Tests.xctest */,
			);
			name = Products;
			sourceTree = "<group>";
		};
		EA5F19A315C196500089AA44 /* Frameworks */ = {
			isa = PBXGroup;
			children = (
				3D40DE34180728BF0048D5EE /* XCTest.framework */,
				EA5F19CD15C197990089AA44 /* CoreData.framework */,
				EA5F19A815C196500089AA44 /* CoreGraphics.framework */,
				EA5F19A615C196500089AA44 /* Foundation.framework */,
				EA5F19A415C196500089AA44 /* UIKit.framework */,
				92D82C6CD9409B2DDCC878AA /* libPods-VOKCoreDataManager.a */,
				A15387FCC51E8AC46390CE29 /* libPods-VOKCoreDataManager Tests.a */,
			);
			name = Frameworks;
			sourceTree = "<group>";
		};
		EA5F19AA15C196500089AA44 /* Sample Project */ = {
			isa = PBXGroup;
			children = (
				71E1AADF1A53408D004311E5 /* DataSource */,
				71E1AAE31A5340A1004311E5 /* Models */,
				71E1AAFF1A534221004311E5 /* VIAppDelegate.h */,
				71E1AB001A534221004311E5 /* VIAppDelegate.m */,
				71E1AB011A534221004311E5 /* VIViewController.h */,
				71E1AB021A534221004311E5 /* VIViewController.m */,
				71E1AAED1A5340CE004311E5 /* Supporting Files */,
			);
			name = "Sample Project";
			path = CoreData;
			sourceTree = "<group>";
		};
/* End PBXGroup section */

/* Begin PBXNativeTarget section */
		3D40DE3B180729A10048D5EE /* VOKCoreDataManager Tests */ = {
			isa = PBXNativeTarget;
			buildConfigurationList = 3D40DE4B180729A10048D5EE /* Build configuration list for PBXNativeTarget "VOKCoreDataManager Tests" */;
			buildPhases = (
				279E2B7297DA82BCCDD7C26D /* Check Pods Manifest.lock */,
				3D40DE38180729A10048D5EE /* Sources */,
				3D40DE39180729A10048D5EE /* Frameworks */,
				3D40DE3A180729A10048D5EE /* Resources */,
				21C2D369A4DCF80E1DA18578 /* Copy Pods Resources */,
				DA5B4409210ABA06AD6D19E1 /* Embed Pods Frameworks */,
			);
			buildRules = (
			);
			dependencies = (
				3D40DE4A180729A10048D5EE /* PBXTargetDependency */,
			);
			name = "VOKCoreDataManager Tests";
			productName = "CoreData Tests";
			productReference = 3D40DE3C180729A10048D5EE /* VOKCoreDataManager Tests.xctest */;
			productType = "com.apple.product-type.bundle.unit-test";
		};
		EA5F199F15C196500089AA44 /* VOKCoreDataManager */ = {
			isa = PBXNativeTarget;
			buildConfigurationList = EA5F19BE15C196500089AA44 /* Build configuration list for PBXNativeTarget "VOKCoreDataManager" */;
			buildPhases = (
				CC9AD72E1BC349565B2E5C24 /* Check Pods Manifest.lock */,
				EA5F199C15C196500089AA44 /* Sources */,
				EA5F199D15C196500089AA44 /* Frameworks */,
				EA5F199E15C196500089AA44 /* Resources */,
				OBJCLEANCUSTOMRUNSCRIPTT /* Objective-Clean Run Script */,
				230B2AA38DE62F0F1A2F72E7 /* Copy Pods Resources */,
				F238C2C52122A169BAD90B95 /* Embed Pods Frameworks */,
			);
			buildRules = (
			);
			dependencies = (
			);
			name = VOKCoreDataManager;
			productName = CoreData;
			productReference = EA5F19A015C196500089AA44 /* VOKCoreDataManager.app */;
			productType = "com.apple.product-type.application";
		};
/* End PBXNativeTarget section */

/* Begin PBXProject section */
		EA5F199715C196500089AA44 /* Project object */ = {
			isa = PBXProject;
			attributes = {
				CLASSPREFIX = VOK;
				LastSwiftUpdateCheck = 0710;
				LastUpgradeCheck = 0700;
				TargetAttributes = {
					3D40DE3B180729A10048D5EE = {
						TestTargetID = EA5F199F15C196500089AA44;
					};
				};
			};
			buildConfigurationList = EA5F199A15C196500089AA44 /* Build configuration list for PBXProject "SampleProject" */;
			compatibilityVersion = "Xcode 3.2";
			developmentRegion = English;
			hasScannedForEncodings = 0;
			knownRegions = (
				en,
			);
			mainGroup = EA5F199515C196500089AA44;
			productRefGroup = EA5F19A115C196500089AA44 /* Products */;
			projectDirPath = "";
			projectRoot = "";
			targets = (
				EA5F199F15C196500089AA44 /* VOKCoreDataManager */,
				3D40DE3B180729A10048D5EE /* VOKCoreDataManager Tests */,
			);
		};
/* End PBXProject section */

/* Begin PBXResourcesBuildPhase section */
		3D40DE3A180729A10048D5EE /* Resources */ = {
			isa = PBXResourcesBuildPhase;
			buildActionMask = 2147483647;
			files = (
				71E1AB0D1A5342E9004311E5 /* InfoPlist.strings in Resources */,
			);
			runOnlyForDeploymentPostprocessing = 0;
		};
		EA5F199E15C196500089AA44 /* Resources */ = {
			isa = PBXResourcesBuildPhase;
			buildActionMask = 2147483647;
			files = (
				71E1AAF21A5340CE004311E5 /* Default-568h@2x.png in Resources */,
				71E1AB091A534274004311E5 /* InfoPlist.strings in Resources */,
			);
			runOnlyForDeploymentPostprocessing = 0;
		};
/* End PBXResourcesBuildPhase section */

/* Begin PBXShellScriptBuildPhase section */
		21C2D369A4DCF80E1DA18578 /* Copy Pods Resources */ = {
			isa = PBXShellScriptBuildPhase;
			buildActionMask = 2147483647;
			files = (
			);
			inputPaths = (
			);
			name = "Copy Pods Resources";
			outputPaths = (
			);
			runOnlyForDeploymentPostprocessing = 0;
			shellPath = /bin/sh;
			shellScript = "\"${SRCROOT}/Pods/Target Support Files/Pods-VOKCoreDataManager Tests/Pods-VOKCoreDataManager Tests-resources.sh\"\n";
			showEnvVarsInLog = 0;
		};
		230B2AA38DE62F0F1A2F72E7 /* Copy Pods Resources */ = {
			isa = PBXShellScriptBuildPhase;
			buildActionMask = 2147483647;
			files = (
			);
			inputPaths = (
			);
			name = "Copy Pods Resources";
			outputPaths = (
			);
			runOnlyForDeploymentPostprocessing = 0;
			shellPath = /bin/sh;
			shellScript = "\"${SRCROOT}/Pods/Target Support Files/Pods-VOKCoreDataManager/Pods-VOKCoreDataManager-resources.sh\"\n";
			showEnvVarsInLog = 0;
		};
		279E2B7297DA82BCCDD7C26D /* Check Pods Manifest.lock */ = {
			isa = PBXShellScriptBuildPhase;
			buildActionMask = 2147483647;
			files = (
			);
			inputPaths = (
			);
			name = "Check Pods Manifest.lock";
			outputPaths = (
			);
			runOnlyForDeploymentPostprocessing = 0;
			shellPath = /bin/sh;
			shellScript = "diff \"${PODS_ROOT}/../Podfile.lock\" \"${PODS_ROOT}/Manifest.lock\" > /dev/null\nif [[ $? != 0 ]] ; then\n    cat << EOM\nerror: The sandbox is not in sync with the Podfile.lock. Run 'pod install' or update your CocoaPods installation.\nEOM\n    exit 1\nfi\n";
			showEnvVarsInLog = 0;
		};
		CC9AD72E1BC349565B2E5C24 /* Check Pods Manifest.lock */ = {
			isa = PBXShellScriptBuildPhase;
			buildActionMask = 2147483647;
			files = (
			);
			inputPaths = (
			);
			name = "Check Pods Manifest.lock";
			outputPaths = (
			);
			runOnlyForDeploymentPostprocessing = 0;
			shellPath = /bin/sh;
			shellScript = "diff \"${PODS_ROOT}/../Podfile.lock\" \"${PODS_ROOT}/Manifest.lock\" > /dev/null\nif [[ $? != 0 ]] ; then\n    cat << EOM\nerror: The sandbox is not in sync with the Podfile.lock. Run 'pod install' or update your CocoaPods installation.\nEOM\n    exit 1\nfi\n";
			showEnvVarsInLog = 0;
		};
		DA5B4409210ABA06AD6D19E1 /* Embed Pods Frameworks */ = {
			isa = PBXShellScriptBuildPhase;
			buildActionMask = 2147483647;
			files = (
			);
			inputPaths = (
			);
			name = "Embed Pods Frameworks";
			outputPaths = (
			);
			runOnlyForDeploymentPostprocessing = 0;
			shellPath = /bin/sh;
			shellScript = "\"${SRCROOT}/Pods/Target Support Files/Pods-VOKCoreDataManager Tests/Pods-VOKCoreDataManager Tests-frameworks.sh\"\n";
			showEnvVarsInLog = 0;
		};
		F238C2C52122A169BAD90B95 /* Embed Pods Frameworks */ = {
			isa = PBXShellScriptBuildPhase;
			buildActionMask = 2147483647;
			files = (
			);
			inputPaths = (
			);
			name = "Embed Pods Frameworks";
			outputPaths = (
			);
			runOnlyForDeploymentPostprocessing = 0;
			shellPath = /bin/sh;
			shellScript = "\"${SRCROOT}/Pods/Target Support Files/Pods-VOKCoreDataManager/Pods-VOKCoreDataManager-frameworks.sh\"\n";
			showEnvVarsInLog = 0;
		};
		OBJCLEANCUSTOMRUNSCRIPTT /* Objective-Clean Run Script */ = {
			isa = PBXShellScriptBuildPhase;
			buildActionMask = 2147483647;
			files = (
			);
			inputPaths = (
			);
			name = "Objective-Clean Run Script";
			outputPaths = (
			);
			runOnlyForDeploymentPostprocessing = 0;
			shellPath = /bin/bash;
			shellScript = "if [[ -z ${SKIP_OBJCLEAN} || ${SKIP_OBJCLEAN} != 1 ]]; then\nif [[ -d \"${LOCAL_APPS_DIR}/Objective-Clean.app\" ]]; then \n\"${LOCAL_APPS_DIR}\"/Objective-Clean.app/Contents/Resources/ObjClean.app/Contents/MacOS/ObjClean \"${SRCROOT}\" \nelse\necho \"warning: You have to install and set up Objective-Clean to use its features!\" \nfi\nfi";
		};
/* End PBXShellScriptBuildPhase section */

/* Begin PBXSourcesBuildPhase section */
		3D40DE38180729A10048D5EE /* Sources */ = {
			isa = PBXSourcesBuildPhase;
			buildActionMask = 2147483647;
			files = (
				3393A9ED1BD6B85200F43B45 /* BundleTests.m in Sources */,
				71E1AB061A53423D004311E5 /* ManagedObjectImportExportTests.m in Sources */,
				8434D7401A93F44E005A9B2F /* VOKManagedObjectAdditions.m in Sources */,
				71E1AB051A534239004311E5 /* CoreDataManagerDeleteTests.m in Sources */,
			);
			runOnlyForDeploymentPostprocessing = 0;
		};
		EA5F199C15C196500089AA44 /* Sources */ = {
			isa = PBXSourcesBuildPhase;
			buildActionMask = 2147483647;
			files = (
				71E1AAE21A53408D004311E5 /* VIPersonDataSource.m in Sources */,
				71E1AB041A534221004311E5 /* VIViewController.m in Sources */,
				71E1AAEC1A5340A1004311E5 /* VIThing.m in Sources */,
				71E1AAEA1A5340A1004311E5 /* VICoreDataModel.xcdatamodeld in Sources */,
				71041E531C5A9328003B4809 /* VOKEntityB.m in Sources */,
				71E1AB031A534221004311E5 /* VIAppDelegate.m in Sources */,
				718462C21B9505D000015274 /* VIMappablePerson.m in Sources */,
				71E1AAF31A5340CE004311E5 /* main.m in Sources */,
				71041E571C5A9328003B4809 /* VOKEntityA.m in Sources */,
				71E1AAEB1A5340A1004311E5 /* VIPerson.m in Sources */,
				71041E551C5A9328003B4809 /* VOKEntityC.m in Sources */,
			);
			runOnlyForDeploymentPostprocessing = 0;
		};
/* End PBXSourcesBuildPhase section */

/* Begin PBXTargetDependency section */
		3D40DE4A180729A10048D5EE /* PBXTargetDependency */ = {
			isa = PBXTargetDependency;
			target = EA5F199F15C196500089AA44 /* VOKCoreDataManager */;
			targetProxy = 3D40DE49180729A10048D5EE /* PBXContainerItemProxy */;
		};
/* End PBXTargetDependency section */

/* Begin PBXVariantGroup section */
		71E1AB071A534274004311E5 /* InfoPlist.strings */ = {
			isa = PBXVariantGroup;
			children = (
				71E1AB081A534274004311E5 /* en */,
			);
			name = InfoPlist.strings;
			sourceTree = "<group>";
		};
		71E1AB0A1A5342E5004311E5 /* InfoPlist.strings */ = {
			isa = PBXVariantGroup;
			children = (
				71E1AB0B1A5342E5004311E5 /* en */,
			);
			name = InfoPlist.strings;
			sourceTree = "<group>";
		};
/* End PBXVariantGroup section */

/* Begin XCBuildConfiguration section */
		3D40DE4C180729A10048D5EE /* Debug */ = {
			isa = XCBuildConfiguration;
			baseConfigurationReference = 4F92780151AFBE02160324DF /* Pods-VOKCoreDataManager Tests.debug.xcconfig */;
			buildSettings = {
				BUNDLE_LOADER = "$(BUILT_PRODUCTS_DIR)/VOKCoreDataManager.app/VOKCoreDataManager";
				CLANG_CXX_LANGUAGE_STANDARD = "gnu++0x";
				CLANG_CXX_LIBRARY = "libc++";
				CLANG_ENABLE_MODULES = YES;
				CLANG_WARN_BOOL_CONVERSION = YES;
				CLANG_WARN_DIRECT_OBJC_ISA_USAGE = YES_ERROR;
				CLANG_WARN_EMPTY_BODY = YES;
				CLANG_WARN_OBJC_ROOT_CLASS = YES_ERROR;
				FRAMEWORK_SEARCH_PATHS = (
					"$(PLATFORM_DIR)/Developer/Library/Frameworks",
					"$(inherited)",
					"$(DEVELOPER_FRAMEWORKS_DIR)",
				);
				GCC_C_LANGUAGE_STANDARD = gnu99;
				GCC_PRECOMPILE_PREFIX_HEADER = YES;
				GCC_PREFIX_HEADER = "VOKCoreDataManagerTests/VOKCoreDataManager Tests-Prefix.pch";
				GCC_PREPROCESSOR_DEFINITIONS = (
					"DEBUG=1",
					"$(inherited)",
				);
				GCC_WARN_64_TO_32_BIT_CONVERSION = YES;
				GCC_WARN_ABOUT_RETURN_TYPE = YES_ERROR;
				GCC_WARN_UNDECLARED_SELECTOR = YES;
				GCC_WARN_UNUSED_FUNCTION = YES;
				INFOPLIST_FILE = "VOKCoreDataManagerTests/VOKCoreDataManager Tests-Info.plist";
				IPHONEOS_DEPLOYMENT_TARGET = 7.0;
				LD_RUNPATH_SEARCH_PATHS = "$(inherited) @executable_path/Frameworks @loader_path/Frameworks";
				ONLY_ACTIVE_ARCH = YES;
				PRODUCT_BUNDLE_IDENTIFIER = "com.vokal.${PRODUCT_NAME:rfc1034identifier}";
				PRODUCT_NAME = "VOKCoreDataManager Tests";
				SWIFT_OBJC_BRIDGING_HEADER = "VOKCoreDataManagerTests/VOKCoreDataManager Tests-Bridging-Header.h";
				SWIFT_OPTIMIZATION_LEVEL = "-Onone";
				TEST_HOST = "$(BUNDLE_LOADER)";
				WRAPPER_EXTENSION = xctest;
			};
			name = Debug;
		};
		3D40DE4D180729A10048D5EE /* Release */ = {
			isa = XCBuildConfiguration;
			baseConfigurationReference = 2D50205FA97F8F44658BA488 /* Pods-VOKCoreDataManager Tests.release.xcconfig */;
			buildSettings = {
				BUNDLE_LOADER = "$(BUILT_PRODUCTS_DIR)/)/VOKCoreDataManager.app/VOKCoreDataManager";
				CLANG_CXX_LANGUAGE_STANDARD = "gnu++0x";
				CLANG_CXX_LIBRARY = "libc++";
				CLANG_ENABLE_MODULES = YES;
				CLANG_WARN_BOOL_CONVERSION = YES;
				CLANG_WARN_DIRECT_OBJC_ISA_USAGE = YES_ERROR;
				CLANG_WARN_EMPTY_BODY = YES;
				CLANG_WARN_OBJC_ROOT_CLASS = YES_ERROR;
				ENABLE_NS_ASSERTIONS = NO;
				FRAMEWORK_SEARCH_PATHS = (
					"$(PLATFORM_DIR)/Developer/Library/Frameworks",
					"$(inherited)",
					"$(DEVELOPER_FRAMEWORKS_DIR)",
				);
				GCC_C_LANGUAGE_STANDARD = gnu99;
				GCC_PRECOMPILE_PREFIX_HEADER = YES;
				GCC_PREFIX_HEADER = "VOKCoreDataManagerTests/VOKCoreDataManager Tests-Prefix.pch";
				GCC_WARN_64_TO_32_BIT_CONVERSION = YES;
				GCC_WARN_ABOUT_RETURN_TYPE = YES_ERROR;
				GCC_WARN_UNDECLARED_SELECTOR = YES;
				GCC_WARN_UNUSED_FUNCTION = YES;
				INFOPLIST_FILE = "VOKCoreDataManagerTests/VOKCoreDataManager Tests-Info.plist";
				IPHONEOS_DEPLOYMENT_TARGET = 7.0;
				LD_RUNPATH_SEARCH_PATHS = "$(inherited) @executable_path/Frameworks @loader_path/Frameworks";
				PRODUCT_BUNDLE_IDENTIFIER = "com.vokal.${PRODUCT_NAME:rfc1034identifier}";
				PRODUCT_NAME = "VOKCoreDataManager Tests";
				SWIFT_OBJC_BRIDGING_HEADER = "VOKCoreDataManagerTests/VOKCoreDataManager Tests-Bridging-Header.h";
				TEST_HOST = "$(BUNDLE_LOADER)";
				WRAPPER_EXTENSION = xctest;
			};
			name = Release;
		};
		EA5F19BC15C196500089AA44 /* Debug */ = {
			isa = XCBuildConfiguration;
			buildSettings = {
				ALWAYS_SEARCH_USER_PATHS = NO;
				CLANG_ENABLE_OBJC_ARC = YES;
				CLANG_WARN_BOOL_CONVERSION = YES;
				CLANG_WARN_CONSTANT_CONVERSION = YES;
				CLANG_WARN_DOCUMENTATION_COMMENTS = YES;
				CLANG_WARN_EMPTY_BODY = YES;
				CLANG_WARN_ENUM_CONVERSION = YES;
				CLANG_WARN_INT_CONVERSION = YES;
				CLANG_WARN_UNREACHABLE_CODE = YES;
				CLANG_WARN__DUPLICATE_METHOD_MATCH = YES;
				"CODE_SIGN_IDENTITY[sdk=iphoneos*]" = "iPhone Developer";
				COPY_PHASE_STRIP = NO;
				ENABLE_STRICT_OBJC_MSGSEND = YES;
				ENABLE_TESTABILITY = YES;
				GCC_C_LANGUAGE_STANDARD = "compiler-default";
				GCC_DYNAMIC_NO_PIC = NO;
				GCC_NO_COMMON_BLOCKS = YES;
				GCC_OPTIMIZATION_LEVEL = 0;
				GCC_PREPROCESSOR_DEFINITIONS = (
					"DEBUG=1",
					"$(inherited)",
				);
				GCC_SYMBOLS_PRIVATE_EXTERN = NO;
				GCC_VERSION = com.apple.compilers.llvm.clang.1_0;
				GCC_WARN_64_TO_32_BIT_CONVERSION = YES;
				GCC_WARN_ABOUT_RETURN_TYPE = YES;
				GCC_WARN_UNDECLARED_SELECTOR = YES;
				GCC_WARN_UNINITIALIZED_AUTOS = YES;
				GCC_WARN_UNUSED_FUNCTION = YES;
				GCC_WARN_UNUSED_VARIABLE = YES;
				IPHONEOS_DEPLOYMENT_TARGET = 7.0;
				ONLY_ACTIVE_ARCH = YES;
				SDKROOT = iphoneos;
			};
			name = Debug;
		};
		EA5F19BD15C196500089AA44 /* Release */ = {
			isa = XCBuildConfiguration;
			buildSettings = {
				ALWAYS_SEARCH_USER_PATHS = NO;
				CLANG_ENABLE_OBJC_ARC = YES;
				CLANG_WARN_BOOL_CONVERSION = YES;
				CLANG_WARN_CONSTANT_CONVERSION = YES;
				CLANG_WARN_DOCUMENTATION_COMMENTS = YES;
				CLANG_WARN_EMPTY_BODY = YES;
				CLANG_WARN_ENUM_CONVERSION = YES;
				CLANG_WARN_INT_CONVERSION = YES;
				CLANG_WARN_UNREACHABLE_CODE = YES;
				CLANG_WARN__DUPLICATE_METHOD_MATCH = YES;
				"CODE_SIGN_IDENTITY[sdk=iphoneos*]" = "iPhone Developer";
				COPY_PHASE_STRIP = YES;
				ENABLE_STRICT_OBJC_MSGSEND = YES;
				GCC_C_LANGUAGE_STANDARD = "compiler-default";
				GCC_NO_COMMON_BLOCKS = YES;
				GCC_VERSION = com.apple.compilers.llvm.clang.1_0;
				GCC_WARN_64_TO_32_BIT_CONVERSION = YES;
				GCC_WARN_ABOUT_RETURN_TYPE = YES;
				GCC_WARN_UNDECLARED_SELECTOR = YES;
				GCC_WARN_UNINITIALIZED_AUTOS = YES;
				GCC_WARN_UNUSED_FUNCTION = YES;
				GCC_WARN_UNUSED_VARIABLE = YES;
				IPHONEOS_DEPLOYMENT_TARGET = 7.0;
				OTHER_CFLAGS = "-DNS_BLOCK_ASSERTIONS=1";
				SDKROOT = iphoneos;
				VALIDATE_PRODUCT = YES;
			};
			name = Release;
		};
		EA5F19BF15C196500089AA44 /* Debug */ = {
			isa = XCBuildConfiguration;
			baseConfigurationReference = AF7DDF948D3F98E50A58C90E /* Pods-VOKCoreDataManager.debug.xcconfig */;
			buildSettings = {
				FRAMEWORK_SEARCH_PATHS = "$(inherited)";
				GCC_PRECOMPILE_PREFIX_HEADER = YES;
				GCC_PREFIX_HEADER = "Supporting Files/VOKCoreDataManager-Prefix.pch";
				INFOPLIST_FILE = "$(SRCROOT)/Supporting Files/VOKCoreDataManager-Info.plist";
				IPHONEOS_DEPLOYMENT_TARGET = 7.0;
				PRODUCT_BUNDLE_IDENTIFIER = com.Vokal.VOKCoreDataManager;
				PRODUCT_NAME = VOKCoreDataManager;
				WRAPPER_EXTENSION = app;
			};
			name = Debug;
		};
		EA5F19C015C196500089AA44 /* Release */ = {
			isa = XCBuildConfiguration;
			baseConfigurationReference = 3525B1DF80B2F57050AE6E85 /* Pods-VOKCoreDataManager.release.xcconfig */;
			buildSettings = {
				FRAMEWORK_SEARCH_PATHS = "$(inherited)";
				GCC_PRECOMPILE_PREFIX_HEADER = YES;
				GCC_PREFIX_HEADER = "Supporting Files/VOKCoreDataManager-Prefix.pch";
				GCC_SYMBOLS_PRIVATE_EXTERN = NO;
				INFOPLIST_FILE = "$(SRCROOT)/Supporting Files/VOKCoreDataManager-Info.plist";
				IPHONEOS_DEPLOYMENT_TARGET = 7.0;
				PRODUCT_BUNDLE_IDENTIFIER = com.Vokal.VOKCoreDataManager;
				PRODUCT_NAME = VOKCoreDataManager;
				WRAPPER_EXTENSION = app;
			};
			name = Release;
		};
/* End XCBuildConfiguration section */

/* Begin XCConfigurationList section */
		3D40DE4B180729A10048D5EE /* Build configuration list for PBXNativeTarget "VOKCoreDataManager Tests" */ = {
			isa = XCConfigurationList;
			buildConfigurations = (
				3D40DE4C180729A10048D5EE /* Debug */,
				3D40DE4D180729A10048D5EE /* Release */,
			);
			defaultConfigurationIsVisible = 0;
			defaultConfigurationName = Release;
		};
		EA5F199A15C196500089AA44 /* Build configuration list for PBXProject "SampleProject" */ = {
			isa = XCConfigurationList;
			buildConfigurations = (
				EA5F19BC15C196500089AA44 /* Debug */,
				EA5F19BD15C196500089AA44 /* Release */,
			);
			defaultConfigurationIsVisible = 0;
			defaultConfigurationName = Release;
		};
		EA5F19BE15C196500089AA44 /* Build configuration list for PBXNativeTarget "VOKCoreDataManager" */ = {
			isa = XCConfigurationList;
			buildConfigurations = (
				EA5F19BF15C196500089AA44 /* Debug */,
				EA5F19C015C196500089AA44 /* Release */,
			);
			defaultConfigurationIsVisible = 0;
			defaultConfigurationName = Release;
		};
/* End XCConfigurationList section */

/* Begin XCVersionGroup section */
		71E1AAE41A5340A1004311E5 /* VICoreDataModel.xcdatamodeld */ = {
			isa = XCVersionGroup;
			children = (
				71E1AAE51A5340A1004311E5 /* VICoreDataModel.xcdatamodel */,
			);
			currentVersion = 71E1AAE51A5340A1004311E5 /* VICoreDataModel.xcdatamodel */;
			path = VICoreDataModel.xcdatamodeld;
			sourceTree = "<group>";
			versionGroupType = wrapper.xcdatamodel;
		};
/* End XCVersionGroup section */
	};
	rootObject = EA5F199715C196500089AA44 /* Project object */;
}
