// !$*UTF8*$!
{
	archiveVersion = 1;
	classes = {
	};
	objectVersion = 46;
	objects = {

/* Begin PBXBuildFile section */
		0987A37C0A91B01C54FDCD81E389CD13 /* UIViewController+VOKConvenience.m in Sources */ = {isa = PBXBuildFile; fileRef = 439D7AC3F9926A79585FB4FFBFDB6F1F /* UIViewController+VOKConvenience.m */; };
		162D0F4FCDCA930997D1E089D690795D /* VOKAppDelegate.m in Sources */ = {isa = PBXBuildFile; fileRef = 705E822880A687B31480735AE3E4EBD7 /* VOKAppDelegate.m */; };
		1E51D7C8A0CDF061CAD9427D0C6C28BC /* VOKCollectionViewController.m in Sources */ = {isa = PBXBuildFile; fileRef = 8D139D802F464DC1E547E94E86EE2A2F /* VOKCollectionViewController.m */; };
		1EAFC10C3046D52DDAF6589339038DF0 /* Foundation.framework in Frameworks */ = {isa = PBXBuildFile; fileRef = D5AFB41A45B6AB07B4CAAF4933AAE026 /* Foundation.framework */; };
		304D554A9C6D156D01C97D5673AD6AFA /* ManagedObjectImportExportTests.m in Sources */ = {isa = PBXBuildFile; fileRef = 094901C44573889FE3BC6CA970BF0F8D /* ManagedObjectImportExportTests.m */; };
		362CD69ACEA416687D1FBEBFF850D4AC /* main.m in Sources */ = {isa = PBXBuildFile; fileRef = 7608E2CDD311959D2A218E63B737E586 /* main.m */; };
		436AC84A3EFEEFF5F3BF38D475767B0A /* VOKMappablePerson.m in Sources */ = {isa = PBXBuildFile; fileRef = 898F9437D2CAF202DBD97BC5AEAD47C2 /* VOKMappablePerson.m */; };
		59B594545601449C45096397A0754F5F /* VOKCoreDataModel.xcdatamodeld in Sources */ = {isa = PBXBuildFile; fileRef = 3B49410900A158E8377CE7F2559B9C35 /* VOKCoreDataModel.xcdatamodeld */; };
		5ED3824BE0B0B907A8A3889ECA9762AF /* UIKit.framework in Frameworks */ = {isa = PBXBuildFile; fileRef = DD6B321DB495E4C30A493B2DB9A41656 /* UIKit.framework */; };
		61BE5727FFA8DD7318FFBBE595E15F50 /* CoreData.framework in Frameworks */ = {isa = PBXBuildFile; fileRef = 4BCF5F314951F3C0C40D9658DC90CE34 /* CoreData.framework */; };
		79C85DB9C49CEE0DEF56B6DA4EC442D2 /* VOKEntityC.m in Sources */ = {isa = PBXBuildFile; fileRef = 1D375AD41A0ED432613256AD6853ADBB /* VOKEntityC.m */; };
		7B5B5DA9E27089E055D251C77DD741E5 /* VOKTableViewController.m in Sources */ = {isa = PBXBuildFile; fileRef = 3BB959A88FB27577E6F58F22732F2005 /* VOKTableViewController.m */; };
		83B03089266E5E3848D3DBDD2B7B70CC /* VOKPersonCollectionDataSource.m in Sources */ = {isa = PBXBuildFile; fileRef = 366F985567141C4DDC1817D896A49CB2 /* VOKPersonCollectionDataSource.m */; };
		883AC0ABAA25D49D98E71211CCF314F7 /* VOKCollectionViewCell.xib in Resources */ = {isa = PBXBuildFile; fileRef = 665CAC230C9404A8F8B7A515E653B5EA /* VOKCollectionViewCell.xib */; };
		8F53982CDAFFFA4E1483BFDD8C114742 /* InfoPlist.strings in Resources */ = {isa = PBXBuildFile; fileRef = 22A9C3E9C207075DFDCD69096AE5A404 /* InfoPlist.strings */; };
		8F7C2CCA5A98819B95085C02B41BF91C /* Foundation.framework in Frameworks */ = {isa = PBXBuildFile; fileRef = D5AFB41A45B6AB07B4CAAF4933AAE026 /* Foundation.framework */; };
		9306E42CCE90307D0BDA0018279370AC /* UIKit.framework in Frameworks */ = {isa = PBXBuildFile; fileRef = DD6B321DB495E4C30A493B2DB9A41656 /* UIKit.framework */; };
		9E006B5A75D1CD6A035294F54493D22D /* Default-568h@2x.png in Resources */ = {isa = PBXBuildFile; fileRef = 9B16F6D2C144CCC5BE17B24F38B1101E /* Default-568h@2x.png */; };
		ACD658ADEBDFAF74E5B6D4008D522519 /* VOKThing.m in Sources */ = {isa = PBXBuildFile; fileRef = C492A67818286CDA302FFF0E534A5875 /* VOKThing.m */; };
		B35146609871BDDEA6D54DC21C360945 /* VOKCollectionViewCell.m in Sources */ = {isa = PBXBuildFile; fileRef = 8B06703BC71A3E0FD817C46EF2B7C568 /* VOKCollectionViewCell.m */; };
		B3AB5E01919BBCC5FC8DA143804D82A4 /* InfoPlist.strings in Resources */ = {isa = PBXBuildFile; fileRef = B962F846282BDADB7A62F954D6D3A9B4 /* InfoPlist.strings */; };
		B7ABA254FB023FF0B797CD7475965BE3 /* VOKManagedObjectAdditions.m in Sources */ = {isa = PBXBuildFile; fileRef = 670959E41C09F12BE8B77B7E7B89A730 /* VOKManagedObjectAdditions.m */; };
		B9701AA5542A7BB47F3D5F42F796EFE8 /* VOKPersonDataSource.m in Sources */ = {isa = PBXBuildFile; fileRef = 3CEB35CF932F49DA8C55F322EEBE38DD /* VOKPersonDataSource.m */; };
		C181D3877CCAF32EACF8EF7F89D29280 /* libPods-VOKCoreDataManager Tests.a in Frameworks */ = {isa = PBXBuildFile; fileRef = 560A1CEABCB61685D7A069D263AD39AF /* libPods-VOKCoreDataManager Tests.a */; };
		CA3A2F0B801F5FFAD7F890485B4E67A9 /* CoreGraphics.framework in Frameworks */ = {isa = PBXBuildFile; fileRef = 1996FA3A41B3DE40F041E0E44450C3CC /* CoreGraphics.framework */; };
		D0C5771FC63581EB2B5B258026157083 /* VOKEntityB.m in Sources */ = {isa = PBXBuildFile; fileRef = 5843558F2814496F70951C7E8E76BE13 /* VOKEntityB.m */; };
		D24A7B038B19A311A22E29A5B0331E50 /* libPods-VOKCoreDataManager.a in Frameworks */ = {isa = PBXBuildFile; fileRef = EF0B6294EC9E3096ABA8EE7B3866B4F6 /* libPods-VOKCoreDataManager.a */; };
		E6B02C74060738687F09E73ECEC01163 /* VOKEntityA.m in Sources */ = {isa = PBXBuildFile; fileRef = 861BB9DE6B90C6BDE07193D7893D9589 /* VOKEntityA.m */; };
		E950A8011C042377F1DE12FAC44A045C /* VOKPerson.m in Sources */ = {isa = PBXBuildFile; fileRef = 2AF021A702E38C937AEC4C778314F028 /* VOKPerson.m */; };
		EDE684A6CAF7E10DA192A11A1510E6C6 /* XCTest.framework in Frameworks */ = {isa = PBXBuildFile; fileRef = C454789BCB5571F7D03F6F71460C2F82 /* XCTest.framework */; };
		F2C00F72A8ED293B4E6324C2952234CB /* BundleTests.m in Sources */ = {isa = PBXBuildFile; fileRef = C0D4DD2AAEC0B3DD755783E7F21A464A /* BundleTests.m */; };
		F96FAAEFD622780D5452DFA1B9DA28F8 /* CoreDataManagerDeleteTests.m in Sources */ = {isa = PBXBuildFile; fileRef = 7381A2721C74D316B999FB71F93FF56C /* CoreDataManagerDeleteTests.m */; };
/* End PBXBuildFile section */

/* Begin PBXContainerItemProxy section */
		383E50E0AE3E715C4C4F1642E3B2DA4C /* PBXContainerItemProxy */ = {
			isa = PBXContainerItemProxy;
			containerPortal = 6AF59CC944DB83110CECE01733FB4801 /* Project object */;
			proxyType = 1;
			remoteGlobalIDString = 5956D26151175B19837FC0234C370AFD;
			remoteInfo = CoreData;
		};
/* End PBXContainerItemProxy section */

/* Begin PBXFileReference section */
		0092406DDC5DF76635B96687B562D11E /* VOKTableViewController.h */ = {isa = PBXFileReference; fileEncoding = 4; lastKnownFileType = sourcecode.c.h; path = VOKTableViewController.h; sourceTree = "<group>"; };
		06F871C04D6129B36E78E27BA4C5D3DF /* en */ = {isa = PBXFileReference; lastKnownFileType = text.plist.strings; name = en; path = VOKCoreDataManagerTests/en.lproj/InfoPlist.strings; sourceTree = SOURCE_ROOT; };
		08C7E9A940981E0B537F960935E4656B /* en */ = {isa = PBXFileReference; lastKnownFileType = text.plist.strings; name = en; path = en.lproj/InfoPlist.strings; sourceTree = SOURCE_ROOT; };
		094901C44573889FE3BC6CA970BF0F8D /* ManagedObjectImportExportTests.m */ = {isa = PBXFileReference; fileEncoding = 4; lastKnownFileType = sourcecode.c.objc; path = ManagedObjectImportExportTests.m; sourceTree = "<group>"; };
		0CC15FD1BD511956799D5432CE92BC9F /* Pods-VOKCoreDataManager Tests.release.xcconfig */ = {isa = PBXFileReference; includeInIndex = 1; lastKnownFileType = text.xcconfig; name = "Pods-VOKCoreDataManager Tests.release.xcconfig"; path = "Pods/Target Support Files/Pods-VOKCoreDataManager Tests/Pods-VOKCoreDataManager Tests.release.xcconfig"; sourceTree = "<group>"; };
		175C11E8F280F25D16DBC7BBE1F97056 /* VOKMappablePerson.h */ = {isa = PBXFileReference; fileEncoding = 4; lastKnownFileType = sourcecode.c.h; path = VOKMappablePerson.h; sourceTree = "<group>"; };
		179731D68159DE80C44CAA1CC0D537A4 /* VOKPersonCollectionDataSource.h */ = {isa = PBXFileReference; fileEncoding = 4; lastKnownFileType = sourcecode.c.h; path = VOKPersonCollectionDataSource.h; sourceTree = "<group>"; };
		1996FA3A41B3DE40F041E0E44450C3CC /* CoreGraphics.framework */ = {isa = PBXFileReference; lastKnownFileType = wrapper.framework; name = CoreGraphics.framework; path = System/Library/Frameworks/CoreGraphics.framework; sourceTree = SDKROOT; };
		1BF6B8760CCF755088183EFC283575B3 /* VOKPerson.h */ = {isa = PBXFileReference; fileEncoding = 4; lastKnownFileType = sourcecode.c.h; path = VOKPerson.h; sourceTree = "<group>"; };
		1D375AD41A0ED432613256AD6853ADBB /* VOKEntityC.m */ = {isa = PBXFileReference; fileEncoding = 4; lastKnownFileType = sourcecode.c.objc; path = VOKEntityC.m; sourceTree = "<group>"; };
		24471CD58F33E4ABD0946D7AC7B48F29 /* VOKCoreDataManager Tests-Info.plist */ = {isa = PBXFileReference; fileEncoding = 4; lastKnownFileType = text.plist.xml; path = "VOKCoreDataManager Tests-Info.plist"; sourceTree = "<group>"; };
		2AF021A702E38C937AEC4C778314F028 /* VOKPerson.m */ = {isa = PBXFileReference; fileEncoding = 4; lastKnownFileType = sourcecode.c.objc; path = VOKPerson.m; sourceTree = "<group>"; };
		2C442DB661DE3D79B68E51E079C08BA7 /* LICENSE */ = {isa = PBXFileReference; lastKnownFileType = text; name = LICENSE; path = ../LICENSE; sourceTree = "<group>"; };
		2DCAA553CBD3CF73E101774117C70503 /* VOKCollectionViewCell.h */ = {isa = PBXFileReference; fileEncoding = 4; lastKnownFileType = sourcecode.c.h; path = VOKCollectionViewCell.h; sourceTree = "<group>"; };
		332F1D580B04F2595919772E40FCB32E /* VOKCoreDataManager Tests-Bridging-Header.h */ = {isa = PBXFileReference; lastKnownFileType = sourcecode.c.h; path = "VOKCoreDataManager Tests-Bridging-Header.h"; sourceTree = "<group>"; };
		366F985567141C4DDC1817D896A49CB2 /* VOKPersonCollectionDataSource.m */ = {isa = PBXFileReference; fileEncoding = 4; lastKnownFileType = sourcecode.c.objc; path = VOKPersonCollectionDataSource.m; sourceTree = "<group>"; };
		37CD8532FDFC382777E4E28428919C45 /* Pods-VOKCoreDataManager.debug.xcconfig */ = {isa = PBXFileReference; includeInIndex = 1; lastKnownFileType = text.xcconfig; name = "Pods-VOKCoreDataManager.debug.xcconfig"; path = "Pods/Target Support Files/Pods-VOKCoreDataManager/Pods-VOKCoreDataManager.debug.xcconfig"; sourceTree = "<group>"; };
		3ABB2D700B69FE21AF109F4A1D1BD43C /* VOKEntityB.h */ = {isa = PBXFileReference; fileEncoding = 4; lastKnownFileType = sourcecode.c.h; path = VOKEntityB.h; sourceTree = "<group>"; };
		3BB959A88FB27577E6F58F22732F2005 /* VOKTableViewController.m */ = {isa = PBXFileReference; fileEncoding = 4; lastKnownFileType = sourcecode.c.objc; path = VOKTableViewController.m; sourceTree = "<group>"; };
		3CEB35CF932F49DA8C55F322EEBE38DD /* VOKPersonDataSource.m */ = {isa = PBXFileReference; fileEncoding = 4; lastKnownFileType = sourcecode.c.objc; path = VOKPersonDataSource.m; sourceTree = "<group>"; };
		40D030FA504CCCC484A71225285C5400 /* VOKEntityA.h */ = {isa = PBXFileReference; fileEncoding = 4; lastKnownFileType = sourcecode.c.h; path = VOKEntityA.h; sourceTree = "<group>"; };
		41C55E092D0EC4DB5DBCF76B4617AE2D /* UIViewController+VOKConvenience.h */ = {isa = PBXFileReference; fileEncoding = 4; lastKnownFileType = sourcecode.c.h; path = "UIViewController+VOKConvenience.h"; sourceTree = "<group>"; };
		439D7AC3F9926A79585FB4FFBFDB6F1F /* UIViewController+VOKConvenience.m */ = {isa = PBXFileReference; fileEncoding = 4; lastKnownFileType = sourcecode.c.objc; path = "UIViewController+VOKConvenience.m"; sourceTree = "<group>"; };
		4BCF5F314951F3C0C40D9658DC90CE34 /* CoreData.framework */ = {isa = PBXFileReference; lastKnownFileType = wrapper.framework; name = CoreData.framework; path = System/Library/Frameworks/CoreData.framework; sourceTree = SDKROOT; };
		514BC5999212C5738572E093E24C0BCE /* VOKPersonDataSource.h */ = {isa = PBXFileReference; fileEncoding = 4; lastKnownFileType = sourcecode.c.h; path = VOKPersonDataSource.h; sourceTree = "<group>"; };
		560A1CEABCB61685D7A069D263AD39AF /* libPods-VOKCoreDataManager Tests.a */ = {isa = PBXFileReference; explicitFileType = archive.ar; includeInIndex = 0; path = "libPods-VOKCoreDataManager Tests.a"; sourceTree = BUILT_PRODUCTS_DIR; };
		5843558F2814496F70951C7E8E76BE13 /* VOKEntityB.m */ = {isa = PBXFileReference; fileEncoding = 4; lastKnownFileType = sourcecode.c.objc; path = VOKEntityB.m; sourceTree = "<group>"; };
		591693090ABD314F88A1C7122CD7CE37 /* VOKCoreDataManager-Prefix.pch */ = {isa = PBXFileReference; fileEncoding = 4; lastKnownFileType = sourcecode.c.h; path = "VOKCoreDataManager-Prefix.pch"; sourceTree = "<group>"; };
		665CAC230C9404A8F8B7A515E653B5EA /* VOKCollectionViewCell.xib */ = {isa = PBXFileReference; fileEncoding = 4; lastKnownFileType = file.xib; path = VOKCollectionViewCell.xib; sourceTree = "<group>"; };
		670959E41C09F12BE8B77B7E7B89A730 /* VOKManagedObjectAdditions.m */ = {isa = PBXFileReference; fileEncoding = 4; lastKnownFileType = sourcecode.c.objc; path = VOKManagedObjectAdditions.m; sourceTree = "<group>"; };
		674C8AFAB0A0158E0A9F3A39E7D5F309 /* VOKCollectionViewController.h */ = {isa = PBXFileReference; fileEncoding = 4; lastKnownFileType = sourcecode.c.h; path = VOKCollectionViewController.h; sourceTree = "<group>"; };
		705E822880A687B31480735AE3E4EBD7 /* VOKAppDelegate.m */ = {isa = PBXFileReference; fileEncoding = 4; lastKnownFileType = sourcecode.c.objc; path = VOKAppDelegate.m; sourceTree = SOURCE_ROOT; };
		7381A2721C74D316B999FB71F93FF56C /* CoreDataManagerDeleteTests.m */ = {isa = PBXFileReference; fileEncoding = 4; lastKnownFileType = sourcecode.c.objc; path = CoreDataManagerDeleteTests.m; sourceTree = "<group>"; };
		7608E2CDD311959D2A218E63B737E586 /* main.m */ = {isa = PBXFileReference; fileEncoding = 4; lastKnownFileType = sourcecode.c.objc; path = main.m; sourceTree = "<group>"; };
		781D42772C35DC442A60C14AF13E842E /* VOKThing.h */ = {isa = PBXFileReference; fileEncoding = 4; lastKnownFileType = sourcecode.c.h; path = VOKThing.h; sourceTree = "<group>"; };
		84C28B3364E341155A2C6C70A23D24EB /* Pods-VOKCoreDataManager.release.xcconfig */ = {isa = PBXFileReference; includeInIndex = 1; lastKnownFileType = text.xcconfig; name = "Pods-VOKCoreDataManager.release.xcconfig"; path = "Pods/Target Support Files/Pods-VOKCoreDataManager/Pods-VOKCoreDataManager.release.xcconfig"; sourceTree = "<group>"; };
		861BB9DE6B90C6BDE07193D7893D9589 /* VOKEntityA.m */ = {isa = PBXFileReference; fileEncoding = 4; lastKnownFileType = sourcecode.c.objc; path = VOKEntityA.m; sourceTree = "<group>"; };
		898F9437D2CAF202DBD97BC5AEAD47C2 /* VOKMappablePerson.m */ = {isa = PBXFileReference; fileEncoding = 4; lastKnownFileType = sourcecode.c.objc; path = VOKMappablePerson.m; sourceTree = "<group>"; };
		8B06703BC71A3E0FD817C46EF2B7C568 /* VOKCollectionViewCell.m */ = {isa = PBXFileReference; fileEncoding = 4; lastKnownFileType = sourcecode.c.objc; path = VOKCollectionViewCell.m; sourceTree = "<group>"; };
		8D139D802F464DC1E547E94E86EE2A2F /* VOKCollectionViewController.m */ = {isa = PBXFileReference; fileEncoding = 4; lastKnownFileType = sourcecode.c.objc; path = VOKCollectionViewController.m; sourceTree = "<group>"; };
		9B16F6D2C144CCC5BE17B24F38B1101E /* Default-568h@2x.png */ = {isa = PBXFileReference; lastKnownFileType = image.png; path = "Default-568h@2x.png"; sourceTree = "<group>"; };
		B1425F20B905F374BD7E1E2EBD3D1B82 /* README.md */ = {isa = PBXFileReference; lastKnownFileType = net.daringfireball.markdown; name = README.md; path = ../README.md; sourceTree = "<group>"; };
		C0D4DD2AAEC0B3DD755783E7F21A464A /* BundleTests.m */ = {isa = PBXFileReference; fileEncoding = 4; lastKnownFileType = sourcecode.c.objc; path = BundleTests.m; sourceTree = "<group>"; };
		C32B4B1DB4BE1CACECB4BAEA384F1737 /* VOKEntityC.h */ = {isa = PBXFileReference; fileEncoding = 4; lastKnownFileType = sourcecode.c.h; path = VOKEntityC.h; sourceTree = "<group>"; };
		C425D29AF68EA7882FD9F32D27A985DA /* Vokoder.podspec */ = {isa = PBXFileReference; lastKnownFileType = text; name = Vokoder.podspec; path = ../Vokoder.podspec; sourceTree = "<group>"; };
		C454789BCB5571F7D03F6F71460C2F82 /* XCTest.framework */ = {isa = PBXFileReference; lastKnownFileType = wrapper.framework; name = XCTest.framework; path = Library/Frameworks/XCTest.framework; sourceTree = DEVELOPER_DIR; };
		C492A67818286CDA302FFF0E534A5875 /* VOKThing.m */ = {isa = PBXFileReference; fileEncoding = 4; lastKnownFileType = sourcecode.c.objc; path = VOKThing.m; sourceTree = "<group>"; };
		C52A1129B810D609E6CDDF7E1E5BA4AB /* VOKCoreDataManager-Info.plist */ = {isa = PBXFileReference; fileEncoding = 4; lastKnownFileType = text.plist.xml; path = "VOKCoreDataManager-Info.plist"; sourceTree = "<group>"; };
		CDFDE8754748E7FB4392900CCB1D4DCA /* VOKAppDelegate.h */ = {isa = PBXFileReference; fileEncoding = 4; lastKnownFileType = sourcecode.c.h; path = VOKAppDelegate.h; sourceTree = SOURCE_ROOT; };
		D5AFB41A45B6AB07B4CAAF4933AAE026 /* Foundation.framework */ = {isa = PBXFileReference; lastKnownFileType = wrapper.framework; name = Foundation.framework; path = System/Library/Frameworks/Foundation.framework; sourceTree = SDKROOT; };
		DD6B321DB495E4C30A493B2DB9A41656 /* UIKit.framework */ = {isa = PBXFileReference; lastKnownFileType = wrapper.framework; name = UIKit.framework; path = System/Library/Frameworks/UIKit.framework; sourceTree = SDKROOT; };
		EF0B6294EC9E3096ABA8EE7B3866B4F6 /* libPods-VOKCoreDataManager.a */ = {isa = PBXFileReference; explicitFileType = archive.ar; includeInIndex = 0; path = "libPods-VOKCoreDataManager.a"; sourceTree = BUILT_PRODUCTS_DIR; };
		F343387C4D5C9D0C3AC8D7EEA96C8E7C /* VOKCoreDataManager Tests-Prefix.pch */ = {isa = PBXFileReference; lastKnownFileType = sourcecode.c.h; path = "VOKCoreDataManager Tests-Prefix.pch"; sourceTree = "<group>"; };
		F3DA8FAD008AC4C8B64CCE498D43966D /* VOKCoreDataManager Tests.xctest */ = {isa = PBXFileReference; explicitFileType = wrapper.cfbundle; includeInIndex = 0; path = "VOKCoreDataManager Tests.xctest"; sourceTree = BUILT_PRODUCTS_DIR; };
		F65C1652486692E448D9A97AAD74576A /* Pods-VOKCoreDataManager Tests.debug.xcconfig */ = {isa = PBXFileReference; includeInIndex = 1; lastKnownFileType = text.xcconfig; name = "Pods-VOKCoreDataManager Tests.debug.xcconfig"; path = "Pods/Target Support Files/Pods-VOKCoreDataManager Tests/Pods-VOKCoreDataManager Tests.debug.xcconfig"; sourceTree = "<group>"; };
		F6E6FEA453EB87D0751C4148851DF04C /* VOKCoreDataManager.app */ = {isa = PBXFileReference; explicitFileType = wrapper.application; includeInIndex = 0; path = VOKCoreDataManager.app; sourceTree = BUILT_PRODUCTS_DIR; };
		F9A0DBC4EF27EAAE6ECE48E4C675565A /* VOKCoreDataModel.xcdatamodel */ = {isa = PBXFileReference; lastKnownFileType = wrapper.xcdatamodel; path = VOKCoreDataModel.xcdatamodel; sourceTree = "<group>"; };
/* End PBXFileReference section */

/* Begin PBXFrameworksBuildPhase section */
		8737E0DE84D03E48F1EEA81E35E2A374 /* Frameworks */ = {
			isa = PBXFrameworksBuildPhase;
			buildActionMask = 2147483647;
			files = (
				1EAFC10C3046D52DDAF6589339038DF0 /* Foundation.framework in Frameworks */,
				5ED3824BE0B0B907A8A3889ECA9762AF /* UIKit.framework in Frameworks */,
				EDE684A6CAF7E10DA192A11A1510E6C6 /* XCTest.framework in Frameworks */,
				C181D3877CCAF32EACF8EF7F89D29280 /* libPods-VOKCoreDataManager Tests.a in Frameworks */,
			);
			runOnlyForDeploymentPostprocessing = 0;
		};
		C336BA770BF3F171C2DB596AA47D7B57 /* Frameworks */ = {
			isa = PBXFrameworksBuildPhase;
			buildActionMask = 2147483647;
			files = (
				61BE5727FFA8DD7318FFBBE595E15F50 /* CoreData.framework in Frameworks */,
				CA3A2F0B801F5FFAD7F890485B4E67A9 /* CoreGraphics.framework in Frameworks */,
				8F7C2CCA5A98819B95085C02B41BF91C /* Foundation.framework in Frameworks */,
				9306E42CCE90307D0BDA0018279370AC /* UIKit.framework in Frameworks */,
				D24A7B038B19A311A22E29A5B0331E50 /* libPods-VOKCoreDataManager.a in Frameworks */,
			);
			runOnlyForDeploymentPostprocessing = 0;
		};
/* End PBXFrameworksBuildPhase section */

/* Begin PBXGroup section */
		05EBB427072D1CF8B126BD4AE7965884 /* VOKCoreDataManagerTests */ = {
			isa = PBXGroup;
			children = (
				FA2F297D068BFFFCE1021725A5B5CD01 /* Supporting Files */,
				C0D4DD2AAEC0B3DD755783E7F21A464A /* BundleTests.m */,
				7381A2721C74D316B999FB71F93FF56C /* CoreDataManagerDeleteTests.m */,
				094901C44573889FE3BC6CA970BF0F8D /* ManagedObjectImportExportTests.m */,
				670959E41C09F12BE8B77B7E7B89A730 /* VOKManagedObjectAdditions.m */,
			);
			path = VOKCoreDataManagerTests;
			sourceTree = "<group>";
		};
		FA2F297D068BFFFCE1021725A5B5CD01 /* Supporting Files */ = {
			isa = PBXGroup;
			children = (
				B962F846282BDADB7A62F954D6D3A9B4 /* InfoPlist.strings */,
				332F1D580B04F2595919772E40FCB32E /* VOKCoreDataManager Tests-Bridging-Header.h */,
				24471CD58F33E4ABD0946D7AC7B48F29 /* VOKCoreDataManager Tests-Info.plist */,
				F343387C4D5C9D0C3AC8D7EEA96C8E7C /* VOKCoreDataManager Tests-Prefix.pch */,
			);
			name = "Supporting Files";
			sourceTree = "<group>";
		};
		98457856912EA3BD0CB63A5EFD4E258B /* ViewControllers */ = {
			isa = PBXGroup;
			children = (
				41C55E092D0EC4DB5DBCF76B4617AE2D /* UIViewController+VOKConvenience.h */,
				439D7AC3F9926A79585FB4FFBFDB6F1F /* UIViewController+VOKConvenience.m */,
				674C8AFAB0A0158E0A9F3A39E7D5F309 /* VOKCollectionViewController.h */,
				8D139D802F464DC1E547E94E86EE2A2F /* VOKCollectionViewController.m */,
				0092406DDC5DF76635B96687B562D11E /* VOKTableViewController.h */,
				3BB959A88FB27577E6F58F22732F2005 /* VOKTableViewController.m */,
			);
			path = ViewControllers;
			sourceTree = SOURCE_ROOT;
		};
		F7D59F7F5A90074AEC01EFDB5BEEED79 /* Views */ = {
			isa = PBXGroup;
			children = (
				2DCAA553CBD3CF73E101774117C70503 /* VOKCollectionViewCell.h */,
				8B06703BC71A3E0FD817C46EF2B7C568 /* VOKCollectionViewCell.m */,
				665CAC230C9404A8F8B7A515E653B5EA /* VOKCollectionViewCell.xib */,
			);
			path = Views;
			sourceTree = SOURCE_ROOT;
		};
		4BFE38831D0477F03D2AB2A57CDF804C /* Vokoder Pod Metadata */ = {
			isa = PBXGroup;
			children = (
				2C442DB661DE3D79B68E51E079C08BA7 /* LICENSE */,
				B1425F20B905F374BD7E1E2EBD3D1B82 /* README.md */,
				C425D29AF68EA7882FD9F32D27A985DA /* Vokoder.podspec */,
			);
			name = "Vokoder Pod Metadata";
			sourceTree = "<group>";
		};
		193D2EF69DF351D0712E81E757867DA1 /* DataSource */ = {
			isa = PBXGroup;
			children = (
				179731D68159DE80C44CAA1CC0D537A4 /* VOKPersonCollectionDataSource.h */,
				366F985567141C4DDC1817D896A49CB2 /* VOKPersonCollectionDataSource.m */,
				514BC5999212C5738572E093E24C0BCE /* VOKPersonDataSource.h */,
				3CEB35CF932F49DA8C55F322EEBE38DD /* VOKPersonDataSource.m */,
			);
			path = DataSource;
			sourceTree = SOURCE_ROOT;
		};
		B38398044839B80F2CD82EEE85B1E459 /* Models */ = {
			isa = PBXGroup;
			children = (
				3B49410900A158E8377CE7F2559B9C35 /* VOKCoreDataModel.xcdatamodeld */,
				40D030FA504CCCC484A71225285C5400 /* VOKEntityA.h */,
				861BB9DE6B90C6BDE07193D7893D9589 /* VOKEntityA.m */,
				3ABB2D700B69FE21AF109F4A1D1BD43C /* VOKEntityB.h */,
				5843558F2814496F70951C7E8E76BE13 /* VOKEntityB.m */,
				C32B4B1DB4BE1CACECB4BAEA384F1737 /* VOKEntityC.h */,
				1D375AD41A0ED432613256AD6853ADBB /* VOKEntityC.m */,
				175C11E8F280F25D16DBC7BBE1F97056 /* VOKMappablePerson.h */,
				898F9437D2CAF202DBD97BC5AEAD47C2 /* VOKMappablePerson.m */,
				1BF6B8760CCF755088183EFC283575B3 /* VOKPerson.h */,
				2AF021A702E38C937AEC4C778314F028 /* VOKPerson.m */,
				781D42772C35DC442A60C14AF13E842E /* VOKThing.h */,
				C492A67818286CDA302FFF0E534A5875 /* VOKThing.m */,
			);
			path = Models;
			sourceTree = SOURCE_ROOT;
		};
		DE54BFE0D687D05B6C06C1A1C317B7D2 /* Supporting Files */ = {
			isa = PBXGroup;
			children = (
				9B16F6D2C144CCC5BE17B24F38B1101E /* Default-568h@2x.png */,
				22A9C3E9C207075DFDCD69096AE5A404 /* InfoPlist.strings */,
				C52A1129B810D609E6CDDF7E1E5BA4AB /* VOKCoreDataManager-Info.plist */,
				591693090ABD314F88A1C7122CD7CE37 /* VOKCoreDataManager-Prefix.pch */,
				7608E2CDD311959D2A218E63B737E586 /* main.m */,
			);
			path = "Supporting Files";
			sourceTree = SOURCE_ROOT;
		};
		DAADD07E3568B13E96E8776997F47198 /* Pods */ = {
			isa = PBXGroup;
			children = (
				F65C1652486692E448D9A97AAD74576A /* Pods-VOKCoreDataManager Tests.debug.xcconfig */,
				0CC15FD1BD511956799D5432CE92BC9F /* Pods-VOKCoreDataManager Tests.release.xcconfig */,
				37CD8532FDFC382777E4E28428919C45 /* Pods-VOKCoreDataManager.debug.xcconfig */,
				84C28B3364E341155A2C6C70A23D24EB /* Pods-VOKCoreDataManager.release.xcconfig */,
			);
			name = Pods;
			sourceTree = "<group>";
		};
		6BFF20AC2D074A4BB67A82B151B8B72B = {
			isa = PBXGroup;
			children = (
				E98FB51F095F91890761224D63062B31 /* Frameworks */,
				DAADD07E3568B13E96E8776997F47198 /* Pods */,
				61A1B324566DD0CBB9E26C401C65C258 /* Products */,
				C34FCD634F48FB6C987F868D3559BB72 /* Sample Project */,
				05EBB427072D1CF8B126BD4AE7965884 /* VOKCoreDataManagerTests */,
				4BFE38831D0477F03D2AB2A57CDF804C /* Vokoder Pod Metadata */,
			);
			sourceTree = "<group>";
		};
		61A1B324566DD0CBB9E26C401C65C258 /* Products */ = {
			isa = PBXGroup;
			children = (
				F3DA8FAD008AC4C8B64CCE498D43966D /* VOKCoreDataManager Tests.xctest */,
				F6E6FEA453EB87D0751C4148851DF04C /* VOKCoreDataManager.app */,
			);
			name = Products;
			sourceTree = "<group>";
		};
		E98FB51F095F91890761224D63062B31 /* Frameworks */ = {
			isa = PBXGroup;
			children = (
				4BCF5F314951F3C0C40D9658DC90CE34 /* CoreData.framework */,
				1996FA3A41B3DE40F041E0E44450C3CC /* CoreGraphics.framework */,
				D5AFB41A45B6AB07B4CAAF4933AAE026 /* Foundation.framework */,
				DD6B321DB495E4C30A493B2DB9A41656 /* UIKit.framework */,
				C454789BCB5571F7D03F6F71460C2F82 /* XCTest.framework */,
				560A1CEABCB61685D7A069D263AD39AF /* libPods-VOKCoreDataManager Tests.a */,
				EF0B6294EC9E3096ABA8EE7B3866B4F6 /* libPods-VOKCoreDataManager.a */,
			);
			name = Frameworks;
			sourceTree = "<group>";
		};
		C34FCD634F48FB6C987F868D3559BB72 /* Sample Project */ = {
			isa = PBXGroup;
			children = (
				193D2EF69DF351D0712E81E757867DA1 /* DataSource */,
				B38398044839B80F2CD82EEE85B1E459 /* Models */,
				DE54BFE0D687D05B6C06C1A1C317B7D2 /* Supporting Files */,
				98457856912EA3BD0CB63A5EFD4E258B /* ViewControllers */,
				F7D59F7F5A90074AEC01EFDB5BEEED79 /* Views */,
				CDFDE8754748E7FB4392900CCB1D4DCA /* VOKAppDelegate.h */,
				705E822880A687B31480735AE3E4EBD7 /* VOKAppDelegate.m */,
			);
			name = "Sample Project";
			path = CoreData;
			sourceTree = "<group>";
		};
/* End PBXGroup section */

/* Begin PBXNativeTarget section */
		908E3FB44E672809CABEF8AB34A86549 /* VOKCoreDataManager Tests */ = {
			isa = PBXNativeTarget;
			buildConfigurationList = 2DCFA23CFD4B506D47B68B023BD0BF91 /* Build configuration list for PBXNativeTarget "VOKCoreDataManager Tests" */;
			buildPhases = (
				2D4684F2D97C602AD8026C5EBB42394F /* Check Pods Manifest.lock */,
				969E74A905279143F0556E962DE96C14 /* Sources */,
				8737E0DE84D03E48F1EEA81E35E2A374 /* Frameworks */,
				C71E4A72A942B79725B50519B030BD8A /* Resources */,
				A824F885E998B1B80531BC2E43BAE4E0 /* Copy Pods Resources */,
				34E92E99DAE0FC53C1B9420C3B1D83CB /* Embed Pods Frameworks */,
			);
			buildRules = (
			);
			dependencies = (
				47BA8678D9808D409E46DB37BEC83718 /* PBXTargetDependency */,
			);
			name = "VOKCoreDataManager Tests";
			productName = "CoreData Tests";
			productReference = F3DA8FAD008AC4C8B64CCE498D43966D /* VOKCoreDataManager Tests.xctest */;
			productType = "com.apple.product-type.bundle.unit-test";
		};
		5956D26151175B19837FC0234C370AFD /* VOKCoreDataManager */ = {
			isa = PBXNativeTarget;
			buildConfigurationList = D575C0B2DB5B2D0C7B0F6561A8C98866 /* Build configuration list for PBXNativeTarget "VOKCoreDataManager" */;
			buildPhases = (
				9AB3E3CF3707C9BC048973EDF174FC70 /* Check Pods Manifest.lock */,
				D70E7E165B1DDEAB4D09B9AEEB8C68C7 /* Sources */,
				C336BA770BF3F171C2DB596AA47D7B57 /* Frameworks */,
				65299D937013D1438F13EDDB27D8F4AB /* Resources */,
				3D35CB3B49D8A38F19EE9D5E0AE1D03B /* Objective-Clean Run Script */,
				E6A504CC045AB83B9CB3EA390EFE4518 /* Copy Pods Resources */,
				D2C2C45F70B733C76E4E76808FB6ACB6 /* Embed Pods Frameworks */,
			);
			buildRules = (
			);
			dependencies = (
			);
			name = VOKCoreDataManager;
			productName = CoreData;
			productReference = F6E6FEA453EB87D0751C4148851DF04C /* VOKCoreDataManager.app */;
			productType = "com.apple.product-type.application";
		};
/* End PBXNativeTarget section */

/* Begin PBXProject section */
		6AF59CC944DB83110CECE01733FB4801 /* Project object */ = {
			isa = PBXProject;
			attributes = {
				CLASSPREFIX = VOK;
				LastSwiftUpdateCheck = 0710;
				LastUpgradeCheck = 0700;
				ORGANIZATIONNAME = Vokal;
				TargetAttributes = {
					908E3FB44E672809CABEF8AB34A86549 = {
						TestTargetID = 5956D26151175B19837FC0234C370AFD;
					};
				};
			};
			buildConfigurationList = F867312A439BED7E34A9CB410EA1B8FE /* Build configuration list for PBXProject "SampleProject" */;
			compatibilityVersion = "Xcode 3.2";
			developmentRegion = English;
			hasScannedForEncodings = 0;
			knownRegions = (
				en,
			);
			mainGroup = 6BFF20AC2D074A4BB67A82B151B8B72B;
			productRefGroup = 61A1B324566DD0CBB9E26C401C65C258 /* Products */;
			projectDirPath = "";
			projectRoot = "";
			targets = (
				5956D26151175B19837FC0234C370AFD /* VOKCoreDataManager */,
				908E3FB44E672809CABEF8AB34A86549 /* VOKCoreDataManager Tests */,
			);
		};
/* End PBXProject section */

/* Begin PBXResourcesBuildPhase section */
		C71E4A72A942B79725B50519B030BD8A /* Resources */ = {
			isa = PBXResourcesBuildPhase;
			buildActionMask = 2147483647;
			files = (
				B3AB5E01919BBCC5FC8DA143804D82A4 /* InfoPlist.strings in Resources */,
			);
			runOnlyForDeploymentPostprocessing = 0;
		};
		65299D937013D1438F13EDDB27D8F4AB /* Resources */ = {
			isa = PBXResourcesBuildPhase;
			buildActionMask = 2147483647;
			files = (
				9E006B5A75D1CD6A035294F54493D22D /* Default-568h@2x.png in Resources */,
				8F53982CDAFFFA4E1483BFDD8C114742 /* InfoPlist.strings in Resources */,
				883AC0ABAA25D49D98E71211CCF314F7 /* VOKCollectionViewCell.xib in Resources */,
			);
			runOnlyForDeploymentPostprocessing = 0;
		};
/* End PBXResourcesBuildPhase section */

/* Begin PBXShellScriptBuildPhase section */
		A824F885E998B1B80531BC2E43BAE4E0 /* Copy Pods Resources */ = {
			isa = PBXShellScriptBuildPhase;
			buildActionMask = 2147483647;
			files = (
			);
			inputPaths = (
			);
			name = "Copy Pods Resources";
			outputPaths = (
			);
			runOnlyForDeploymentPostprocessing = 0;
			shellPath = /bin/sh;
			shellScript = "\"${SRCROOT}/Pods/Target Support Files/Pods-VOKCoreDataManager Tests/Pods-VOKCoreDataManager Tests-resources.sh\"\n";
			showEnvVarsInLog = 0;
		};
		E6A504CC045AB83B9CB3EA390EFE4518 /* Copy Pods Resources */ = {
			isa = PBXShellScriptBuildPhase;
			buildActionMask = 2147483647;
			files = (
			);
			inputPaths = (
			);
			name = "Copy Pods Resources";
			outputPaths = (
			);
			runOnlyForDeploymentPostprocessing = 0;
			shellPath = /bin/sh;
			shellScript = "\"${SRCROOT}/Pods/Target Support Files/Pods-VOKCoreDataManager/Pods-VOKCoreDataManager-resources.sh\"\n";
			showEnvVarsInLog = 0;
		};
		2D4684F2D97C602AD8026C5EBB42394F /* Check Pods Manifest.lock */ = {
			isa = PBXShellScriptBuildPhase;
			buildActionMask = 2147483647;
			files = (
			);
			inputPaths = (
			);
			name = "Check Pods Manifest.lock";
			outputPaths = (
			);
			runOnlyForDeploymentPostprocessing = 0;
			shellPath = /bin/sh;
			shellScript = "diff \"${PODS_ROOT}/../Podfile.lock\" \"${PODS_ROOT}/Manifest.lock\" > /dev/null\nif [[ $? != 0 ]] ; then\n    cat << EOM\nerror: The sandbox is not in sync with the Podfile.lock. Run 'pod install' or update your CocoaPods installation.\nEOM\n    exit 1\nfi\n";
			showEnvVarsInLog = 0;
		};
		9AB3E3CF3707C9BC048973EDF174FC70 /* Check Pods Manifest.lock */ = {
			isa = PBXShellScriptBuildPhase;
			buildActionMask = 2147483647;
			files = (
			);
			inputPaths = (
			);
			name = "Check Pods Manifest.lock";
			outputPaths = (
			);
			runOnlyForDeploymentPostprocessing = 0;
			shellPath = /bin/sh;
			shellScript = "diff \"${PODS_ROOT}/../Podfile.lock\" \"${PODS_ROOT}/Manifest.lock\" > /dev/null\nif [[ $? != 0 ]] ; then\n    cat << EOM\nerror: The sandbox is not in sync with the Podfile.lock. Run 'pod install' or update your CocoaPods installation.\nEOM\n    exit 1\nfi\n";
			showEnvVarsInLog = 0;
		};
		34E92E99DAE0FC53C1B9420C3B1D83CB /* Embed Pods Frameworks */ = {
			isa = PBXShellScriptBuildPhase;
			buildActionMask = 2147483647;
			files = (
			);
			inputPaths = (
			);
			name = "Embed Pods Frameworks";
			outputPaths = (
			);
			runOnlyForDeploymentPostprocessing = 0;
			shellPath = /bin/sh;
			shellScript = "\"${SRCROOT}/Pods/Target Support Files/Pods-VOKCoreDataManager Tests/Pods-VOKCoreDataManager Tests-frameworks.sh\"\n";
			showEnvVarsInLog = 0;
		};
		D2C2C45F70B733C76E4E76808FB6ACB6 /* Embed Pods Frameworks */ = {
			isa = PBXShellScriptBuildPhase;
			buildActionMask = 2147483647;
			files = (
			);
			inputPaths = (
			);
			name = "Embed Pods Frameworks";
			outputPaths = (
			);
			runOnlyForDeploymentPostprocessing = 0;
			shellPath = /bin/sh;
			shellScript = "\"${SRCROOT}/Pods/Target Support Files/Pods-VOKCoreDataManager/Pods-VOKCoreDataManager-frameworks.sh\"\n";
			showEnvVarsInLog = 0;
		};
		3D35CB3B49D8A38F19EE9D5E0AE1D03B /* Objective-Clean Run Script */ = {
			isa = PBXShellScriptBuildPhase;
			buildActionMask = 2147483647;
			files = (
			);
			inputPaths = (
			);
			name = "Objective-Clean Run Script";
			outputPaths = (
			);
			runOnlyForDeploymentPostprocessing = 0;
			shellPath = /bin/bash;
			shellScript = "if [[ -z ${SKIP_OBJCLEAN} || ${SKIP_OBJCLEAN} != 1 ]]; then\nif [[ -d \"${LOCAL_APPS_DIR}/Objective-Clean.app\" ]]; then \n\"${LOCAL_APPS_DIR}\"/Objective-Clean.app/Contents/Resources/ObjClean.app/Contents/MacOS/ObjClean \"${SRCROOT}\" \nelse\necho \"warning: You have to install and set up Objective-Clean to use its features!\" \nfi\nfi";
		};
/* End PBXShellScriptBuildPhase section */

/* Begin PBXSourcesBuildPhase section */
		969E74A905279143F0556E962DE96C14 /* Sources */ = {
			isa = PBXSourcesBuildPhase;
			buildActionMask = 2147483647;
			files = (
				F2C00F72A8ED293B4E6324C2952234CB /* BundleTests.m in Sources */,
				F96FAAEFD622780D5452DFA1B9DA28F8 /* CoreDataManagerDeleteTests.m in Sources */,
				304D554A9C6D156D01C97D5673AD6AFA /* ManagedObjectImportExportTests.m in Sources */,
				B7ABA254FB023FF0B797CD7475965BE3 /* VOKManagedObjectAdditions.m in Sources */,
			);
			runOnlyForDeploymentPostprocessing = 0;
		};
		D70E7E165B1DDEAB4D09B9AEEB8C68C7 /* Sources */ = {
			isa = PBXSourcesBuildPhase;
			buildActionMask = 2147483647;
			files = (
				0987A37C0A91B01C54FDCD81E389CD13 /* UIViewController+VOKConvenience.m in Sources */,
				162D0F4FCDCA930997D1E089D690795D /* VOKAppDelegate.m in Sources */,
				B35146609871BDDEA6D54DC21C360945 /* VOKCollectionViewCell.m in Sources */,
				1E51D7C8A0CDF061CAD9427D0C6C28BC /* VOKCollectionViewController.m in Sources */,
				59B594545601449C45096397A0754F5F /* VOKCoreDataModel.xcdatamodeld in Sources */,
				E6B02C74060738687F09E73ECEC01163 /* VOKEntityA.m in Sources */,
				D0C5771FC63581EB2B5B258026157083 /* VOKEntityB.m in Sources */,
				79C85DB9C49CEE0DEF56B6DA4EC442D2 /* VOKEntityC.m in Sources */,
				436AC84A3EFEEFF5F3BF38D475767B0A /* VOKMappablePerson.m in Sources */,
				E950A8011C042377F1DE12FAC44A045C /* VOKPerson.m in Sources */,
				83B03089266E5E3848D3DBDD2B7B70CC /* VOKPersonCollectionDataSource.m in Sources */,
				B9701AA5542A7BB47F3D5F42F796EFE8 /* VOKPersonDataSource.m in Sources */,
				7B5B5DA9E27089E055D251C77DD741E5 /* VOKTableViewController.m in Sources */,
				ACD658ADEBDFAF74E5B6D4008D522519 /* VOKThing.m in Sources */,
				362CD69ACEA416687D1FBEBFF850D4AC /* main.m in Sources */,
			);
			runOnlyForDeploymentPostprocessing = 0;
		};
/* End PBXSourcesBuildPhase section */

/* Begin PBXTargetDependency section */
		47BA8678D9808D409E46DB37BEC83718 /* PBXTargetDependency */ = {
			isa = PBXTargetDependency;
			target = 5956D26151175B19837FC0234C370AFD /* VOKCoreDataManager */;
			targetProxy = 383E50E0AE3E715C4C4F1642E3B2DA4C /* PBXContainerItemProxy */;
		};
/* End PBXTargetDependency section */

/* Begin PBXVariantGroup section */
		22A9C3E9C207075DFDCD69096AE5A404 /* InfoPlist.strings */ = {
			isa = PBXVariantGroup;
			children = (
				08C7E9A940981E0B537F960935E4656B /* en */,
			);
			name = InfoPlist.strings;
			sourceTree = "<group>";
		};
		B962F846282BDADB7A62F954D6D3A9B4 /* InfoPlist.strings */ = {
			isa = PBXVariantGroup;
			children = (
				06F871C04D6129B36E78E27BA4C5D3DF /* en */,
			);
			name = InfoPlist.strings;
			sourceTree = "<group>";
		};
/* End PBXVariantGroup section */

/* Begin XCBuildConfiguration section */
		C3746D6FDA6560F307D40A14BD111D72 /* Debug */ = {
			isa = XCBuildConfiguration;
			baseConfigurationReference = F65C1652486692E448D9A97AAD74576A /* Pods-VOKCoreDataManager Tests.debug.xcconfig */;
			buildSettings = {
				BUNDLE_LOADER = "$(BUILT_PRODUCTS_DIR)/VOKCoreDataManager.app/VOKCoreDataManager";
				CLANG_CXX_LANGUAGE_STANDARD = "gnu++0x";
				CLANG_CXX_LIBRARY = "libc++";
				CLANG_ENABLE_MODULES = YES;
				CLANG_WARN_BOOL_CONVERSION = YES;
				CLANG_WARN_DIRECT_OBJC_ISA_USAGE = YES_ERROR;
				CLANG_WARN_EMPTY_BODY = YES;
				CLANG_WARN_OBJC_ROOT_CLASS = YES_ERROR;
				FRAMEWORK_SEARCH_PATHS = (
					"$(PLATFORM_DIR)/Developer/Library/Frameworks",
					"$(inherited)",
					"$(DEVELOPER_FRAMEWORKS_DIR)",
				);
				GCC_C_LANGUAGE_STANDARD = gnu99;
				GCC_PRECOMPILE_PREFIX_HEADER = YES;
				GCC_PREFIX_HEADER = "VOKCoreDataManagerTests/VOKCoreDataManager Tests-Prefix.pch";
				GCC_PREPROCESSOR_DEFINITIONS = (
					"DEBUG=1",
					"$(inherited)",
				);
				GCC_WARN_64_TO_32_BIT_CONVERSION = YES;
				GCC_WARN_ABOUT_RETURN_TYPE = YES_ERROR;
				GCC_WARN_UNDECLARED_SELECTOR = YES;
				GCC_WARN_UNUSED_FUNCTION = YES;
				INFOPLIST_FILE = "VOKCoreDataManagerTests/VOKCoreDataManager Tests-Info.plist";
				IPHONEOS_DEPLOYMENT_TARGET = 7.0;
				LD_RUNPATH_SEARCH_PATHS = "$(inherited) @executable_path/Frameworks @loader_path/Frameworks";
				ONLY_ACTIVE_ARCH = YES;
				PRODUCT_BUNDLE_IDENTIFIER = "com.vokal.${PRODUCT_NAME:rfc1034identifier}";
				PRODUCT_NAME = "VOKCoreDataManager Tests";
				SWIFT_OBJC_BRIDGING_HEADER = "VOKCoreDataManagerTests/VOKCoreDataManager Tests-Bridging-Header.h";
				SWIFT_OPTIMIZATION_LEVEL = "-Onone";
				TEST_HOST = "$(BUNDLE_LOADER)";
				WRAPPER_EXTENSION = xctest;
			};
			name = Debug;
		};
		8E0A0E60235B3C3887539BB8EF4950E7 /* Release */ = {
			isa = XCBuildConfiguration;
			baseConfigurationReference = 0CC15FD1BD511956799D5432CE92BC9F /* Pods-VOKCoreDataManager Tests.release.xcconfig */;
			buildSettings = {
				BUNDLE_LOADER = "$(BUILT_PRODUCTS_DIR)/)/VOKCoreDataManager.app/VOKCoreDataManager";
				CLANG_CXX_LANGUAGE_STANDARD = "gnu++0x";
				CLANG_CXX_LIBRARY = "libc++";
				CLANG_ENABLE_MODULES = YES;
				CLANG_WARN_BOOL_CONVERSION = YES;
				CLANG_WARN_DIRECT_OBJC_ISA_USAGE = YES_ERROR;
				CLANG_WARN_EMPTY_BODY = YES;
				CLANG_WARN_OBJC_ROOT_CLASS = YES_ERROR;
				ENABLE_NS_ASSERTIONS = NO;
				FRAMEWORK_SEARCH_PATHS = (
					"$(PLATFORM_DIR)/Developer/Library/Frameworks",
					"$(inherited)",
					"$(DEVELOPER_FRAMEWORKS_DIR)",
				);
				GCC_C_LANGUAGE_STANDARD = gnu99;
				GCC_PRECOMPILE_PREFIX_HEADER = YES;
				GCC_PREFIX_HEADER = "VOKCoreDataManagerTests/VOKCoreDataManager Tests-Prefix.pch";
				GCC_WARN_64_TO_32_BIT_CONVERSION = YES;
				GCC_WARN_ABOUT_RETURN_TYPE = YES_ERROR;
				GCC_WARN_UNDECLARED_SELECTOR = YES;
				GCC_WARN_UNUSED_FUNCTION = YES;
				INFOPLIST_FILE = "VOKCoreDataManagerTests/VOKCoreDataManager Tests-Info.plist";
				IPHONEOS_DEPLOYMENT_TARGET = 7.0;
				LD_RUNPATH_SEARCH_PATHS = "$(inherited) @executable_path/Frameworks @loader_path/Frameworks";
				PRODUCT_BUNDLE_IDENTIFIER = "com.vokal.${PRODUCT_NAME:rfc1034identifier}";
				PRODUCT_NAME = "VOKCoreDataManager Tests";
				SWIFT_OBJC_BRIDGING_HEADER = "VOKCoreDataManagerTests/VOKCoreDataManager Tests-Bridging-Header.h";
				TEST_HOST = "$(BUNDLE_LOADER)";
				WRAPPER_EXTENSION = xctest;
			};
			name = Release;
		};
		A9D603DABF8F46954065B1A94538F563 /* Debug */ = {
			isa = XCBuildConfiguration;
			buildSettings = {
				ALWAYS_SEARCH_USER_PATHS = NO;
				CLANG_ENABLE_OBJC_ARC = YES;
				CLANG_WARN_BOOL_CONVERSION = YES;
				CLANG_WARN_CONSTANT_CONVERSION = YES;
				CLANG_WARN_DOCUMENTATION_COMMENTS = YES;
				CLANG_WARN_EMPTY_BODY = YES;
				CLANG_WARN_ENUM_CONVERSION = YES;
				CLANG_WARN_INT_CONVERSION = YES;
				CLANG_WARN_UNREACHABLE_CODE = YES;
				CLANG_WARN__DUPLICATE_METHOD_MATCH = YES;
				"CODE_SIGN_IDENTITY[sdk=iphoneos*]" = "iPhone Developer";
				COPY_PHASE_STRIP = NO;
				ENABLE_STRICT_OBJC_MSGSEND = YES;
				ENABLE_TESTABILITY = YES;
				GCC_C_LANGUAGE_STANDARD = "compiler-default";
				GCC_DYNAMIC_NO_PIC = NO;
				GCC_NO_COMMON_BLOCKS = YES;
				GCC_OPTIMIZATION_LEVEL = 0;
				GCC_PREPROCESSOR_DEFINITIONS = (
					"DEBUG=1",
					"$(inherited)",
				);
				GCC_SYMBOLS_PRIVATE_EXTERN = NO;
				GCC_VERSION = com.apple.compilers.llvm.clang.1_0;
				GCC_WARN_64_TO_32_BIT_CONVERSION = YES;
				GCC_WARN_ABOUT_RETURN_TYPE = YES;
				GCC_WARN_UNDECLARED_SELECTOR = YES;
				GCC_WARN_UNINITIALIZED_AUTOS = YES;
				GCC_WARN_UNUSED_FUNCTION = YES;
				GCC_WARN_UNUSED_VARIABLE = YES;
				IPHONEOS_DEPLOYMENT_TARGET = 7.0;
				ONLY_ACTIVE_ARCH = YES;
				SDKROOT = iphoneos;
			};
			name = Debug;
		};
		C44D2EA74B3CD11657C570F297A7C655 /* Release */ = {
			isa = XCBuildConfiguration;
			buildSettings = {
				ALWAYS_SEARCH_USER_PATHS = NO;
				CLANG_ENABLE_OBJC_ARC = YES;
				CLANG_WARN_BOOL_CONVERSION = YES;
				CLANG_WARN_CONSTANT_CONVERSION = YES;
				CLANG_WARN_DOCUMENTATION_COMMENTS = YES;
				CLANG_WARN_EMPTY_BODY = YES;
				CLANG_WARN_ENUM_CONVERSION = YES;
				CLANG_WARN_INT_CONVERSION = YES;
				CLANG_WARN_UNREACHABLE_CODE = YES;
				CLANG_WARN__DUPLICATE_METHOD_MATCH = YES;
				"CODE_SIGN_IDENTITY[sdk=iphoneos*]" = "iPhone Developer";
				COPY_PHASE_STRIP = YES;
				ENABLE_STRICT_OBJC_MSGSEND = YES;
				GCC_C_LANGUAGE_STANDARD = "compiler-default";
				GCC_NO_COMMON_BLOCKS = YES;
				GCC_VERSION = com.apple.compilers.llvm.clang.1_0;
				GCC_WARN_64_TO_32_BIT_CONVERSION = YES;
				GCC_WARN_ABOUT_RETURN_TYPE = YES;
				GCC_WARN_UNDECLARED_SELECTOR = YES;
				GCC_WARN_UNINITIALIZED_AUTOS = YES;
				GCC_WARN_UNUSED_FUNCTION = YES;
				GCC_WARN_UNUSED_VARIABLE = YES;
				IPHONEOS_DEPLOYMENT_TARGET = 7.0;
				OTHER_CFLAGS = "-DNS_BLOCK_ASSERTIONS=1";
				SDKROOT = iphoneos;
				VALIDATE_PRODUCT = YES;
			};
			name = Release;
		};
		5FCC49F2E06344B4FAC4E70BDAF82AE9 /* Debug */ = {
			isa = XCBuildConfiguration;
			baseConfigurationReference = 37CD8532FDFC382777E4E28428919C45 /* Pods-VOKCoreDataManager.debug.xcconfig */;
			buildSettings = {
				FRAMEWORK_SEARCH_PATHS = "$(inherited)";
				GCC_PRECOMPILE_PREFIX_HEADER = YES;
				GCC_PREFIX_HEADER = "Supporting Files/VOKCoreDataManager-Prefix.pch";
				INFOPLIST_FILE = "$(SRCROOT)/Supporting Files/VOKCoreDataManager-Info.plist";
				IPHONEOS_DEPLOYMENT_TARGET = 7.0;
				PRODUCT_BUNDLE_IDENTIFIER = com.Vokal.VOKCoreDataManager;
				PRODUCT_NAME = VOKCoreDataManager;
				WRAPPER_EXTENSION = app;
			};
			name = Debug;
		};
		0F6468F731A2CE9561C02E9070D1CCEB /* Release */ = {
			isa = XCBuildConfiguration;
			baseConfigurationReference = 84C28B3364E341155A2C6C70A23D24EB /* Pods-VOKCoreDataManager.release.xcconfig */;
			buildSettings = {
				FRAMEWORK_SEARCH_PATHS = "$(inherited)";
				GCC_PRECOMPILE_PREFIX_HEADER = YES;
				GCC_PREFIX_HEADER = "Supporting Files/VOKCoreDataManager-Prefix.pch";
				GCC_SYMBOLS_PRIVATE_EXTERN = NO;
				INFOPLIST_FILE = "$(SRCROOT)/Supporting Files/VOKCoreDataManager-Info.plist";
				IPHONEOS_DEPLOYMENT_TARGET = 7.0;
				PRODUCT_BUNDLE_IDENTIFIER = com.Vokal.VOKCoreDataManager;
				PRODUCT_NAME = VOKCoreDataManager;
				WRAPPER_EXTENSION = app;
			};
			name = Release;
		};
/* End XCBuildConfiguration section */

/* Begin XCConfigurationList section */
		2DCFA23CFD4B506D47B68B023BD0BF91 /* Build configuration list for PBXNativeTarget "VOKCoreDataManager Tests" */ = {
			isa = XCConfigurationList;
			buildConfigurations = (
				C3746D6FDA6560F307D40A14BD111D72 /* Debug */,
				8E0A0E60235B3C3887539BB8EF4950E7 /* Release */,
			);
			defaultConfigurationIsVisible = 0;
			defaultConfigurationName = Release;
		};
		F867312A439BED7E34A9CB410EA1B8FE /* Build configuration list for PBXProject "SampleProject" */ = {
			isa = XCConfigurationList;
			buildConfigurations = (
				A9D603DABF8F46954065B1A94538F563 /* Debug */,
				C44D2EA74B3CD11657C570F297A7C655 /* Release */,
			);
			defaultConfigurationIsVisible = 0;
			defaultConfigurationName = Release;
		};
		D575C0B2DB5B2D0C7B0F6561A8C98866 /* Build configuration list for PBXNativeTarget "VOKCoreDataManager" */ = {
			isa = XCConfigurationList;
			buildConfigurations = (
				5FCC49F2E06344B4FAC4E70BDAF82AE9 /* Debug */,
				0F6468F731A2CE9561C02E9070D1CCEB /* Release */,
			);
			defaultConfigurationIsVisible = 0;
			defaultConfigurationName = Release;
		};
/* End XCConfigurationList section */

/* Begin XCVersionGroup section */
		3B49410900A158E8377CE7F2559B9C35 /* VOKCoreDataModel.xcdatamodeld */ = {
			isa = XCVersionGroup;
			children = (
				F9A0DBC4EF27EAAE6ECE48E4C675565A /* VOKCoreDataModel.xcdatamodel */,
			);
			currentVersion = F9A0DBC4EF27EAAE6ECE48E4C675565A /* VOKCoreDataModel.xcdatamodel */;
			path = VOKCoreDataModel.xcdatamodeld;
			sourceTree = "<group>";
			versionGroupType = wrapper.xcdatamodel;
		};
/* End XCVersionGroup section */
	};
	rootObject = 6AF59CC944DB83110CECE01733FB4801 /* Project object */;
}
