// !$*UTF8*$!
{
	archiveVersion = 1;
	classes = {
	};
	objectVersion = 46;
	objects = {

/* Begin PBXBuildFile section */
		05AEF155DEB8A6E6DC49E89D3ED732BE /* LaunchScreen.storyboard in Resources */ = {isa = PBXBuildFile; fileRef = 7B2DD52511553AFED52F1C7FAB302509 /* LaunchScreen.storyboard */; };
		13B756DADF3E72A025410066B380633C /* ViewController.swift in Sources */ = {isa = PBXBuildFile; fileRef = 2E550F3709068140E62267CEFF2D2E70 /* ViewController.swift */; };
		1A38635A3DF2A77DD9D6C58E5A98F161 /* TrainLine+CoreDataProperties.swift in Sources */ = {isa = PBXBuildFile; fileRef = 145BE0A7B4938209A8FA4BCFBA005F28 /* TrainLine+CoreDataProperties.swift */; };
		2275CF87FB77F590CCFD1F98D36E8211 /* AppDelegate.swift in Sources */ = {isa = PBXBuildFile; fileRef = BD521B2E02D266CC465B9D095F79005A /* AppDelegate.swift */; };
		2F732F61EBE713D61615BF2CE3B79386 /* Main.storyboard in Resources */ = {isa = PBXBuildFile; fileRef = D3B504EB2B1B5DEBBBFACACABA841CAF /* Main.storyboard */; };
		3E8A3A9E018ACEAE364B8CB2A4FE8D44 /* Station.swift in Sources */ = {isa = PBXBuildFile; fileRef = 69134836DAFD53D209ABD3D1B583F664 /* Station.swift */; };
		4353D5BAC3ACDA8E9B315BFF47E381E2 /* Stop.swift in Sources */ = {isa = PBXBuildFile; fileRef = 064ED86BE3E12AC2E321CF46D6941FEF /* Stop.swift */; };
		4D240A1CC87674F3EC199156398D647F /* ManagedObjectContextTests.swift in Sources */ = {isa = PBXBuildFile; fileRef = 9DC2BE0F780BC69282F4D53F27FA0C77 /* ManagedObjectContextTests.swift */; };
		4E73857604AFC8D188ECAE06D311C066 /* CoreDataModel.xcdatamodeld in Sources */ = {isa = PBXBuildFile; fileRef = BDEF745271231C97477CC6E3E66C37A1 /* CoreDataModel.xcdatamodeld */; };
		5D5C37D24BB4AD73BB8F0F51CE624531 /* Pods_SwiftyVokoder.framework in Frameworks */ = {isa = PBXBuildFile; fileRef = F0464301A1EAC0D1A513E70C586DFF49 /* Pods_SwiftyVokoder.framework */; };
		85136C2EE244A4D628C1B219DCE952CD /* TrainLine.swift in Sources */ = {isa = PBXBuildFile; fileRef = 545EC380682838049E79A3F13B6B368D /* TrainLine.swift */; };
		8C0BD6C6C1284211A81D9F1AC851B516 /* CTA_stations.json in Resources */ = {isa = PBXBuildFile; fileRef = 7FD1F513534063F43E10B745ACD2CB3E /* CTA_stations.json */; };
		916126FF189CCDB204AAC73ED22A2E51 /* Pods_SwiftyVokoder_SwiftyVokoderTests.framework in Frameworks */ = {isa = PBXBuildFile; fileRef = C3FCBD4E355583F7DDC772816177DA93 /* Pods_SwiftyVokoder_SwiftyVokoderTests.framework */; };
		A2644A90E994FC887E98EEEDD942980C /* SwiftyVokoderTests.swift in Sources */ = {isa = PBXBuildFile; fileRef = 56EF860A982C324A0586B44784744EF1 /* SwiftyVokoderTests.swift */; };
		BB543BF6616187ECDAD2239D1E3435EA /* Station+CoreDataProperties.swift in Sources */ = {isa = PBXBuildFile; fileRef = 0F6F29BF2A8F6BD2110273BBF74D8E3C /* Station+CoreDataProperties.swift */; };
		C3F8DAFB0F51A137A37F74C16339207F /* Stop+CoreDataProperties.swift in Sources */ = {isa = PBXBuildFile; fileRef = AF742AE7FB79EB57E65DAFCBB83F20CC /* Stop+CoreDataProperties.swift */; };
		DC6FB2B37C6E36F1634131C3A766ABD7 /* Assets.xcassets in Resources */ = {isa = PBXBuildFile; fileRef = 0198668024FB3A5A69C5C2CFA97BB544 /* Assets.xcassets */; };
/* End PBXBuildFile section */

/* Begin PBXContainerItemProxy section */
		AA4DD2B4BBDAB8030CD15897BB484FBA /* PBXContainerItemProxy */ = {
			isa = PBXContainerItemProxy;
			containerPortal = 40AFB6C428DACFEC5FFA585114FD85D7 /* Project object */;
			proxyType = 1;
			remoteGlobalIDString = 5D926D8CF832E22C37EDE3AFD3F85BAB;
			remoteInfo = SwiftyVokoder;
		};
/* End PBXContainerItemProxy section */

/* Begin PBXFileReference section */
		0198668024FB3A5A69C5C2CFA97BB544 /* Assets.xcassets */ = {isa = PBXFileReference; lastKnownFileType = folder.assetcatalog; path = Assets.xcassets; sourceTree = "<group>"; };
		064ED86BE3E12AC2E321CF46D6941FEF /* Stop.swift */ = {isa = PBXFileReference; fileEncoding = 4; lastKnownFileType = sourcecode.swift; path = Stop.swift; sourceTree = "<group>"; };
		0F6F29BF2A8F6BD2110273BBF74D8E3C /* Station+CoreDataProperties.swift */ = {isa = PBXFileReference; fileEncoding = 4; lastKnownFileType = sourcecode.swift; path = "Station+CoreDataProperties.swift"; sourceTree = "<group>"; };
		145BE0A7B4938209A8FA4BCFBA005F28 /* TrainLine+CoreDataProperties.swift */ = {isa = PBXFileReference; fileEncoding = 4; lastKnownFileType = sourcecode.swift; path = "TrainLine+CoreDataProperties.swift"; sourceTree = "<group>"; };
		162BBBB03315A043E205487441426E6D /* Base */ = {isa = PBXFileReference; lastKnownFileType = file.storyboard; name = Base; path = Base.lproj/LaunchScreen.storyboard; sourceTree = "<group>"; };
		1979BF0EDA24E62A8C8838488893679B /* Info.plist */ = {isa = PBXFileReference; lastKnownFileType = text.plist.xml; path = Info.plist; sourceTree = "<group>"; };
		2E550F3709068140E62267CEFF2D2E70 /* ViewController.swift */ = {isa = PBXFileReference; lastKnownFileType = sourcecode.swift; path = ViewController.swift; sourceTree = "<group>"; };
		355157A383A0FF42F956100B65E7EFE9 /* Pods-SwiftyVokoder-SwiftyVokoderTests.release.xcconfig */ = {isa = PBXFileReference; includeInIndex = 1; lastKnownFileType = text.xcconfig; name = "Pods-SwiftyVokoder-SwiftyVokoderTests.release.xcconfig"; path = "Pods/Target Support Files/Pods-SwiftyVokoder-SwiftyVokoderTests/Pods-SwiftyVokoder-SwiftyVokoderTests.release.xcconfig"; sourceTree = "<group>"; };
		3E67AEB71835CB471BA7FD7569490152 /* SwiftyVokoder.app */ = {isa = PBXFileReference; explicitFileType = wrapper.application; includeInIndex = 0; path = SwiftyVokoder.app; sourceTree = BUILT_PRODUCTS_DIR; };
		505231E19471EF3E916FB3EC890D27C7 /* Pods-SwiftyVokoder.release.xcconfig */ = {isa = PBXFileReference; includeInIndex = 1; lastKnownFileType = text.xcconfig; name = "Pods-SwiftyVokoder.release.xcconfig"; path = "Pods/Target Support Files/Pods-SwiftyVokoder/Pods-SwiftyVokoder.release.xcconfig"; sourceTree = "<group>"; };
		545EC380682838049E79A3F13B6B368D /* TrainLine.swift */ = {isa = PBXFileReference; fileEncoding = 4; lastKnownFileType = sourcecode.swift; path = TrainLine.swift; sourceTree = "<group>"; };
		56EF860A982C324A0586B44784744EF1 /* SwiftyVokoderTests.swift */ = {isa = PBXFileReference; lastKnownFileType = sourcecode.swift; path = SwiftyVokoderTests.swift; sourceTree = "<group>"; };
		69134836DAFD53D209ABD3D1B583F664 /* Station.swift */ = {isa = PBXFileReference; fileEncoding = 4; lastKnownFileType = sourcecode.swift; path = Station.swift; sourceTree = "<group>"; };
		7C980B1FEC7B20C03453003E6FF50A18 /* Pods-SwiftyVokoder.debug.xcconfig */ = {isa = PBXFileReference; includeInIndex = 1; lastKnownFileType = text.xcconfig; name = "Pods-SwiftyVokoder.debug.xcconfig"; path = "Pods/Target Support Files/Pods-SwiftyVokoder/Pods-SwiftyVokoder.debug.xcconfig"; sourceTree = "<group>"; };
		7FD1F513534063F43E10B745ACD2CB3E /* CTA_stations.json */ = {isa = PBXFileReference; fileEncoding = 4; lastKnownFileType = text.json; path = CTA_stations.json; sourceTree = "<group>"; };
		8054B5A503F03451515C2DCC405F93FA /* CoreDataModel.xcdatamodel */ = {isa = PBXFileReference; lastKnownFileType = wrapper.xcdatamodel; path = CoreDataModel.xcdatamodel; sourceTree = "<group>"; };
		94DFACA4A1B4DE8DE1FB19FB0D426E1D /* Base */ = {isa = PBXFileReference; lastKnownFileType = file.storyboard; name = Base; path = Base.lproj/Main.storyboard; sourceTree = "<group>"; };
		9DC2BE0F780BC69282F4D53F27FA0C77 /* ManagedObjectContextTests.swift */ = {isa = PBXFileReference; fileEncoding = 4; lastKnownFileType = sourcecode.swift; path = ManagedObjectContextTests.swift; sourceTree = "<group>"; };
		A34D0C1EBBEE49A7CF082BB47B4AC1BD /* Info.plist */ = {isa = PBXFileReference; lastKnownFileType = text.plist.xml; path = Info.plist; sourceTree = "<group>"; };
		AF742AE7FB79EB57E65DAFCBB83F20CC /* Stop+CoreDataProperties.swift */ = {isa = PBXFileReference; fileEncoding = 4; lastKnownFileType = sourcecode.swift; path = "Stop+CoreDataProperties.swift"; sourceTree = "<group>"; };
		BD521B2E02D266CC465B9D095F79005A /* AppDelegate.swift */ = {isa = PBXFileReference; lastKnownFileType = sourcecode.swift; path = AppDelegate.swift; sourceTree = "<group>"; };
		C3FCBD4E355583F7DDC772816177DA93 /* Pods_SwiftyVokoder_SwiftyVokoderTests.framework */ = {isa = PBXFileReference; explicitFileType = wrapper.framework; includeInIndex = 0; path = Pods_SwiftyVokoder_SwiftyVokoderTests.framework; sourceTree = BUILT_PRODUCTS_DIR; };
		E5381E0DD2E2C4541EFD17CADD95C862 /* SwiftyVokoderTests.xctest */ = {isa = PBXFileReference; explicitFileType = wrapper.cfbundle; includeInIndex = 0; path = SwiftyVokoderTests.xctest; sourceTree = BUILT_PRODUCTS_DIR; };
		F0464301A1EAC0D1A513E70C586DFF49 /* Pods_SwiftyVokoder.framework */ = {isa = PBXFileReference; explicitFileType = wrapper.framework; includeInIndex = 0; path = Pods_SwiftyVokoder.framework; sourceTree = BUILT_PRODUCTS_DIR; };
		FC0F49F4BF4ED99445052144A43E99D5 /* Pods-SwiftyVokoder-SwiftyVokoderTests.debug.xcconfig */ = {isa = PBXFileReference; includeInIndex = 1; lastKnownFileType = text.xcconfig; name = "Pods-SwiftyVokoder-SwiftyVokoderTests.debug.xcconfig"; path = "Pods/Target Support Files/Pods-SwiftyVokoder-SwiftyVokoderTests/Pods-SwiftyVokoder-SwiftyVokoderTests.debug.xcconfig"; sourceTree = "<group>"; };
/* End PBXFileReference section */

/* Begin PBXFrameworksBuildPhase section */
		9528F4B0ECC74A6CAB4BE916C820F89C /* Frameworks */ = {
			isa = PBXFrameworksBuildPhase;
			buildActionMask = 2147483647;
			files = (
				916126FF189CCDB204AAC73ED22A2E51 /* Pods_SwiftyVokoder_SwiftyVokoderTests.framework in Frameworks */,
			);
			runOnlyForDeploymentPostprocessing = 0;
		};
		D400D43D0126779ACC0294DC166126B0 /* Frameworks */ = {
			isa = PBXFrameworksBuildPhase;
			buildActionMask = 2147483647;
			files = (
				5D5C37D24BB4AD73BB8F0F51CE624531 /* Pods_SwiftyVokoder.framework in Frameworks */,
			);
			runOnlyForDeploymentPostprocessing = 0;
		};
/* End PBXFrameworksBuildPhase section */

/* Begin PBXGroup section */
		0677B930C57DE145433AC8A17F6B17E9 /* Models */ = {
			isa = PBXGroup;
			children = (
				BDEF745271231C97477CC6E3E66C37A1 /* CoreDataModel.xcdatamodeld */,
				0F6F29BF2A8F6BD2110273BBF74D8E3C /* Station+CoreDataProperties.swift */,
				69134836DAFD53D209ABD3D1B583F664 /* Station.swift */,
				AF742AE7FB79EB57E65DAFCBB83F20CC /* Stop+CoreDataProperties.swift */,
				064ED86BE3E12AC2E321CF46D6941FEF /* Stop.swift */,
				145BE0A7B4938209A8FA4BCFBA005F28 /* TrainLine+CoreDataProperties.swift */,
				545EC380682838049E79A3F13B6B368D /* TrainLine.swift */,
			);
			path = Models;
			sourceTree = "<group>";
		};
		0B4B3611D9A82D0E03A7EAB500EABB79 /* Resources */ = {
			isa = PBXGroup;
			children = (
				0198668024FB3A5A69C5C2CFA97BB544 /* Assets.xcassets */,
				1979BF0EDA24E62A8C8838488893679B /* Info.plist */,
				7B2DD52511553AFED52F1C7FAB302509 /* LaunchScreen.storyboard */,
			);
			name = Resources;
			sourceTree = "<group>";
		};
		1623073249393FEBAB0C03C329DE138B /* Frameworks */ = {
			isa = PBXGroup;
			children = (
				F0464301A1EAC0D1A513E70C586DFF49 /* Pods_SwiftyVokoder.framework */,
				C3FCBD4E355583F7DDC772816177DA93 /* Pods_SwiftyVokoder_SwiftyVokoderTests.framework */,
			);
			name = Frameworks;
			sourceTree = "<group>";
		};
		4DF8BC90267D2E7C40C4D33AEA0E4CE4 /* Pods */ = {
			isa = PBXGroup;
			children = (
				FC0F49F4BF4ED99445052144A43E99D5 /* Pods-SwiftyVokoder-SwiftyVokoderTests.debug.xcconfig */,
				355157A383A0FF42F956100B65E7EFE9 /* Pods-SwiftyVokoder-SwiftyVokoderTests.release.xcconfig */,
				7C980B1FEC7B20C03453003E6FF50A18 /* Pods-SwiftyVokoder.debug.xcconfig */,
				505231E19471EF3E916FB3EC890D27C7 /* Pods-SwiftyVokoder.release.xcconfig */,
			);
			name = Pods;
			sourceTree = "<group>";
		};
		5EBEE6BC27660BC1F48ECE3F40DE201C /* Products */ = {
			isa = PBXGroup;
			children = (
				3E67AEB71835CB471BA7FD7569490152 /* SwiftyVokoder.app */,
				E5381E0DD2E2C4541EFD17CADD95C862 /* SwiftyVokoderTests.xctest */,
			);
			name = Products;
			sourceTree = "<group>";
		};
		B003EC81BC244444D1EDBE0A85983EF8 /* SwiftyVokoder */ = {
			isa = PBXGroup;
			children = (
				0677B930C57DE145433AC8A17F6B17E9 /* Models */,
				0B4B3611D9A82D0E03A7EAB500EABB79 /* Resources */,
				BD521B2E02D266CC465B9D095F79005A /* AppDelegate.swift */,
				7FD1F513534063F43E10B745ACD2CB3E /* CTA_stations.json */,
				D3B504EB2B1B5DEBBBFACACABA841CAF /* Main.storyboard */,
				2E550F3709068140E62267CEFF2D2E70 /* ViewController.swift */,
			);
			path = SwiftyVokoder;
			sourceTree = "<group>";
		};
		B26A57E5DB5EA746870E273A0685807F /* SwiftyVokoderTests */ = {
			isa = PBXGroup;
			children = (
				A34D0C1EBBEE49A7CF082BB47B4AC1BD /* Info.plist */,
				9DC2BE0F780BC69282F4D53F27FA0C77 /* ManagedObjectContextTests.swift */,
				56EF860A982C324A0586B44784744EF1 /* SwiftyVokoderTests.swift */,
			);
			path = SwiftyVokoderTests;
			sourceTree = "<group>";
		};
		E20F30F0F75FFD1471F237A7904E191E = {
			isa = PBXGroup;
			children = (
				1623073249393FEBAB0C03C329DE138B /* Frameworks */,
				4DF8BC90267D2E7C40C4D33AEA0E4CE4 /* Pods */,
				5EBEE6BC27660BC1F48ECE3F40DE201C /* Products */,
				B003EC81BC244444D1EDBE0A85983EF8 /* SwiftyVokoder */,
				B26A57E5DB5EA746870E273A0685807F /* SwiftyVokoderTests */,
			);
			sourceTree = "<group>";
		};
/* End PBXGroup section */

/* Begin PBXNativeTarget section */
		5D926D8CF832E22C37EDE3AFD3F85BAB /* SwiftyVokoder */ = {
			isa = PBXNativeTarget;
			buildConfigurationList = BE767AE88BA3A5EB62327B4AC8429047 /* Build configuration list for PBXNativeTarget "SwiftyVokoder" */;
			buildPhases = (
				828E2651192F97B5D68A10ADDDEA9483 /* [CP] Check Pods Manifest.lock */,
				FB97DDC14CD1A825CE27D5888F091842 /* Sources */,
				D400D43D0126779ACC0294DC166126B0 /* Frameworks */,
				2C72744B727B4C5CF6AF5D0F752AC135 /* Resources */,
				49E0215509643D28489667EC20E733E9 /* [CP] Embed Pods Frameworks */,
			);
			buildRules = (
			);
			dependencies = (
			);
			name = SwiftyVokoder;
			productName = SwiftyVokoder;
			productReference = 3E67AEB71835CB471BA7FD7569490152 /* SwiftyVokoder.app */;
			productType = "com.apple.product-type.application";
		};
		7C6878CAA87B40EAF6ACAC010FD2CB4B /* SwiftyVokoderTests */ = {
			isa = PBXNativeTarget;
			buildConfigurationList = F2492752AAD402EDD7D99590163D75A1 /* Build configuration list for PBXNativeTarget "SwiftyVokoderTests" */;
			buildPhases = (
				7FF17C56A3A654960B1FD9D68023AA31 /* [CP] Check Pods Manifest.lock */,
				74971D7261AEAEA3DCA94E01F6CC8B6C /* Sources */,
				9528F4B0ECC74A6CAB4BE916C820F89C /* Frameworks */,
				08E3D793695DE69640979C3396362A1A /* Resources */,
				3788563475F886282730C82BF464D619 /* [CP] Embed Pods Frameworks */,
			);
			buildRules = (
			);
			dependencies = (
				02EF45590A724EB77CEB6016BEDF7E1B /* PBXTargetDependency */,
			);
			name = SwiftyVokoderTests;
			productName = SwiftyVokoderTests;
			productReference = E5381E0DD2E2C4541EFD17CADD95C862 /* SwiftyVokoderTests.xctest */;
			productType = "com.apple.product-type.bundle.unit-test";
		};
/* End PBXNativeTarget section */

/* Begin PBXProject section */
		40AFB6C428DACFEC5FFA585114FD85D7 /* Project object */ = {
			isa = PBXProject;
			attributes = {
				LastSwiftUpdateCheck = 0710;
				LastUpgradeCheck = 1020;
				ORGANIZATIONNAME = Vokal;
				TargetAttributes = {
					5D926D8CF832E22C37EDE3AFD3F85BAB = {
						CreatedOnToolsVersion = 7.1;
						LastSwiftMigration = 0940;
					};
					7C6878CAA87B40EAF6ACAC010FD2CB4B = {
						CreatedOnToolsVersion = 7.1;
						LastSwiftMigration = 0940;
						TestTargetID = 5D926D8CF832E22C37EDE3AFD3F85BAB;
					};
				};
			};
			buildConfigurationList = 0493C47936C8F19552B598BD68DFABB1 /* Build configuration list for PBXProject "SwiftSampleProject" */;
			compatibilityVersion = "Xcode 3.2";
			developmentRegion = en;
			hasScannedForEncodings = 0;
			knownRegions = (
				en,
				Base,
			);
			mainGroup = E20F30F0F75FFD1471F237A7904E191E;
			productRefGroup = 5EBEE6BC27660BC1F48ECE3F40DE201C /* Products */;
			projectDirPath = "";
			projectRoot = "";
			targets = (
				5D926D8CF832E22C37EDE3AFD3F85BAB /* SwiftyVokoder */,
				7C6878CAA87B40EAF6ACAC010FD2CB4B /* SwiftyVokoderTests */,
			);
		};
/* End PBXProject section */

/* Begin PBXResourcesBuildPhase section */
		08E3D793695DE69640979C3396362A1A /* Resources */ = {
			isa = PBXResourcesBuildPhase;
			buildActionMask = 2147483647;
			files = (
			);
			runOnlyForDeploymentPostprocessing = 0;
		};
		2C72744B727B4C5CF6AF5D0F752AC135 /* Resources */ = {
			isa = PBXResourcesBuildPhase;
			buildActionMask = 2147483647;
			files = (
				DC6FB2B37C6E36F1634131C3A766ABD7 /* Assets.xcassets in Resources */,
				8C0BD6C6C1284211A81D9F1AC851B516 /* CTA_stations.json in Resources */,
				05AEF155DEB8A6E6DC49E89D3ED732BE /* LaunchScreen.storyboard in Resources */,
				2F732F61EBE713D61615BF2CE3B79386 /* Main.storyboard in Resources */,
			);
			runOnlyForDeploymentPostprocessing = 0;
		};
/* End PBXResourcesBuildPhase section */

/* Begin PBXShellScriptBuildPhase section */
		3788563475F886282730C82BF464D619 /* [CP] Embed Pods Frameworks */ = {
			isa = PBXShellScriptBuildPhase;
			buildActionMask = 2147483647;
			files = (
			);
			inputPaths = (
				"${PODS_ROOT}/Target Support Files/Pods-SwiftyVokoder-SwiftyVokoderTests/Pods-SwiftyVokoder-SwiftyVokoderTests-frameworks.sh",
				"${BUILT_PRODUCTS_DIR}/ILGDynamicObjC/ILGDynamicObjC.framework",
				"${BUILT_PRODUCTS_DIR}/VOKUtilities/VOKUtilities.framework",
				"${BUILT_PRODUCTS_DIR}/Vokoder/Vokoder.framework",
			);
			name = "[CP] Embed Pods Frameworks";
			outputPaths = (
				"${TARGET_BUILD_DIR}/${FRAMEWORKS_FOLDER_PATH}/ILGDynamicObjC.framework",
				"${TARGET_BUILD_DIR}/${FRAMEWORKS_FOLDER_PATH}/VOKUtilities.framework",
				"${TARGET_BUILD_DIR}/${FRAMEWORKS_FOLDER_PATH}/Vokoder.framework",
			);
			runOnlyForDeploymentPostprocessing = 0;
			shellPath = /bin/sh;
			shellScript = "\"${PODS_ROOT}/Target Support Files/Pods-SwiftyVokoder-SwiftyVokoderTests/Pods-SwiftyVokoder-SwiftyVokoderTests-frameworks.sh\"\n";
			showEnvVarsInLog = 0;
		};
		49E0215509643D28489667EC20E733E9 /* [CP] Embed Pods Frameworks */ = {
			isa = PBXShellScriptBuildPhase;
			buildActionMask = 2147483647;
			files = (
			);
			inputPaths = (
				"${PODS_ROOT}/Target Support Files/Pods-SwiftyVokoder/Pods-SwiftyVokoder-frameworks.sh",
				"${BUILT_PRODUCTS_DIR}/ILGDynamicObjC/ILGDynamicObjC.framework",
				"${BUILT_PRODUCTS_DIR}/VOKUtilities/VOKUtilities.framework",
				"${BUILT_PRODUCTS_DIR}/Vokoder/Vokoder.framework",
			);
			name = "[CP] Embed Pods Frameworks";
			outputPaths = (
				"${TARGET_BUILD_DIR}/${FRAMEWORKS_FOLDER_PATH}/ILGDynamicObjC.framework",
				"${TARGET_BUILD_DIR}/${FRAMEWORKS_FOLDER_PATH}/VOKUtilities.framework",
				"${TARGET_BUILD_DIR}/${FRAMEWORKS_FOLDER_PATH}/Vokoder.framework",
			);
			runOnlyForDeploymentPostprocessing = 0;
			shellPath = /bin/sh;
			shellScript = "\"${PODS_ROOT}/Target Support Files/Pods-SwiftyVokoder/Pods-SwiftyVokoder-frameworks.sh\"\n";
			showEnvVarsInLog = 0;
		};
		7FF17C56A3A654960B1FD9D68023AA31 /* [CP] Check Pods Manifest.lock */ = {
			isa = PBXShellScriptBuildPhase;
			buildActionMask = 2147483647;
			files = (
			);
			inputPaths = (
				"${PODS_PODFILE_DIR_PATH}/Podfile.lock",
				"${PODS_ROOT}/Manifest.lock",
			);
			name = "[CP] Check Pods Manifest.lock";
			outputPaths = (
				"$(DERIVED_FILE_DIR)/Pods-SwiftyVokoder-SwiftyVokoderTests-checkManifestLockResult.txt",
			);
			runOnlyForDeploymentPostprocessing = 0;
			shellPath = /bin/sh;
			shellScript = "diff \"${PODS_PODFILE_DIR_PATH}/Podfile.lock\" \"${PODS_ROOT}/Manifest.lock\" > /dev/null\nif [ $? != 0 ] ; then\n    # print error to STDERR\n    echo \"error: The sandbox is not in sync with the Podfile.lock. Run 'pod install' or update your CocoaPods installation.\" >&2\n    exit 1\nfi\n# This output is used by Xcode 'outputs' to avoid re-running this script phase.\necho \"SUCCESS\" > \"${SCRIPT_OUTPUT_FILE_0}\"\n";
			showEnvVarsInLog = 0;
		};
		828E2651192F97B5D68A10ADDDEA9483 /* [CP] Check Pods Manifest.lock */ = {
			isa = PBXShellScriptBuildPhase;
			buildActionMask = 2147483647;
			files = (
			);
			inputPaths = (
				"${PODS_PODFILE_DIR_PATH}/Podfile.lock",
				"${PODS_ROOT}/Manifest.lock",
			);
			name = "[CP] Check Pods Manifest.lock";
			outputPaths = (
				"$(DERIVED_FILE_DIR)/Pods-SwiftyVokoder-checkManifestLockResult.txt",
			);
			runOnlyForDeploymentPostprocessing = 0;
			shellPath = /bin/sh;
			shellScript = "diff \"${PODS_PODFILE_DIR_PATH}/Podfile.lock\" \"${PODS_ROOT}/Manifest.lock\" > /dev/null\nif [ $? != 0 ] ; then\n    # print error to STDERR\n    echo \"error: The sandbox is not in sync with the Podfile.lock. Run 'pod install' or update your CocoaPods installation.\" >&2\n    exit 1\nfi\n# This output is used by Xcode 'outputs' to avoid re-running this script phase.\necho \"SUCCESS\" > \"${SCRIPT_OUTPUT_FILE_0}\"\n";
			showEnvVarsInLog = 0;
		};
/* End PBXShellScriptBuildPhase section */

/* Begin PBXSourcesBuildPhase section */
		74971D7261AEAEA3DCA94E01F6CC8B6C /* Sources */ = {
			isa = PBXSourcesBuildPhase;
			buildActionMask = 2147483647;
			files = (
				4D240A1CC87674F3EC199156398D647F /* ManagedObjectContextTests.swift in Sources */,
				A2644A90E994FC887E98EEEDD942980C /* SwiftyVokoderTests.swift in Sources */,
			);
			runOnlyForDeploymentPostprocessing = 0;
		};
		FB97DDC14CD1A825CE27D5888F091842 /* Sources */ = {
			isa = PBXSourcesBuildPhase;
			buildActionMask = 2147483647;
			files = (
				2275CF87FB77F590CCFD1F98D36E8211 /* AppDelegate.swift in Sources */,
				4E73857604AFC8D188ECAE06D311C066 /* CoreDataModel.xcdatamodeld in Sources */,
				BB543BF6616187ECDAD2239D1E3435EA /* Station+CoreDataProperties.swift in Sources */,
				3E8A3A9E018ACEAE364B8CB2A4FE8D44 /* Station.swift in Sources */,
				C3F8DAFB0F51A137A37F74C16339207F /* Stop+CoreDataProperties.swift in Sources */,
				4353D5BAC3ACDA8E9B315BFF47E381E2 /* Stop.swift in Sources */,
				1A38635A3DF2A77DD9D6C58E5A98F161 /* TrainLine+CoreDataProperties.swift in Sources */,
				85136C2EE244A4D628C1B219DCE952CD /* TrainLine.swift in Sources */,
				13B756DADF3E72A025410066B380633C /* ViewController.swift in Sources */,
			);
			runOnlyForDeploymentPostprocessing = 0;
		};
/* End PBXSourcesBuildPhase section */

/* Begin PBXTargetDependency section */
		02EF45590A724EB77CEB6016BEDF7E1B /* PBXTargetDependency */ = {
			isa = PBXTargetDependency;
			target = 5D926D8CF832E22C37EDE3AFD3F85BAB /* SwiftyVokoder */;
			targetProxy = AA4DD2B4BBDAB8030CD15897BB484FBA /* PBXContainerItemProxy */;
		};
/* End PBXTargetDependency section */

/* Begin PBXVariantGroup section */
		7B2DD52511553AFED52F1C7FAB302509 /* LaunchScreen.storyboard */ = {
			isa = PBXVariantGroup;
			children = (
				162BBBB03315A043E205487441426E6D /* Base */,
			);
			name = LaunchScreen.storyboard;
			sourceTree = "<group>";
		};
		D3B504EB2B1B5DEBBBFACACABA841CAF /* Main.storyboard */ = {
			isa = PBXVariantGroup;
			children = (
				94DFACA4A1B4DE8DE1FB19FB0D426E1D /* Base */,
			);
			name = Main.storyboard;
			sourceTree = "<group>";
		};
/* End PBXVariantGroup section */

/* Begin XCBuildConfiguration section */
		0D92F8157CEA79C92C3282135374778B /* Debug */ = {
			isa = XCBuildConfiguration;
			baseConfigurationReference = FC0F49F4BF4ED99445052144A43E99D5 /* Pods-SwiftyVokoder-SwiftyVokoderTests.debug.xcconfig */;
			buildSettings = {
				ALWAYS_EMBED_SWIFT_STANDARD_LIBRARIES = YES;
				ALWAYS_SEARCH_USER_PATHS = NO;
				BUNDLE_LOADER = "$(TEST_HOST)";
				CLANG_CXX_LANGUAGE_STANDARD = "gnu++0x";
				CLANG_CXX_LIBRARY = "libc++";
				CLANG_ENABLE_MODULES = YES;
				CLANG_ENABLE_OBJC_ARC = YES;
				CLANG_WARN_BOOL_CONVERSION = YES;
				CLANG_WARN_CONSTANT_CONVERSION = YES;
				CLANG_WARN_DIRECT_OBJC_ISA_USAGE = YES_ERROR;
				CLANG_WARN_EMPTY_BODY = YES;
				CLANG_WARN_ENUM_CONVERSION = YES;
				CLANG_WARN_INT_CONVERSION = YES;
				CLANG_WARN_OBJC_ROOT_CLASS = YES_ERROR;
				CLANG_WARN_UNREACHABLE_CODE = YES;
				CLANG_WARN__DUPLICATE_METHOD_MATCH = YES;
				"CODE_SIGN_IDENTITY[sdk=iphoneos*]" = "iPhone Developer";
				COPY_PHASE_STRIP = NO;
				DEBUG_INFORMATION_FORMAT = dwarf;
				ENABLE_STRICT_OBJC_MSGSEND = YES;
				ENABLE_TESTABILITY = YES;
				GCC_C_LANGUAGE_STANDARD = gnu99;
				GCC_DYNAMIC_NO_PIC = NO;
				GCC_NO_COMMON_BLOCKS = YES;
				GCC_OPTIMIZATION_LEVEL = 0;
				GCC_PREPROCESSOR_DEFINITIONS = (
					"DEBUG=1",
					"$(inherited)",
				);
				GCC_WARN_64_TO_32_BIT_CONVERSION = YES;
				GCC_WARN_ABOUT_RETURN_TYPE = YES_ERROR;
				GCC_WARN_UNDECLARED_SELECTOR = YES;
				GCC_WARN_UNINITIALIZED_AUTOS = YES_AGGRESSIVE;
				GCC_WARN_UNUSED_FUNCTION = YES;
				GCC_WARN_UNUSED_VARIABLE = YES;
				INFOPLIST_FILE = SwiftyVokoderTests/Info.plist;
				IPHONEOS_DEPLOYMENT_TARGET = 9.1;
				LD_RUNPATH_SEARCH_PATHS = "$(inherited) @executable_path/Frameworks @loader_path/Frameworks";
				MTL_ENABLE_DEBUG_INFO = YES;
				ONLY_ACTIVE_ARCH = YES;
				PRODUCT_BUNDLE_IDENTIFIER = io.vokal.SwiftyVokoderTests;
				PRODUCT_NAME = "$(TARGET_NAME)";
				SDKROOT = iphoneos;
				SWIFT_VERSION = 4.2;
				TEST_HOST = "$(BUILT_PRODUCTS_DIR)/SwiftyVokoder.app/SwiftyVokoder";
			};
			name = Debug;
		};
		333A3F21E658EC16C21AC7E8DA3AF069 /* Release */ = {
			isa = XCBuildConfiguration;
			baseConfigurationReference = 505231E19471EF3E916FB3EC890D27C7 /* Pods-SwiftyVokoder.release.xcconfig */;
			buildSettings = {
				ALWAYS_EMBED_SWIFT_STANDARD_LIBRARIES = YES;
				ALWAYS_SEARCH_USER_PATHS = NO;
				ASSETCATALOG_COMPILER_APPICON_NAME = AppIcon;
				CLANG_CXX_LANGUAGE_STANDARD = "gnu++0x";
				CLANG_CXX_LIBRARY = "libc++";
				CLANG_ENABLE_MODULES = YES;
				CLANG_ENABLE_OBJC_ARC = YES;
				CLANG_WARN_BOOL_CONVERSION = YES;
				CLANG_WARN_CONSTANT_CONVERSION = YES;
				CLANG_WARN_DIRECT_OBJC_ISA_USAGE = YES_ERROR;
				CLANG_WARN_EMPTY_BODY = YES;
				CLANG_WARN_ENUM_CONVERSION = YES;
				CLANG_WARN_INT_CONVERSION = YES;
				CLANG_WARN_OBJC_ROOT_CLASS = YES_ERROR;
				CLANG_WARN_UNREACHABLE_CODE = YES;
				CLANG_WARN__DUPLICATE_METHOD_MATCH = YES;
				"CODE_SIGN_IDENTITY[sdk=iphoneos*]" = "iPhone Developer";
				COPY_PHASE_STRIP = NO;
				DEBUG_INFORMATION_FORMAT = "dwarf-with-dsym";
				ENABLE_NS_ASSERTIONS = NO;
				ENABLE_STRICT_OBJC_MSGSEND = YES;
				GCC_C_LANGUAGE_STANDARD = gnu99;
				GCC_NO_COMMON_BLOCKS = YES;
				GCC_WARN_64_TO_32_BIT_CONVERSION = YES;
				GCC_WARN_ABOUT_RETURN_TYPE = YES_ERROR;
				GCC_WARN_UNDECLARED_SELECTOR = YES;
				GCC_WARN_UNINITIALIZED_AUTOS = YES_AGGRESSIVE;
				GCC_WARN_UNUSED_FUNCTION = YES;
				GCC_WARN_UNUSED_VARIABLE = YES;
				INFOPLIST_FILE = SwiftyVokoder/Info.plist;
				IPHONEOS_DEPLOYMENT_TARGET = 9.1;
				LD_RUNPATH_SEARCH_PATHS = "$(inherited) @executable_path/Frameworks";
				MTL_ENABLE_DEBUG_INFO = NO;
				PRODUCT_BUNDLE_IDENTIFIER = io.vokal.SwiftyVokoder;
				PRODUCT_NAME = "$(TARGET_NAME)";
				SDKROOT = iphoneos;
				SWIFT_VERSION = 4.2;
				VALIDATE_PRODUCT = YES;
			};
			name = Release;
		};
		578EBCE5B9C3CA5E94555EDE3192C6D1 /* Release */ = {
			isa = XCBuildConfiguration;
			buildSettings = {
				CLANG_ANALYZER_LOCALIZABILITY_NONLOCALIZED = YES;
				CLANG_WARN_BLOCK_CAPTURE_AUTORELEASING = YES;
				CLANG_WARN_BOOL_CONVERSION = YES;
				CLANG_WARN_COMMA = YES;
				CLANG_WARN_CONSTANT_CONVERSION = YES;
				CLANG_WARN_DEPRECATED_OBJC_IMPLEMENTATIONS = YES;
				CLANG_WARN_EMPTY_BODY = YES;
				CLANG_WARN_ENUM_CONVERSION = YES;
				CLANG_WARN_INFINITE_RECURSION = YES;
				CLANG_WARN_INT_CONVERSION = YES;
				CLANG_WARN_NON_LITERAL_NULL_CONVERSION = YES;
				CLANG_WARN_OBJC_IMPLICIT_RETAIN_SELF = YES;
				CLANG_WARN_OBJC_LITERAL_CONVERSION = YES;
				CLANG_WARN_RANGE_LOOP_ANALYSIS = YES;
				CLANG_WARN_STRICT_PROTOTYPES = YES;
				CLANG_WARN_SUSPICIOUS_MOVE = YES;
				CLANG_WARN_UNREACHABLE_CODE = YES;
				CLANG_WARN__DUPLICATE_METHOD_MATCH = YES;
				ENABLE_STRICT_OBJC_MSGSEND = YES;
				GCC_NO_COMMON_BLOCKS = YES;
				GCC_WARN_64_TO_32_BIT_CONVERSION = YES;
				GCC_WARN_ABOUT_RETURN_TYPE = YES;
				GCC_WARN_UNDECLARED_SELECTOR = YES;
				GCC_WARN_UNINITIALIZED_AUTOS = YES;
				GCC_WARN_UNUSED_FUNCTION = YES;
				GCC_WARN_UNUSED_VARIABLE = YES;
				SWIFT_OPTIMIZATION_LEVEL = "-Owholemodule";
			};
			name = Release;
		};
		C28C1E2544389057C0FFDFAEF1D797AF /* Debug */ = {
			isa = XCBuildConfiguration;
			buildSettings = {
				CLANG_ANALYZER_LOCALIZABILITY_NONLOCALIZED = YES;
				CLANG_WARN_BLOCK_CAPTURE_AUTORELEASING = YES;
				CLANG_WARN_BOOL_CONVERSION = YES;
				CLANG_WARN_COMMA = YES;
				CLANG_WARN_CONSTANT_CONVERSION = YES;
				CLANG_WARN_DEPRECATED_OBJC_IMPLEMENTATIONS = YES;
				CLANG_WARN_EMPTY_BODY = YES;
				CLANG_WARN_ENUM_CONVERSION = YES;
				CLANG_WARN_INFINITE_RECURSION = YES;
				CLANG_WARN_INT_CONVERSION = YES;
				CLANG_WARN_NON_LITERAL_NULL_CONVERSION = YES;
				CLANG_WARN_OBJC_IMPLICIT_RETAIN_SELF = YES;
				CLANG_WARN_OBJC_LITERAL_CONVERSION = YES;
				CLANG_WARN_RANGE_LOOP_ANALYSIS = YES;
				CLANG_WARN_STRICT_PROTOTYPES = YES;
				CLANG_WARN_SUSPICIOUS_MOVE = YES;
				CLANG_WARN_UNREACHABLE_CODE = YES;
				CLANG_WARN__DUPLICATE_METHOD_MATCH = YES;
				ENABLE_STRICT_OBJC_MSGSEND = YES;
				ENABLE_TESTABILITY = YES;
				GCC_NO_COMMON_BLOCKS = YES;
				GCC_WARN_64_TO_32_BIT_CONVERSION = YES;
				GCC_WARN_ABOUT_RETURN_TYPE = YES;
				GCC_WARN_UNDECLARED_SELECTOR = YES;
				GCC_WARN_UNINITIALIZED_AUTOS = YES;
				GCC_WARN_UNUSED_FUNCTION = YES;
				GCC_WARN_UNUSED_VARIABLE = YES;
				ONLY_ACTIVE_ARCH = YES;
			};
			name = Debug;
		};
		ED3484A15FFF4C3CA0C070F4CA937A13 /* Debug */ = {
			isa = XCBuildConfiguration;
			baseConfigurationReference = 7C980B1FEC7B20C03453003E6FF50A18 /* Pods-SwiftyVokoder.debug.xcconfig */;
			buildSettings = {
				ALWAYS_EMBED_SWIFT_STANDARD_LIBRARIES = YES;
				ALWAYS_SEARCH_USER_PATHS = NO;
				ASSETCATALOG_COMPILER_APPICON_NAME = AppIcon;
				CLANG_CXX_LANGUAGE_STANDARD = "gnu++0x";
				CLANG_CXX_LIBRARY = "libc++";
				CLANG_ENABLE_MODULES = YES;
				CLANG_ENABLE_OBJC_ARC = YES;
				CLANG_WARN_BOOL_CONVERSION = YES;
				CLANG_WARN_CONSTANT_CONVERSION = YES;
				CLANG_WARN_DIRECT_OBJC_ISA_USAGE = YES_ERROR;
				CLANG_WARN_EMPTY_BODY = YES;
				CLANG_WARN_ENUM_CONVERSION = YES;
				CLANG_WARN_INT_CONVERSION = YES;
				CLANG_WARN_OBJC_ROOT_CLASS = YES_ERROR;
				CLANG_WARN_UNREACHABLE_CODE = YES;
				CLANG_WARN__DUPLICATE_METHOD_MATCH = YES;
				"CODE_SIGN_IDENTITY[sdk=iphoneos*]" = "iPhone Developer";
				COPY_PHASE_STRIP = NO;
				DEBUG_INFORMATION_FORMAT = dwarf;
				ENABLE_STRICT_OBJC_MSGSEND = YES;
				ENABLE_TESTABILITY = YES;
				GCC_C_LANGUAGE_STANDARD = gnu99;
				GCC_DYNAMIC_NO_PIC = NO;
				GCC_NO_COMMON_BLOCKS = YES;
				GCC_OPTIMIZATION_LEVEL = 0;
				GCC_PREPROCESSOR_DEFINITIONS = (
					"DEBUG=1",
					"$(inherited)",
				);
				GCC_WARN_64_TO_32_BIT_CONVERSION = YES;
				GCC_WARN_ABOUT_RETURN_TYPE = YES_ERROR;
				GCC_WARN_UNDECLARED_SELECTOR = YES;
				GCC_WARN_UNINITIALIZED_AUTOS = YES_AGGRESSIVE;
				GCC_WARN_UNUSED_FUNCTION = YES;
				GCC_WARN_UNUSED_VARIABLE = YES;
				INFOPLIST_FILE = SwiftyVokoder/Info.plist;
				IPHONEOS_DEPLOYMENT_TARGET = 9.1;
				LD_RUNPATH_SEARCH_PATHS = "$(inherited) @executable_path/Frameworks";
				MTL_ENABLE_DEBUG_INFO = YES;
				ONLY_ACTIVE_ARCH = YES;
				PRODUCT_BUNDLE_IDENTIFIER = io.vokal.SwiftyVokoder;
				PRODUCT_NAME = "$(TARGET_NAME)";
				SDKROOT = iphoneos;
				SWIFT_OPTIMIZATION_LEVEL = "-Onone";
				SWIFT_VERSION = 4.2;
			};
			name = Debug;
		};
		FF91FD05088C043C6B486B0DA5D4A1D1 /* Release */ = {
			isa = XCBuildConfiguration;
			baseConfigurationReference = 355157A383A0FF42F956100B65E7EFE9 /* Pods-SwiftyVokoder-SwiftyVokoderTests.release.xcconfig */;
			buildSettings = {
				ALWAYS_EMBED_SWIFT_STANDARD_LIBRARIES = YES;
				ALWAYS_SEARCH_USER_PATHS = NO;
				BUNDLE_LOADER = "$(TEST_HOST)";
				CLANG_CXX_LANGUAGE_STANDARD = "gnu++0x";
				CLANG_CXX_LIBRARY = "libc++";
				CLANG_ENABLE_MODULES = YES;
				CLANG_ENABLE_OBJC_ARC = YES;
				CLANG_WARN_BOOL_CONVERSION = YES;
				CLANG_WARN_CONSTANT_CONVERSION = YES;
				CLANG_WARN_DIRECT_OBJC_ISA_USAGE = YES_ERROR;
				CLANG_WARN_EMPTY_BODY = YES;
				CLANG_WARN_ENUM_CONVERSION = YES;
				CLANG_WARN_INT_CONVERSION = YES;
				CLANG_WARN_OBJC_ROOT_CLASS = YES_ERROR;
				CLANG_WARN_UNREACHABLE_CODE = YES;
				CLANG_WARN__DUPLICATE_METHOD_MATCH = YES;
				"CODE_SIGN_IDENTITY[sdk=iphoneos*]" = "iPhone Developer";
				COPY_PHASE_STRIP = NO;
				DEBUG_INFORMATION_FORMAT = "dwarf-with-dsym";
				ENABLE_NS_ASSERTIONS = NO;
				ENABLE_STRICT_OBJC_MSGSEND = YES;
				GCC_C_LANGUAGE_STANDARD = gnu99;
				GCC_NO_COMMON_BLOCKS = YES;
				GCC_WARN_64_TO_32_BIT_CONVERSION = YES;
				GCC_WARN_ABOUT_RETURN_TYPE = YES_ERROR;
				GCC_WARN_UNDECLARED_SELECTOR = YES;
				GCC_WARN_UNINITIALIZED_AUTOS = YES_AGGRESSIVE;
				GCC_WARN_UNUSED_FUNCTION = YES;
				GCC_WARN_UNUSED_VARIABLE = YES;
				INFOPLIST_FILE = SwiftyVokoderTests/Info.plist;
				IPHONEOS_DEPLOYMENT_TARGET = 9.1;
				LD_RUNPATH_SEARCH_PATHS = "$(inherited) @executable_path/Frameworks @loader_path/Frameworks";
				MTL_ENABLE_DEBUG_INFO = NO;
				PRODUCT_BUNDLE_IDENTIFIER = io.vokal.SwiftyVokoderTests;
				PRODUCT_NAME = "$(TARGET_NAME)";
				SDKROOT = iphoneos;
				SWIFT_VERSION = 4.2;
				TEST_HOST = "$(BUILT_PRODUCTS_DIR)/SwiftyVokoder.app/SwiftyVokoder";
				VALIDATE_PRODUCT = YES;
			};
			name = Release;
		};
/* End XCBuildConfiguration section */

/* Begin XCConfigurationList section */
		0493C47936C8F19552B598BD68DFABB1 /* Build configuration list for PBXProject "SwiftSampleProject" */ = {
			isa = XCConfigurationList;
			buildConfigurations = (
				C28C1E2544389057C0FFDFAEF1D797AF /* Debug */,
				578EBCE5B9C3CA5E94555EDE3192C6D1 /* Release */,
			);
			defaultConfigurationIsVisible = 0;
			defaultConfigurationName = Release;
		};
		BE767AE88BA3A5EB62327B4AC8429047 /* Build configuration list for PBXNativeTarget "SwiftyVokoder" */ = {
			isa = XCConfigurationList;
			buildConfigurations = (
				ED3484A15FFF4C3CA0C070F4CA937A13 /* Debug */,
				333A3F21E658EC16C21AC7E8DA3AF069 /* Release */,
			);
			defaultConfigurationIsVisible = 0;
			defaultConfigurationName = Release;
		};
		F2492752AAD402EDD7D99590163D75A1 /* Build configuration list for PBXNativeTarget "SwiftyVokoderTests" */ = {
			isa = XCConfigurationList;
			buildConfigurations = (
				0D92F8157CEA79C92C3282135374778B /* Debug */,
				FF91FD05088C043C6B486B0DA5D4A1D1 /* Release */,
			);
			defaultConfigurationIsVisible = 0;
			defaultConfigurationName = Release;
		};
/* End XCConfigurationList section */

/* Begin XCVersionGroup section */
		BDEF745271231C97477CC6E3E66C37A1 /* CoreDataModel.xcdatamodeld */ = {
			isa = XCVersionGroup;
			children = (
				8054B5A503F03451515C2DCC405F93FA /* CoreDataModel.xcdatamodel */,
			);
			currentVersion = 8054B5A503F03451515C2DCC405F93FA /* CoreDataModel.xcdatamodel */;
			path = CoreDataModel.xcdatamodeld;
			sourceTree = "<group>";
			versionGroupType = wrapper.xcdatamodel;
		};
/* End XCVersionGroup section */
	};
	rootObject = 40AFB6C428DACFEC5FFA585114FD85D7 /* Project object */;
}
