PODS:
  - ILGDynamicObjC/ILGClasses (0.1.1)
  - Vokoder (1.4.1):
    - Vokoder/Core (= 1.4.1)
    - Vokoder/DataSources (= 1.4.1)
  - Vokoder/Core (1.4.1):
    - ILGDynamicObjC/ILGClasses (~> 0.1.1)
  - Vokoder/DataSources (1.4.1):
    - Vokoder/Core
    - Vokoder/DataSources/Collection (= 1.4.1)
    - Vokoder/DataSources/FetchedResults (= 1.4.1)
    - Vokoder/DataSources/PagingFetchedResults (= 1.4.1)
  - Vokoder/DataSources/Collection (1.4.1):
    - Vokoder/Core
    - Vokoder/DataSources/FetchedResults
  - Vokoder/DataSources/FetchedResults (1.4.1):
    - Vokoder/Core
  - Vokoder/DataSources/PagingFetchedResults (1.4.1):
    - Vokoder/Core
    - Vokoder/DataSources/FetchedResults

DEPENDENCIES:
  - Vokoder (from `../`)

EXTERNAL SOURCES:
  Vokoder:
    :path: "../"

SPEC CHECKSUMS:
  ILGDynamicObjC: 63443567f8ce851067ea3070d3b8c7f93d37207c
  Vokoder: 6bb77e5a4417b6d7e75ef17eb231e7af01f35db1

COCOAPODS: 0.39.0
