PODS:
  - ILGDynamicObjC/ILGClasses (0.1.1)
  - Vokoder (5.0.0):
    - Vokoder/Core (= 5.0.0)
    - Vokoder/DataSources (= 5.0.0)
    - Vokoder/MapperMacros (= 5.0.0)
  - Vokoder/Core (5.0.0):
    - ILGDynamicObjC/ILGClasses (~> 0.1.1)
    - VOKUtilities/VOKKeyPathHelper (~> 0.11.0)
  - Vokoder/DataSources (5.0.0):
    - Vokoder/Core
    - Vokoder/DataSources/Collection (= 5.0.0)
    - Vokoder/DataSources/FetchedResults (= 5.0.0)
    - Vokoder/DataSources/PagingFetchedResults (= 5.0.0)
  - Vokoder/DataSources/Collection (5.0.0):
    - Vokoder/Core
    - Vokoder/DataSources/FetchedResults
  - Vokoder/DataSources/FetchedResults (5.0.0):
    - Vokoder/Core
  - Vokoder/DataSources/PagingFetchedResults (5.0.0):
    - Vokoder/Core
    - Vokoder/DataSources/FetchedResults
  - Vokoder/MapperMacros (5.0.0):
    - Vokoder/Core
  - VOKUtilities/VOKKeyPathHelper (0.11.0)
  - xUnique (4.1.2)

DEPENDENCIES:
  - Vokoder (from `../`)
  - xUnique (from `https://github.com/vokal/xUnique.git`, commit `26adc7d50b`)

EXTERNAL SOURCES:
  Vokoder:
    :path: "../"
  xUnique:
    :commit: 26adc7d50b
    :git: https://github.com/vokal/xUnique.git

CHECKOUT OPTIONS:
  xUnique:
    :commit: 26adc7d50b
    :git: https://github.com/vokal/xUnique.git

SPEC CHECKSUMS:
  ILGDynamicObjC: 63443567f8ce851067ea3070d3b8c7f93d37207c
  Vokoder: 36b3c173b1f8933aebd419ff6e740fece076be06
  VOKUtilities: e831207f9217bd8060467d28f26b5f7a902db63c
  xUnique: 7f74d3f52c7769f648aa7be8fe614fc27dba2405

PODFILE CHECKSUM: ab4c7cc60da3fa7a4fedc6f07f6e8c0b3d354f5a

COCOAPODS: 1.2.0
