// !$*UTF8*$!
{
	archiveVersion = 1;
	classes = {
	};
	objectVersion = 46;
	objects = {

/* Begin PBXBuildFile section */
		3D03C8A71919229C006772E5 /* ManagedObjectImportExportTests.m in Sources */ = {isa = PBXBuildFile; fileRef = 3D03C8A61919229C006772E5 /* ManagedObjectImportExportTests.m */; };
		3D27C6F518E1157D00E0FC3C /* VOKFetchedResultsDataSource.m in Sources */ = {isa = PBXBuildFile; fileRef = 3D27C6E718E1157D00E0FC3C /* VOKFetchedResultsDataSource.m */; };
		3D27C6F718E1157D00E0FC3C /* VOKCoreDataManager.m in Sources */ = {isa = PBXBuildFile; fileRef = 3D27C6EA18E1157D00E0FC3C /* VOKCoreDataManager.m */; };
		3D27C6F818E1157D00E0FC3C /* NSManagedObject+VOKManagedObjectAdditions.m in Sources */ = {isa = PBXBuildFile; fileRef = 3D27C6EC18E1157D00E0FC3C /* NSManagedObject+VOKManagedObjectAdditions.m */; };
		3D27C6F918E1157D00E0FC3C /* VOKManagedObjectMap.m in Sources */ = {isa = PBXBuildFile; fileRef = 3D27C6EE18E1157D00E0FC3C /* VOKManagedObjectMap.m */; };
		3D27C6FA18E1157D00E0FC3C /* VOKManagedObjectMapper.m in Sources */ = {isa = PBXBuildFile; fileRef = 3D27C6F018E1157D00E0FC3C /* VOKManagedObjectMapper.m */; };
		3D40DE3D180729A10048D5EE /* XCTest.framework in Frameworks */ = {isa = PBXBuildFile; fileRef = 3D40DE34180728BF0048D5EE /* XCTest.framework */; };
		3D40DE3E180729A10048D5EE /* Foundation.framework in Frameworks */ = {isa = PBXBuildFile; fileRef = EA5F19A615C196500089AA44 /* Foundation.framework */; };
		3D40DE3F180729A10048D5EE /* UIKit.framework in Frameworks */ = {isa = PBXBuildFile; fileRef = EA5F19A415C196500089AA44 /* UIKit.framework */; };
		3D40DE45180729A10048D5EE /* InfoPlist.strings in Resources */ = {isa = PBXBuildFile; fileRef = 3D40DE43180729A10048D5EE /* InfoPlist.strings */; };
		3D6B1EFC18E1D7D900CF2259 /* VOKDefaultPagingAccessory.m in Sources */ = {isa = PBXBuildFile; fileRef = 3D6B1EF918E1D7D900CF2259 /* VOKDefaultPagingAccessory.m */; };
		3D6B1EFD18E1D7D900CF2259 /* VOKPagingFetchedResultsDataSource.m in Sources */ = {isa = PBXBuildFile; fileRef = 3D6B1EFB18E1D7D900CF2259 /* VOKPagingFetchedResultsDataSource.m */; };
		3DF9C34A19A923990047140D /* VIPerson.m in Sources */ = {isa = PBXBuildFile; fileRef = 3DF9C34919A923990047140D /* VIPerson.m */; };
		3DF9C34D19A9239A0047140D /* VIThing.m in Sources */ = {isa = PBXBuildFile; fileRef = 3DF9C34C19A9239A0047140D /* VIThing.m */; };
		6FE6F6ED16C556A600E79EDE /* Default-568h@2x.png in Resources */ = {isa = PBXBuildFile; fileRef = 6FE6F6EC16C556A600E79EDE /* Default-568h@2x.png */; };
		DE48FBBD1A23B80300C12D6B /* CoreDataManagerDeleteTests.m in Sources */ = {isa = PBXBuildFile; fileRef = DE48FBBC1A23B80300C12D6B /* CoreDataManagerDeleteTests.m */; };
		EA26603315C251BF00D61F01 /* VIPersonDataSource.m in Sources */ = {isa = PBXBuildFile; fileRef = EA26603215C251BF00D61F01 /* VIPersonDataSource.m */; };
		EA4FE17915C2EEC700424469 /* VICoreDataModel.xcdatamodeld in Sources */ = {isa = PBXBuildFile; fileRef = EA4FE17715C2EEC700424469 /* VICoreDataModel.xcdatamodeld */; };
		EA5F19A515C196500089AA44 /* UIKit.framework in Frameworks */ = {isa = PBXBuildFile; fileRef = EA5F19A415C196500089AA44 /* UIKit.framework */; };
		EA5F19A715C196500089AA44 /* Foundation.framework in Frameworks */ = {isa = PBXBuildFile; fileRef = EA5F19A615C196500089AA44 /* Foundation.framework */; };
		EA5F19A915C196500089AA44 /* CoreGraphics.framework in Frameworks */ = {isa = PBXBuildFile; fileRef = EA5F19A815C196500089AA44 /* CoreGraphics.framework */; };
		EA5F19AF15C196500089AA44 /* InfoPlist.strings in Resources */ = {isa = PBXBuildFile; fileRef = EA5F19AD15C196500089AA44 /* InfoPlist.strings */; };
		EA5F19B115C196500089AA44 /* main.m in Sources */ = {isa = PBXBuildFile; fileRef = EA5F19B015C196500089AA44 /* main.m */; };
		EA5F19B515C196500089AA44 /* VIAppDelegate.m in Sources */ = {isa = PBXBuildFile; fileRef = EA5F19B415C196500089AA44 /* VIAppDelegate.m */; };
		EA5F19B815C196500089AA44 /* VIViewController.m in Sources */ = {isa = PBXBuildFile; fileRef = EA5F19B715C196500089AA44 /* VIViewController.m */; };
		EA5F19CE15C197990089AA44 /* CoreData.framework in Frameworks */ = {isa = PBXBuildFile; fileRef = EA5F19CD15C197990089AA44 /* CoreData.framework */; };
/* End PBXBuildFile section */

/* Begin PBXContainerItemProxy section */
		3D40DE49180729A10048D5EE /* PBXContainerItemProxy */ = {
			isa = PBXContainerItemProxy;
			containerPortal = EA5F199715C196500089AA44 /* Project object */;
			proxyType = 1;
			remoteGlobalIDString = EA5F199F15C196500089AA44;
			remoteInfo = CoreData;
		};
/* End PBXContainerItemProxy section */

/* Begin PBXFileReference section */
		3D03C8A61919229C006772E5 /* ManagedObjectImportExportTests.m */ = {isa = PBXFileReference; fileEncoding = 4; lastKnownFileType = sourcecode.c.objc; path = ManagedObjectImportExportTests.m; sourceTree = "<group>"; };
		3D27C6E218E1157D00E0FC3C /* VOKCarouselDataSource.h */ = {isa = PBXFileReference; fileEncoding = 4; lastKnownFileType = sourcecode.c.h; path = VOKCarouselDataSource.h; sourceTree = "<group>"; };
		3D27C6E318E1157D00E0FC3C /* VOKCarouselDataSource.m */ = {isa = PBXFileReference; fileEncoding = 4; lastKnownFileType = sourcecode.c.objc; path = VOKCarouselDataSource.m; sourceTree = "<group>"; };
		3D27C6E418E1157D00E0FC3C /* VOKCollectionDataSource.h */ = {isa = PBXFileReference; fileEncoding = 4; lastKnownFileType = sourcecode.c.h; path = VOKCollectionDataSource.h; sourceTree = "<group>"; };
		3D27C6E518E1157D00E0FC3C /* VOKCollectionDataSource.m */ = {isa = PBXFileReference; fileEncoding = 4; lastKnownFileType = sourcecode.c.objc; path = VOKCollectionDataSource.m; sourceTree = "<group>"; };
		3D27C6E618E1157D00E0FC3C /* VOKFetchedResultsDataSource.h */ = {isa = PBXFileReference; fileEncoding = 4; lastKnownFileType = sourcecode.c.h; path = VOKFetchedResultsDataSource.h; sourceTree = "<group>"; };
		3D27C6E718E1157D00E0FC3C /* VOKFetchedResultsDataSource.m */ = {isa = PBXFileReference; fileEncoding = 4; lastKnownFileType = sourcecode.c.objc; path = VOKFetchedResultsDataSource.m; sourceTree = "<group>"; };
		3D27C6E918E1157D00E0FC3C /* VOKCoreDataManager.h */ = {isa = PBXFileReference; fileEncoding = 4; lastKnownFileType = sourcecode.c.h; path = VOKCoreDataManager.h; sourceTree = "<group>"; };
		3D27C6EA18E1157D00E0FC3C /* VOKCoreDataManager.m */ = {isa = PBXFileReference; fileEncoding = 4; lastKnownFileType = sourcecode.c.objc; path = VOKCoreDataManager.m; sourceTree = "<group>"; };
		3D27C6EB18E1157D00E0FC3C /* NSManagedObject+VOKManagedObjectAdditions.h */ = {isa = PBXFileReference; fileEncoding = 4; lastKnownFileType = sourcecode.c.h; path = "NSManagedObject+VOKManagedObjectAdditions.h"; sourceTree = "<group>"; };
		3D27C6EC18E1157D00E0FC3C /* NSManagedObject+VOKManagedObjectAdditions.m */ = {isa = PBXFileReference; fileEncoding = 4; lastKnownFileType = sourcecode.c.objc; path = "NSManagedObject+VOKManagedObjectAdditions.m"; sourceTree = "<group>"; };
		3D27C6ED18E1157D00E0FC3C /* VOKManagedObjectMap.h */ = {isa = PBXFileReference; fileEncoding = 4; lastKnownFileType = sourcecode.c.h; path = VOKManagedObjectMap.h; sourceTree = "<group>"; };
		3D27C6EE18E1157D00E0FC3C /* VOKManagedObjectMap.m */ = {isa = PBXFileReference; fileEncoding = 4; lastKnownFileType = sourcecode.c.objc; path = VOKManagedObjectMap.m; sourceTree = "<group>"; };
		3D27C6EF18E1157D00E0FC3C /* VOKManagedObjectMapper.h */ = {isa = PBXFileReference; fileEncoding = 4; lastKnownFileType = sourcecode.c.h; path = VOKManagedObjectMapper.h; sourceTree = "<group>"; };
		3D27C6F018E1157D00E0FC3C /* VOKManagedObjectMapper.m */ = {isa = PBXFileReference; fileEncoding = 4; lastKnownFileType = sourcecode.c.objc; path = VOKManagedObjectMapper.m; sourceTree = "<group>"; };
		3D40DE34180728BF0048D5EE /* XCTest.framework */ = {isa = PBXFileReference; lastKnownFileType = wrapper.framework; name = XCTest.framework; path = Library/Frameworks/XCTest.framework; sourceTree = DEVELOPER_DIR; };
		3D40DE3C180729A10048D5EE /* VOKCoreDataManager Tests.xctest */ = {isa = PBXFileReference; explicitFileType = wrapper.cfbundle; includeInIndex = 0; path = "VOKCoreDataManager Tests.xctest"; sourceTree = BUILT_PRODUCTS_DIR; };
		3D40DE42180729A10048D5EE /* VOKCoreDataManager Tests-Info.plist */ = {isa = PBXFileReference; lastKnownFileType = text.plist.xml; path = "VOKCoreDataManager Tests-Info.plist"; sourceTree = "<group>"; };
		3D40DE44180729A10048D5EE /* en */ = {isa = PBXFileReference; lastKnownFileType = text.plist.strings; name = en; path = en.lproj/InfoPlist.strings; sourceTree = "<group>"; };
		3D40DE48180729A10048D5EE /* VOKCoreDataManager Tests-Prefix.pch */ = {isa = PBXFileReference; lastKnownFileType = sourcecode.c.h; path = "VOKCoreDataManager Tests-Prefix.pch"; sourceTree = "<group>"; };
		3D6B1EF818E1D7D900CF2259 /* VOKDefaultPagingAccessory.h */ = {isa = PBXFileReference; fileEncoding = 4; lastKnownFileType = sourcecode.c.h; path = VOKDefaultPagingAccessory.h; sourceTree = "<group>"; };
		3D6B1EF918E1D7D900CF2259 /* VOKDefaultPagingAccessory.m */ = {isa = PBXFileReference; fileEncoding = 4; lastKnownFileType = sourcecode.c.objc; path = VOKDefaultPagingAccessory.m; sourceTree = "<group>"; };
		3D6B1EFA18E1D7D900CF2259 /* VOKPagingFetchedResultsDataSource.h */ = {isa = PBXFileReference; fileEncoding = 4; lastKnownFileType = sourcecode.c.h; path = VOKPagingFetchedResultsDataSource.h; sourceTree = "<group>"; };
		3D6B1EFB18E1D7D900CF2259 /* VOKPagingFetchedResultsDataSource.m */ = {isa = PBXFileReference; fileEncoding = 4; lastKnownFileType = sourcecode.c.objc; path = VOKPagingFetchedResultsDataSource.m; sourceTree = "<group>"; };
		3DF9C34819A923990047140D /* VIPerson.h */ = {isa = PBXFileReference; fileEncoding = 4; lastKnownFileType = sourcecode.c.h; path = VIPerson.h; sourceTree = "<group>"; };
		3DF9C34919A923990047140D /* VIPerson.m */ = {isa = PBXFileReference; fileEncoding = 4; lastKnownFileType = sourcecode.c.objc; path = VIPerson.m; sourceTree = "<group>"; };
		3DF9C34B19A9239A0047140D /* VIThing.h */ = {isa = PBXFileReference; fileEncoding = 4; lastKnownFileType = sourcecode.c.h; path = VIThing.h; sourceTree = "<group>"; };
		3DF9C34C19A9239A0047140D /* VIThing.m */ = {isa = PBXFileReference; fileEncoding = 4; lastKnownFileType = sourcecode.c.objc; path = VIThing.m; sourceTree = "<group>"; };
		6FE6F6EC16C556A600E79EDE /* Default-568h@2x.png */ = {isa = PBXFileReference; lastKnownFileType = image.png; name = "Default-568h@2x.png"; path = "../Default-568h@2x.png"; sourceTree = "<group>"; };
		71782CE6192D1A8B0013FF8A /* VOKCoreDataManagerInternalMacros.h */ = {isa = PBXFileReference; lastKnownFileType = sourcecode.c.h; path = VOKCoreDataManagerInternalMacros.h; sourceTree = "<group>"; };
		DE48FBBC1A23B80300C12D6B /* CoreDataManagerDeleteTests.m */ = {isa = PBXFileReference; fileEncoding = 4; lastKnownFileType = sourcecode.c.objc; path = CoreDataManagerDeleteTests.m; sourceTree = "<group>"; };
		EA26603115C251BF00D61F01 /* VIPersonDataSource.h */ = {isa = PBXFileReference; fileEncoding = 4; lastKnownFileType = sourcecode.c.h; path = VIPersonDataSource.h; sourceTree = "<group>"; };
		EA26603215C251BF00D61F01 /* VIPersonDataSource.m */ = {isa = PBXFileReference; fileEncoding = 4; lastKnownFileType = sourcecode.c.objc; path = VIPersonDataSource.m; sourceTree = "<group>"; };
		EA4FE17815C2EEC700424469 /* VICoreDataModel.xcdatamodel */ = {isa = PBXFileReference; lastKnownFileType = wrapper.xcdatamodel; path = VICoreDataModel.xcdatamodel; sourceTree = "<group>"; };
		EA5F19A015C196500089AA44 /* VOKCoreDataManager.app */ = {isa = PBXFileReference; explicitFileType = wrapper.application; includeInIndex = 0; path = VOKCoreDataManager.app; sourceTree = BUILT_PRODUCTS_DIR; };
		EA5F19A415C196500089AA44 /* UIKit.framework */ = {isa = PBXFileReference; lastKnownFileType = wrapper.framework; name = UIKit.framework; path = System/Library/Frameworks/UIKit.framework; sourceTree = SDKROOT; };
		EA5F19A615C196500089AA44 /* Foundation.framework */ = {isa = PBXFileReference; lastKnownFileType = wrapper.framework; name = Foundation.framework; path = System/Library/Frameworks/Foundation.framework; sourceTree = SDKROOT; };
		EA5F19A815C196500089AA44 /* CoreGraphics.framework */ = {isa = PBXFileReference; lastKnownFileType = wrapper.framework; name = CoreGraphics.framework; path = System/Library/Frameworks/CoreGraphics.framework; sourceTree = SDKROOT; };
		EA5F19AC15C196500089AA44 /* VOKCoreDataManager-Info.plist */ = {isa = PBXFileReference; lastKnownFileType = text.plist.xml; path = "VOKCoreDataManager-Info.plist"; sourceTree = "<group>"; };
		EA5F19AE15C196500089AA44 /* en */ = {isa = PBXFileReference; lastKnownFileType = text.plist.strings; name = en; path = en.lproj/InfoPlist.strings; sourceTree = "<group>"; };
		EA5F19B015C196500089AA44 /* main.m */ = {isa = PBXFileReference; lastKnownFileType = sourcecode.c.objc; path = main.m; sourceTree = "<group>"; };
		EA5F19B215C196500089AA44 /* VOKCoreDataManager-Prefix.pch */ = {isa = PBXFileReference; lastKnownFileType = sourcecode.c.h; path = "VOKCoreDataManager-Prefix.pch"; sourceTree = "<group>"; };
		EA5F19B315C196500089AA44 /* VIAppDelegate.h */ = {isa = PBXFileReference; lastKnownFileType = sourcecode.c.h; path = VIAppDelegate.h; sourceTree = "<group>"; };
		EA5F19B415C196500089AA44 /* VIAppDelegate.m */ = {isa = PBXFileReference; lastKnownFileType = sourcecode.c.objc; path = VIAppDelegate.m; sourceTree = "<group>"; };
		EA5F19B615C196500089AA44 /* VIViewController.h */ = {isa = PBXFileReference; lastKnownFileType = sourcecode.c.h; path = VIViewController.h; sourceTree = "<group>"; };
		EA5F19B715C196500089AA44 /* VIViewController.m */ = {isa = PBXFileReference; lastKnownFileType = sourcecode.c.objc; path = VIViewController.m; sourceTree = "<group>"; };
		EA5F19CD15C197990089AA44 /* CoreData.framework */ = {isa = PBXFileReference; lastKnownFileType = wrapper.framework; name = CoreData.framework; path = System/Library/Frameworks/CoreData.framework; sourceTree = SDKROOT; };
/* End PBXFileReference section */

/* Begin PBXFrameworksBuildPhase section */
		3D40DE39180729A10048D5EE /* Frameworks */ = {
			isa = PBXFrameworksBuildPhase;
			buildActionMask = 2147483647;
			files = (
				3D40DE3D180729A10048D5EE /* XCTest.framework in Frameworks */,
				3D40DE3F180729A10048D5EE /* UIKit.framework in Frameworks */,
				3D40DE3E180729A10048D5EE /* Foundation.framework in Frameworks */,
			);
			runOnlyForDeploymentPostprocessing = 0;
		};
		EA5F199D15C196500089AA44 /* Frameworks */ = {
			isa = PBXFrameworksBuildPhase;
			buildActionMask = 2147483647;
			files = (
				EA5F19CE15C197990089AA44 /* CoreData.framework in Frameworks */,
				EA5F19A515C196500089AA44 /* UIKit.framework in Frameworks */,
				EA5F19A715C196500089AA44 /* Foundation.framework in Frameworks */,
				EA5F19A915C196500089AA44 /* CoreGraphics.framework in Frameworks */,
			);
			runOnlyForDeploymentPostprocessing = 0;
		};
/* End PBXFrameworksBuildPhase section */

/* Begin PBXGroup section */
		3D27C6DE18E1157D00E0FC3C /* VOKCoreDataManager */ = {
			isa = PBXGroup;
			children = (
				71782CE5192D1A6B0013FF8A /* Internal */,
				3D27C6E118E1157D00E0FC3C /* Optional Data Sources */,
				3D27C6E918E1157D00E0FC3C /* VOKCoreDataManager.h */,
				3D27C6EA18E1157D00E0FC3C /* VOKCoreDataManager.m */,
				3D27C6EB18E1157D00E0FC3C /* NSManagedObject+VOKManagedObjectAdditions.h */,
				3D27C6EC18E1157D00E0FC3C /* NSManagedObject+VOKManagedObjectAdditions.m */,
				3D27C6ED18E1157D00E0FC3C /* VOKManagedObjectMap.h */,
				3D27C6EE18E1157D00E0FC3C /* VOKManagedObjectMap.m */,
				3D27C6EF18E1157D00E0FC3C /* VOKManagedObjectMapper.h */,
				3D27C6F018E1157D00E0FC3C /* VOKManagedObjectMapper.m */,
			);
			path = VOKCoreDataManager;
			sourceTree = "<group>";
		};
		3D27C6E118E1157D00E0FC3C /* Optional Data Sources */ = {
			isa = PBXGroup;
			children = (
				3D27C6E218E1157D00E0FC3C /* VOKCarouselDataSource.h */,
				3D27C6E318E1157D00E0FC3C /* VOKCarouselDataSource.m */,
				3D27C6E418E1157D00E0FC3C /* VOKCollectionDataSource.h */,
				3D27C6E518E1157D00E0FC3C /* VOKCollectionDataSource.m */,
				3D6B1EF818E1D7D900CF2259 /* VOKDefaultPagingAccessory.h */,
				3D6B1EF918E1D7D900CF2259 /* VOKDefaultPagingAccessory.m */,
				3D27C6E618E1157D00E0FC3C /* VOKFetchedResultsDataSource.h */,
				3D27C6E718E1157D00E0FC3C /* VOKFetchedResultsDataSource.m */,
				3D6B1EFA18E1D7D900CF2259 /* VOKPagingFetchedResultsDataSource.h */,
				3D6B1EFB18E1D7D900CF2259 /* VOKPagingFetchedResultsDataSource.m */,
			);
			path = "Optional Data Sources";
			sourceTree = "<group>";
		};
		3D40DE40180729A10048D5EE /* VOKCoreDataManagerTests */ = {
			isa = PBXGroup;
			children = (
				DE48FBBC1A23B80300C12D6B /* CoreDataManagerDeleteTests.m */,
				3D03C8A61919229C006772E5 /* ManagedObjectImportExportTests.m */,
				3D40DE41180729A10048D5EE /* Supporting Files */,
			);
			name = VOKCoreDataManagerTests;
			path = "CoreData Tests";
			sourceTree = "<group>";
		};
		3D40DE41180729A10048D5EE /* Supporting Files */ = {
			isa = PBXGroup;
			children = (
				3D40DE42180729A10048D5EE /* VOKCoreDataManager Tests-Info.plist */,
				3D40DE43180729A10048D5EE /* InfoPlist.strings */,
				3D40DE48180729A10048D5EE /* VOKCoreDataManager Tests-Prefix.pch */,
			);
			name = "Supporting Files";
			sourceTree = "<group>";
		};
		71782CE5192D1A6B0013FF8A /* Internal */ = {
			isa = PBXGroup;
			children = (
				71782CE6192D1A8B0013FF8A /* VOKCoreDataManagerInternalMacros.h */,
			);
			path = Internal;
			sourceTree = "<group>";
		};
		EA26602615C24B5B00D61F01 /* DataSource */ = {
			isa = PBXGroup;
			children = (
				EA26603115C251BF00D61F01 /* VIPersonDataSource.h */,
				EA26603215C251BF00D61F01 /* VIPersonDataSource.m */,
			);
			name = DataSource;
			sourceTree = "<group>";
		};
		EA5F199515C196500089AA44 = {
			isa = PBXGroup;
			children = (
				3D27C6DE18E1157D00E0FC3C /* VOKCoreDataManager */,
				EA5F19AA15C196500089AA44 /* Sample Project */,
				3D40DE40180729A10048D5EE /* VOKCoreDataManagerTests */,
				EA5F19A315C196500089AA44 /* Frameworks */,
				EA5F19A115C196500089AA44 /* Products */,
			);
			sourceTree = "<group>";
		};
		EA5F19A115C196500089AA44 /* Products */ = {
			isa = PBXGroup;
			children = (
				EA5F19A015C196500089AA44 /* VOKCoreDataManager.app */,
				3D40DE3C180729A10048D5EE /* VOKCoreDataManager Tests.xctest */,
			);
			name = Products;
			sourceTree = "<group>";
		};
		EA5F19A315C196500089AA44 /* Frameworks */ = {
			isa = PBXGroup;
			children = (
				3D40DE34180728BF0048D5EE /* XCTest.framework */,
				EA5F19CD15C197990089AA44 /* CoreData.framework */,
				EA5F19A815C196500089AA44 /* CoreGraphics.framework */,
				EA5F19A615C196500089AA44 /* Foundation.framework */,
				EA5F19A415C196500089AA44 /* UIKit.framework */,
			);
			name = Frameworks;
			sourceTree = "<group>";
		};
		EA5F19AA15C196500089AA44 /* Sample Project */ = {
			isa = PBXGroup;
			children = (
				EA26602615C24B5B00D61F01 /* DataSource */,
				EA5F19D215C1A6010089AA44 /* Models */,
				EA5F19B315C196500089AA44 /* VIAppDelegate.h */,
				EA5F19B415C196500089AA44 /* VIAppDelegate.m */,
				EA5F19B615C196500089AA44 /* VIViewController.h */,
				EA5F19B715C196500089AA44 /* VIViewController.m */,
				EA5F19AB15C196500089AA44 /* Supporting Files */,
			);
			name = "Sample Project";
			path = CoreData;
			sourceTree = "<group>";
		};
		EA5F19AB15C196500089AA44 /* Supporting Files */ = {
			isa = PBXGroup;
			children = (
				EA5F19AC15C196500089AA44 /* VOKCoreDataManager-Info.plist */,
				EA5F19AD15C196500089AA44 /* InfoPlist.strings */,
				EA5F19B015C196500089AA44 /* main.m */,
				EA5F19B215C196500089AA44 /* VOKCoreDataManager-Prefix.pch */,
				6FE6F6EC16C556A600E79EDE /* Default-568h@2x.png */,
			);
			name = "Supporting Files";
			sourceTree = "<group>";
		};
		EA5F19D215C1A6010089AA44 /* Models */ = {
			isa = PBXGroup;
			children = (
				EA4FE17715C2EEC700424469 /* VICoreDataModel.xcdatamodeld */,
				3DF9C34B19A9239A0047140D /* VIThing.h */,
				3DF9C34C19A9239A0047140D /* VIThing.m */,
				3DF9C34819A923990047140D /* VIPerson.h */,
				3DF9C34919A923990047140D /* VIPerson.m */,
			);
			name = Models;
			sourceTree = "<group>";
		};
/* End PBXGroup section */

/* Begin PBXNativeTarget section */
		3D40DE3B180729A10048D5EE /* VOKCoreDataManager Tests */ = {
			isa = PBXNativeTarget;
			buildConfigurationList = 3D40DE4B180729A10048D5EE /* Build configuration list for PBXNativeTarget "VOKCoreDataManager Tests" */;
			buildPhases = (
				3D40DE38180729A10048D5EE /* Sources */,
				3D40DE39180729A10048D5EE /* Frameworks */,
				3D40DE3A180729A10048D5EE /* Resources */,
			);
			buildRules = (
			);
			dependencies = (
				3D40DE4A180729A10048D5EE /* PBXTargetDependency */,
			);
			name = "VOKCoreDataManager Tests";
			productName = "CoreData Tests";
			productReference = 3D40DE3C180729A10048D5EE /* VOKCoreDataManager Tests.xctest */;
			productType = "com.apple.product-type.bundle.unit-test";
		};
		EA5F199F15C196500089AA44 /* VOKCoreDataManager */ = {
			isa = PBXNativeTarget;
			buildConfigurationList = EA5F19BE15C196500089AA44 /* Build configuration list for PBXNativeTarget "VOKCoreDataManager" */;
			buildPhases = (
				EA5F199C15C196500089AA44 /* Sources */,
				EA5F199D15C196500089AA44 /* Frameworks */,
				EA5F199E15C196500089AA44 /* Resources */,
				OBJCLEANCUSTOMRUNSCRIPTT /* Objective-Clean Run Script */,
			);
			buildRules = (
			);
			dependencies = (
			);
			name = VOKCoreDataManager;
			productName = CoreData;
			productReference = EA5F19A015C196500089AA44 /* VOKCoreDataManager.app */;
			productType = "com.apple.product-type.application";
		};
/* End PBXNativeTarget section */

/* Begin PBXProject section */
		EA5F199715C196500089AA44 /* Project object */ = {
			isa = PBXProject;
			attributes = {
				CLASSPREFIX = VOK;
				LastUpgradeCheck = 0600;
				TargetAttributes = {
					3D40DE3B180729A10048D5EE = {
						TestTargetID = EA5F199F15C196500089AA44;
					};
				};
			};
			buildConfigurationList = EA5F199A15C196500089AA44 /* Build configuration list for PBXProject "SampleProject" */;
			compatibilityVersion = "Xcode 3.2";
			developmentRegion = English;
			hasScannedForEncodings = 0;
			knownRegions = (
				en,
			);
			mainGroup = EA5F199515C196500089AA44;
			productRefGroup = EA5F19A115C196500089AA44 /* Products */;
			projectDirPath = "";
			projectRoot = "";
			targets = (
				EA5F199F15C196500089AA44 /* VOKCoreDataManager */,
				3D40DE3B180729A10048D5EE /* VOKCoreDataManager Tests */,
			);
		};
/* End PBXProject section */

/* Begin PBXResourcesBuildPhase section */
		3D40DE3A180729A10048D5EE /* Resources */ = {
			isa = PBXResourcesBuildPhase;
			buildActionMask = 2147483647;
			files = (
				3D40DE45180729A10048D5EE /* InfoPlist.strings in Resources */,
			);
			runOnlyForDeploymentPostprocessing = 0;
		};
		EA5F199E15C196500089AA44 /* Resources */ = {
			isa = PBXResourcesBuildPhase;
			buildActionMask = 2147483647;
			files = (
				EA5F19AF15C196500089AA44 /* InfoPlist.strings in Resources */,
				6FE6F6ED16C556A600E79EDE /* Default-568h@2x.png in Resources */,
			);
			runOnlyForDeploymentPostprocessing = 0;
		};
/* End PBXResourcesBuildPhase section */

/* Begin PBXShellScriptBuildPhase section */
		OBJCLEANCUSTOMRUNSCRIPTT /* Objective-Clean Run Script */ = {
			isa = PBXShellScriptBuildPhase;
			buildActionMask = 2147483647;
			files = (
			);
			inputPaths = (
			);
			name = "Objective-Clean Run Script";
			outputPaths = (
			);
			runOnlyForDeploymentPostprocessing = 0;
			shellPath = /bin/bash;
			shellScript = "if [[ -z ${SKIP_OBJCLEAN} || ${SKIP_OBJCLEAN} != 1 ]]; then\nif [[ -d \"${LOCAL_APPS_DIR}/Objective-Clean.app\" ]]; then \n\"${LOCAL_APPS_DIR}\"/Objective-Clean.app/Contents/Resources/ObjClean.app/Contents/MacOS/ObjClean \"${SRCROOT}\" \nelse\necho \"warning: You have to install and set up Objective-Clean to use its features!\" \nfi\nfi";
		};
/* End PBXShellScriptBuildPhase section */

/* Begin PBXSourcesBuildPhase section */
		3D40DE38180729A10048D5EE /* Sources */ = {
			isa = PBXSourcesBuildPhase;
			buildActionMask = 2147483647;
			files = (
				DE48FBBD1A23B80300C12D6B /* CoreDataManagerDeleteTests.m in Sources */,
				3D03C8A71919229C006772E5 /* ManagedObjectImportExportTests.m in Sources */,
			);
			runOnlyForDeploymentPostprocessing = 0;
		};
		EA5F199C15C196500089AA44 /* Sources */ = {
			isa = PBXSourcesBuildPhase;
			buildActionMask = 2147483647;
			files = (
				EA5F19B115C196500089AA44 /* main.m in Sources */,
				3D27C6F518E1157D00E0FC3C /* VOKFetchedResultsDataSource.m in Sources */,
				3D6B1EFD18E1D7D900CF2259 /* VOKPagingFetchedResultsDataSource.m in Sources */,
				3DF9C34D19A9239A0047140D /* VIThing.m in Sources */,
				3D27C6F918E1157D00E0FC3C /* VOKManagedObjectMap.m in Sources */,
				3DF9C34A19A923990047140D /* VIPerson.m in Sources */,
				3D27C6F818E1157D00E0FC3C /* NSManagedObject+VOKManagedObjectAdditions.m in Sources */,
				3D27C6F718E1157D00E0FC3C /* VOKCoreDataManager.m in Sources */,
				EA5F19B515C196500089AA44 /* VIAppDelegate.m in Sources */,
				EA5F19B815C196500089AA44 /* VIViewController.m in Sources */,
				EA26603315C251BF00D61F01 /* VIPersonDataSource.m in Sources */,
				3D27C6FA18E1157D00E0FC3C /* VOKManagedObjectMapper.m in Sources */,
				EA4FE17915C2EEC700424469 /* VICoreDataModel.xcdatamodeld in Sources */,
				3D6B1EFC18E1D7D900CF2259 /* VOKDefaultPagingAccessory.m in Sources */,
			);
			runOnlyForDeploymentPostprocessing = 0;
		};
/* End PBXSourcesBuildPhase section */

/* Begin PBXTargetDependency section */
		3D40DE4A180729A10048D5EE /* PBXTargetDependency */ = {
			isa = PBXTargetDependency;
			target = EA5F199F15C196500089AA44 /* VOKCoreDataManager */;
			targetProxy = 3D40DE49180729A10048D5EE /* PBXContainerItemProxy */;
		};
/* End PBXTargetDependency section */

/* Begin PBXVariantGroup section */
		3D40DE43180729A10048D5EE /* InfoPlist.strings */ = {
			isa = PBXVariantGroup;
			children = (
				3D40DE44180729A10048D5EE /* en */,
			);
			name = InfoPlist.strings;
			sourceTree = "<group>";
		};
		EA5F19AD15C196500089AA44 /* InfoPlist.strings */ = {
			isa = PBXVariantGroup;
			children = (
				EA5F19AE15C196500089AA44 /* en */,
			);
			name = InfoPlist.strings;
			sourceTree = "<group>";
		};
/* End PBXVariantGroup section */

/* Begin XCBuildConfiguration section */
		3D40DE4C180729A10048D5EE /* Debug */ = {
			isa = XCBuildConfiguration;
			buildSettings = {
				BUNDLE_LOADER = "$(BUILT_PRODUCTS_DIR)/VOKCoreDataManager.app/VOKCoreDataManager";
				CLANG_CXX_LANGUAGE_STANDARD = "gnu++0x";
				CLANG_CXX_LIBRARY = "libc++";
				CLANG_ENABLE_MODULES = YES;
				CLANG_WARN_BOOL_CONVERSION = YES;
				CLANG_WARN_DIRECT_OBJC_ISA_USAGE = YES_ERROR;
				CLANG_WARN_EMPTY_BODY = YES;
				CLANG_WARN_OBJC_ROOT_CLASS = YES_ERROR;
				FRAMEWORK_SEARCH_PATHS = (
					"$(SDKROOT)/Developer/Library/Frameworks",
					"$(inherited)",
					"$(DEVELOPER_FRAMEWORKS_DIR)",
				);
				GCC_C_LANGUAGE_STANDARD = gnu99;
				GCC_PRECOMPILE_PREFIX_HEADER = YES;
				GCC_PREFIX_HEADER = "CoreData Tests/VOKCoreDataManager Tests-Prefix.pch";
				GCC_PREPROCESSOR_DEFINITIONS = (
					"DEBUG=1",
					"$(inherited)",
				);
				GCC_WARN_64_TO_32_BIT_CONVERSION = YES;
				GCC_WARN_ABOUT_RETURN_TYPE = YES_ERROR;
				GCC_WARN_UNDECLARED_SELECTOR = YES;
				GCC_WARN_UNUSED_FUNCTION = YES;
				INFOPLIST_FILE = "CoreData Tests/VOKCoreDataManager Tests-Info.plist";
				IPHONEOS_DEPLOYMENT_TARGET = 7.0;
				ONLY_ACTIVE_ARCH = YES;
				PRODUCT_NAME = "VOKCoreDataManager Tests";
				TEST_HOST = "$(BUNDLE_LOADER)";
				WRAPPER_EXTENSION = xctest;
			};
			name = Debug;
		};
		3D40DE4D180729A10048D5EE /* Release */ = {
			isa = XCBuildConfiguration;
			buildSettings = {
				BUNDLE_LOADER = "$(BUILT_PRODUCTS_DIR)/)/VOKCoreDataManager.app/VOKCoreDataManager";
				CLANG_CXX_LANGUAGE_STANDARD = "gnu++0x";
				CLANG_CXX_LIBRARY = "libc++";
				CLANG_ENABLE_MODULES = YES;
				CLANG_WARN_BOOL_CONVERSION = YES;
				CLANG_WARN_DIRECT_OBJC_ISA_USAGE = YES_ERROR;
				CLANG_WARN_EMPTY_BODY = YES;
				CLANG_WARN_OBJC_ROOT_CLASS = YES_ERROR;
				ENABLE_NS_ASSERTIONS = NO;
				FRAMEWORK_SEARCH_PATHS = (
					"$(SDKROOT)/Developer/Library/Frameworks",
					"$(inherited)",
					"$(DEVELOPER_FRAMEWORKS_DIR)",
				);
				GCC_C_LANGUAGE_STANDARD = gnu99;
				GCC_PRECOMPILE_PREFIX_HEADER = YES;
				GCC_PREFIX_HEADER = "CoreData Tests/VOKCoreDataManager Tests-Prefix.pch";
				GCC_WARN_64_TO_32_BIT_CONVERSION = YES;
				GCC_WARN_ABOUT_RETURN_TYPE = YES_ERROR;
				GCC_WARN_UNDECLARED_SELECTOR = YES;
				GCC_WARN_UNUSED_FUNCTION = YES;
				INFOPLIST_FILE = "CoreData Tests/VOKCoreDataManager Tests-Info.plist";
				IPHONEOS_DEPLOYMENT_TARGET = 7.0;
				PRODUCT_NAME = "VOKCoreDataManager Tests";
				TEST_HOST = "$(BUNDLE_LOADER)";
				WRAPPER_EXTENSION = xctest;
			};
			name = Release;
		};
		EA5F19BC15C196500089AA44 /* Debug */ = {
			isa = XCBuildConfiguration;
			buildSettings = {
				ALWAYS_SEARCH_USER_PATHS = NO;
				CLANG_ENABLE_OBJC_ARC = YES;
				CLANG_WARN_BOOL_CONVERSION = YES;
				CLANG_WARN_CONSTANT_CONVERSION = YES;
				CLANG_WARN_DOCUMENTATION_COMMENTS = YES;
				CLANG_WARN_EMPTY_BODY = YES;
				CLANG_WARN_ENUM_CONVERSION = YES;
				CLANG_WARN_INT_CONVERSION = YES;
				CLANG_WARN_UNREACHABLE_CODE = YES;
				CLANG_WARN__DUPLICATE_METHOD_MATCH = YES;
				"CODE_SIGN_IDENTITY[sdk=iphoneos*]" = "iPhone Developer";
				COPY_PHASE_STRIP = NO;
				ENABLE_STRICT_OBJC_MSGSEND = YES;
				GCC_C_LANGUAGE_STANDARD = "compiler-default";
				GCC_DYNAMIC_NO_PIC = NO;
				GCC_OPTIMIZATION_LEVEL = 0;
				GCC_PREPROCESSOR_DEFINITIONS = (
					"DEBUG=1",
					"$(inherited)",
				);
				GCC_SYMBOLS_PRIVATE_EXTERN = NO;
				GCC_VERSION = com.apple.compilers.llvm.clang.1_0;
				GCC_WARN_64_TO_32_BIT_CONVERSION = YES;
				GCC_WARN_ABOUT_RETURN_TYPE = YES;
				GCC_WARN_UNDECLARED_SELECTOR = YES;
				GCC_WARN_UNINITIALIZED_AUTOS = YES;
				GCC_WARN_UNUSED_FUNCTION = YES;
				GCC_WARN_UNUSED_VARIABLE = YES;
				IPHONEOS_DEPLOYMENT_TARGET = 7.0;
				ONLY_ACTIVE_ARCH = YES;
				SDKROOT = iphoneos;
			};
			name = Debug;
		};
		EA5F19BD15C196500089AA44 /* Release */ = {
			isa = XCBuildConfiguration;
			buildSettings = {
				ALWAYS_SEARCH_USER_PATHS = NO;
				CLANG_ENABLE_OBJC_ARC = YES;
				CLANG_WARN_BOOL_CONVERSION = YES;
				CLANG_WARN_CONSTANT_CONVERSION = YES;
				CLANG_WARN_DOCUMENTATION_COMMENTS = YES;
				CLANG_WARN_EMPTY_BODY = YES;
				CLANG_WARN_ENUM_CONVERSION = YES;
				CLANG_WARN_INT_CONVERSION = YES;
				CLANG_WARN_UNREACHABLE_CODE = YES;
				CLANG_WARN__DUPLICATE_METHOD_MATCH = YES;
				"CODE_SIGN_IDENTITY[sdk=iphoneos*]" = "iPhone Developer";
				COPY_PHASE_STRIP = YES;
				ENABLE_STRICT_OBJC_MSGSEND = YES;
				GCC_C_LANGUAGE_STANDARD = "compiler-default";
				GCC_VERSION = com.apple.compilers.llvm.clang.1_0;
				GCC_WARN_64_TO_32_BIT_CONVERSION = YES;
				GCC_WARN_ABOUT_RETURN_TYPE = YES;
				GCC_WARN_UNDECLARED_SELECTOR = YES;
				GCC_WARN_UNINITIALIZED_AUTOS = YES;
				GCC_WARN_UNUSED_FUNCTION = YES;
				GCC_WARN_UNUSED_VARIABLE = YES;
				IPHONEOS_DEPLOYMENT_TARGET = 7.0;
				OTHER_CFLAGS = "-DNS_BLOCK_ASSERTIONS=1";
				SDKROOT = iphoneos;
				VALIDATE_PRODUCT = YES;
			};
			name = Release;
		};
		EA5F19BF15C196500089AA44 /* Debug */ = {
			isa = XCBuildConfiguration;
			buildSettings = {
				FRAMEWORK_SEARCH_PATHS = "$(inherited)";
				GCC_PRECOMPILE_PREFIX_HEADER = YES;
				GCC_PREFIX_HEADER = "CoreData/VOKCoreDataManager-Prefix.pch";
				INFOPLIST_FILE = "CoreData/VOKCoreDataManager-Info.plist";
				IPHONEOS_DEPLOYMENT_TARGET = 7.0;
				PRODUCT_NAME = VOKCoreDataManager;
				WRAPPER_EXTENSION = app;
			};
			name = Debug;
		};
		EA5F19C015C196500089AA44 /* Release */ = {
			isa = XCBuildConfiguration;
			buildSettings = {
				FRAMEWORK_SEARCH_PATHS = "$(inherited)";
				GCC_PRECOMPILE_PREFIX_HEADER = YES;
				GCC_PREFIX_HEADER = "CoreData/VOKCoreDataManager-Prefix.pch";
				GCC_SYMBOLS_PRIVATE_EXTERN = NO;
				INFOPLIST_FILE = "CoreData/VOKCoreDataManager-Info.plist";
				IPHONEOS_DEPLOYMENT_TARGET = 7.0;
				PRODUCT_NAME = VOKCoreDataManager;
				WRAPPER_EXTENSION = app;
			};
			name = Release;
		};
/* End XCBuildConfiguration section */

/* Begin XCConfigurationList section */
		3D40DE4B180729A10048D5EE /* Build configuration list for PBXNativeTarget "VOKCoreDataManager Tests" */ = {
			isa = XCConfigurationList;
			buildConfigurations = (
				3D40DE4C180729A10048D5EE /* Debug */,
				3D40DE4D180729A10048D5EE /* Release */,
			);
			defaultConfigurationIsVisible = 0;
			defaultConfigurationName = Release;
		};
		EA5F199A15C196500089AA44 /* Build configuration list for PBXProject "SampleProject" */ = {
			isa = XCConfigurationList;
			buildConfigurations = (
				EA5F19BC15C196500089AA44 /* Debug */,
				EA5F19BD15C196500089AA44 /* Release */,
			);
			defaultConfigurationIsVisible = 0;
			defaultConfigurationName = Release;
		};
		EA5F19BE15C196500089AA44 /* Build configuration list for PBXNativeTarget "VOKCoreDataManager" */ = {
			isa = XCConfigurationList;
			buildConfigurations = (
				EA5F19BF15C196500089AA44 /* Debug */,
				EA5F19C015C196500089AA44 /* Release */,
			);
			defaultConfigurationIsVisible = 0;
			defaultConfigurationName = Release;
		};
/* End XCConfigurationList section */

/* Begin XCVersionGroup section */
		EA4FE17715C2EEC700424469 /* VICoreDataModel.xcdatamodeld */ = {
			isa = XCVersionGroup;
			children = (
				EA4FE17815C2EEC700424469 /* VICoreDataModel.xcdatamodel */,
			);
			currentVersion = EA4FE17815C2EEC700424469 /* VICoreDataModel.xcdatamodel */;
			path = VICoreDataModel.xcdatamodeld;
			sourceTree = "<group>";
			versionGroupType = wrapper.xcdatamodel;
		};
/* End XCVersionGroup section */
	};
	rootObject = EA5F199715C196500089AA44 /* Project object */;
}
